<?xml version="1.0" encoding="utf-8"?>
<Project ToolsVersion="4.0" xmlns="http://schemas.microsoft.com/developer/msbuild/2003">
  <ItemGroup>
    <Filter Include="Source Files">
      <UniqueIdentifier>{4FC737F1-C7A5-4376-A066-2A32D752A2FF}</UniqueIdentifier>
      <Extensions>cpp;c;cc;cxx;def;odl;idl;hpj;bat;asm;asmx</Extensions>
    </Filter>
    <Filter Include="Header Files">
      <UniqueIdentifier>{93995380-89BD-4b04-88EB-625FBE52EBFB}</UniqueIdentifier>
      <Extensions>h;hpp;hxx;hm;inl;inc;xsd</Extensions>
    </Filter>
    <Filter Include="Resource Files">
      <UniqueIdentifier>{67DA6AB6-F800-4c08-8B7A-83BB121AAD01}</UniqueIdentifier>
      <Extensions>rc;ico;cur;bmp;dlg;rc2;rct;bin;rgs;gif;jpg;jpeg;jpe;resx;tiff;tif;png;wav</Extensions>
    </Filter>
  </ItemGroup>
  <ItemGroup>
    <ClCompile Include="source\Smoldyn\DataProcessorRoiTimeSeriesSmoldyn.cpp">
      <Filter>Source Files</Filter>
    </ClCompile>
    <ClCompile Include="source\lib\Geometry.c">
      <Filter>Source Files</Filter>
    </ClCompile>
    <ClCompile Include="source\lib\math2.c">
      <Filter>Source Files</Filter>
    </ClCompile>
    <ClCompile Include="source\lib\opengl2.c">
      <Filter>Source Files</Filter>
    </ClCompile>
    <ClCompile Include="source\lib\parse.c">
      <Filter>Source Files</Filter>
    </ClCompile>
    <ClCompile Include="source\lib\queue.c">
      <Filter>Source Files</Filter>
    </ClCompile>
    <ClCompile Include="source\lib\random2.c">
      <Filter>Source Files</Filter>
    </ClCompile>
    <ClCompile Include="source\lib\Rn.c">
      <Filter>Source Files</Filter>
    </ClCompile>
    <ClCompile Include="source\lib\RnSort.c">
      <Filter>Source Files</Filter>
    </ClCompile>
    <ClCompile Include="source\lib\rxnparam.c">
      <Filter>Source Files</Filter>
    </ClCompile>
    <ClCompile Include="source\lib\SimCommand.c">
      <Filter>Source Files</Filter>
    </ClCompile>
    <ClCompile Include="source\Smoldyn\smolboxes.c">
      <Filter>Source Files</Filter>
    </ClCompile>
    <ClCompile Include="source\Smoldyn\smolcmd.c">
      <Filter>Source Files</Filter>
    </ClCompile>
    <ClCompile Include="source\Smoldyn\smolcomparts.c">
      <Filter>Source Files</Filter>
    </ClCompile>
    <ClCompile Include="source\Smoldyn\smoldyn.c">
      <Filter>Source Files</Filter>
    </ClCompile>
    <ClCompile Include="source\Smoldyn\smolgraphics.c">
      <Filter>Source Files</Filter>
    </ClCompile>
    <ClCompile Include="source\Smoldyn\smolmolec.c">
      <Filter>Source Files</Filter>
    </ClCompile>
    <ClCompile Include="source\Smoldyn\smolmoleculizer.c">
      <Filter>Source Files</Filter>
    </ClCompile>
    <ClCompile Include="source\Smoldyn\smolport.c">
      <Filter>Source Files</Filter>
    </ClCompile>
    <ClCompile Include="source\Smoldyn\smolreact.c">
      <Filter>Source Files</Filter>
    </ClCompile>
    <ClCompile Include="source\Smoldyn\smolsim.c">
      <Filter>Source Files</Filter>
    </ClCompile>
    <ClCompile Include="source\Smoldyn\smolsurface.c">
      <Filter>Source Files</Filter>
    </ClCompile>
    <ClCompile Include="source\Smoldyn\smolthread.c">
      <Filter>Source Files</Filter>
    </ClCompile>
    <ClCompile Include="source\Smoldyn\smolwall.c">
      <Filter>Source Files</Filter>
    </ClCompile>
    <ClCompile Include="source\lib\Sphere.c">
      <Filter>Source Files</Filter>
    </ClCompile>
    <ClCompile Include="source\lib\string2.c">
      <Filter>Source Files</Filter>
    </ClCompile>
    <ClCompile Include="source\lib\SurfaceParam.c">
      <Filter>Source Files</Filter>
    </ClCompile>
    <ClCompile Include="source\Smoldyn\VCellSmoldynOutput.cpp">
      <Filter>Source Files</Filter>
    </ClCompile>
    <ClCompile Include="source\lib\Zn.c">
      <Filter>Source Files</Filter>
    </ClCompile>
  </ItemGroup>
  <ItemGroup>
    <ClInclude Include="source\Smoldyn\DataProcessorRoiTimeSeriesSmoldyn.h">
      <Filter>Header Files</Filter>
    </ClInclude>
    <ClInclude Include="source\lib\Geometry.h">
      <Filter>Header Files</Filter>
    </ClInclude>
    <ClInclude Include="source\lib\math2.h">
      <Filter>Header Files</Filter>
    </ClInclude>
    <ClInclude Include="source\lib\opengl2.h">
      <Filter>Header Files</Filter>
    </ClInclude>
    <ClInclude Include="source\lib\parse.h">
      <Filter>Header Files</Filter>
    </ClInclude>
    <ClInclude Include="source\lib\queue.h">
      <Filter>Header Files</Filter>
    </ClInclude>
    <ClInclude Include="source\lib\random2.h">
      <Filter>Header Files</Filter>
    </ClInclude>
    <ClInclude Include="source\lib\Rn.h">
      <Filter>Header Files</Filter>
    </ClInclude>
    <ClInclude Include="source\lib\RnSort.h">
      <Filter>Header Files</Filter>
    </ClInclude>
    <ClInclude Include="source\lib\rxnparam.h">
      <Filter>Header Files</Filter>
    </ClInclude>
    <ClInclude Include="source\lib\SimCommand.h">
      <Filter>Header Files</Filter>
    </ClInclude>
    <ClInclude Include="source\Smoldyn\smoldyn.h">
      <Filter>Header Files</Filter>
    </ClInclude>
    <ClInclude Include="windows\smoldyn_config.h">
      <Filter>Header Files</Filter>
    </ClInclude>
    <ClInclude Include="source\lib\Sphere.h">
      <Filter>Header Files</Filter>
    </ClInclude>
    <ClInclude Include="source\lib\string2.h">
      <Filter>Header Files</Filter>
    </ClInclude>
    <ClInclude Include="source\lib\SurfaceParam.h">
      <Filter>Header Files</Filter>
    </ClInclude>
    <ClInclude Include="source\lib\uthash.h">
      <Filter>Header Files</Filter>
    </ClInclude>
    <ClInclude Include="source\Smoldyn\VCellSmoldynOutput.h">
      <Filter>Header Files</Filter>
    </ClInclude>
    <ClInclude Include="source\lib\Zn.h">
      <Filter>Header Files</Filter>
    </ClInclude>
  </ItemGroup>
</Project>