Microsoft Visual Studio Solution File, Format Version 9.00
# Visual Studio 2005
Project("{8BC9CEB8-8B4A-11D0-8D11-00A0C91BC942}") = "ExpressionParser", "ExpressionParser\ExpressionParser.vcproj", "{61634B0E-1A94-43AC-9BD7-490002ACDBF5}"
EndProject
Project("{8BC9CEB8-8B4A-11D0-8D11-00A0C91BC942}") = "VCell", "VCell\VCell.vcproj", "{4CBF3C66-AA7E-4456-AB4A-D0D83B9755E9}"
	ProjectSection(ProjectDependencies) = postProject
		{61634B0E-1A94-43AC-9BD7-490002ACDBF5} = {61634B0E-1A94-43AC-9BD7-490002ACDBF5}
		{1F2CB7B8-7A6D-4DA0-8CBD-750B540070A2} = {1F2CB7B8-7A6D-4DA0-8CBD-750B540070A2}
	EndProjectSection
EndProject
Project("{8BC9CEB8-8B4A-11D0-8D11-00A0C91BC942}") = "IDAWin", "IDAWin\IDAWin.vcproj", "{1F2CB7B8-7A6D-4DA0-8CBD-750B540070A2}"
EndProject
Project("{8BC9CEB8-8B4A-11D0-8D11-00A0C91BC942}") = "VCellApp", "VCellApp\VCellApp.vcproj", "{AF4537E0-C016-434C-BEB1-AF98F1898F36}"
	ProjectSection(ProjectDependencies) = postProject
		{61634B0E-1A94-43AC-9BD7-490002ACDBF5} = {61634B0E-1A94-43AC-9BD7-490002ACDBF5}
		{4CBF3C66-AA7E-4456-AB4A-D0D83B9755E9} = {4CBF3C66-AA7E-4456-AB4A-D0D83B9755E9}
	EndProjectSection
EndProject
Project("{8BC9CEB8-8B4A-11D0-8D11-00A0C91BC942}") = "Stochastic", "Stochastic\Stochastic.vcproj", "{D6796FAD-8BCA-4990-B417-CAA0408D8D29}"
	ProjectSection(ProjectDependencies) = postProject
		{61634B0E-1A94-43AC-9BD7-490002ACDBF5} = {61634B0E-1A94-43AC-9BD7-490002ACDBF5}
	EndProjectSection
EndProject
Project("{8BC9CEB8-8B4A-11D0-8D11-00A0C91BC942}") = "JavaBinding", "JavaBinding\JavaBinding.vcproj", "{13E3A338-1E38-4C0B-A030-41532D77EDCB}"
	ProjectSection(ProjectDependencies) = postProject
		{2DC1010B-D06E-41B8-A18B-05080CDB459D} = {2DC1010B-D06E-41B8-A18B-05080CDB459D}
		{61634B0E-1A94-43AC-9BD7-490002ACDBF5} = {61634B0E-1A94-43AC-9BD7-490002ACDBF5}
		{1F2CB7B8-7A6D-4DA0-8CBD-750B540070A2} = {1F2CB7B8-7A6D-4DA0-8CBD-750B540070A2}
	EndProjectSection
EndProject
Project("{8BC9CEB8-8B4A-11D0-8D11-00A0C91BC942}") = "Optimization", "Optimization\Optimization.vcproj", "{857A1BFF-283D-41A6-9F1C-5F307E7A9CDB}"
	ProjectSection(ProjectDependencies) = postProject
		{61634B0E-1A94-43AC-9BD7-490002ACDBF5} = {61634B0E-1A94-43AC-9BD7-490002ACDBF5}
		{4CBF3C66-AA7E-4456-AB4A-D0D83B9755E9} = {4CBF3C66-AA7E-4456-AB4A-D0D83B9755E9}
		{1F2CB7B8-7A6D-4DA0-8CBD-750B540070A2} = {1F2CB7B8-7A6D-4DA0-8CBD-750B540070A2}
	EndProjectSection
EndProject
Project("{8BC9CEB8-8B4A-11D0-8D11-00A0C91BC942}") = "ExpressionParserTest", "ExpressionParserTest\ExpressionParserTest.vcproj", "{B4868836-B929-4C07-B067-7027056AB8EE}"
	ProjectSection(ProjectDependencies) = postProject
		{61634B0E-1A94-43AC-9BD7-490002ACDBF5} = {61634B0E-1A94-43AC-9BD7-490002ACDBF5}
	EndProjectSection
EndProject
Project("{8BC9CEB8-8B4A-11D0-8D11-00A0C91BC942}") = "OptStandalone", "OptStandalone\OptStandalone.vcproj", "{D63FDBE1-6F42-4BF9-B4F2-FB1B11E95BB6}"
	ProjectSection(ProjectDependencies) = postProject
		{61634B0E-1A94-43AC-9BD7-490002ACDBF5} = {61634B0E-1A94-43AC-9BD7-490002ACDBF5}
		{4CBF3C66-AA7E-4456-AB4A-D0D83B9755E9} = {4CBF3C66-AA7E-4456-AB4A-D0D83B9755E9}
		{1F2CB7B8-7A6D-4DA0-8CBD-750B540070A2} = {1F2CB7B8-7A6D-4DA0-8CBD-750B540070A2}
		{857A1BFF-283D-41A6-9F1C-5F307E7A9CDB} = {857A1BFF-283D-41A6-9F1C-5F307E7A9CDB}
	EndProjectSection
EndProject
Project("{8BC9CEB8-8B4A-11D0-8D11-00A0C91BC942}") = "Optimization2", "Optimization2\Optimization2.vcproj", "{2DC1010B-D06E-41B8-A18B-05080CDB459D}"
	ProjectSection(ProjectDependencies) = postProject
		{1F2CB7B8-7A6D-4DA0-8CBD-750B540070A2} = {1F2CB7B8-7A6D-4DA0-8CBD-750B540070A2}
		{4CBF3C66-AA7E-4456-AB4A-D0D83B9755E9} = {4CBF3C66-AA7E-4456-AB4A-D0D83B9755E9}
		{61634B0E-1A94-43AC-9BD7-490002ACDBF5} = {61634B0E-1A94-43AC-9BD7-490002ACDBF5}
	EndProjectSection
EndProject
Project("{8BC9CEB8-8B4A-11D0-8D11-00A0C91BC942}") = "OptStandalone2", "OptStandalone2\OptStandalone2.vcproj", "{9894750B-4B92-4B3E-AB0B-E15D40B10F90}"
	ProjectSection(ProjectDependencies) = postProject
		{1F2CB7B8-7A6D-4DA0-8CBD-750B540070A2} = {1F2CB7B8-7A6D-4DA0-8CBD-750B540070A2}
		{4CBF3C66-AA7E-4456-AB4A-D0D83B9755E9} = {4CBF3C66-AA7E-4456-AB4A-D0D83B9755E9}
		{61634B0E-1A94-43AC-9BD7-490002ACDBF5} = {61634B0E-1A94-43AC-9BD7-490002ACDBF5}
		{2DC1010B-D06E-41B8-A18B-05080CDB459D} = {2DC1010B-D06E-41B8-A18B-05080CDB459D}
	EndProjectSection
EndProject
Project("{8BC9CEB8-8B4A-11D0-8D11-00A0C91BC942}") = "SundialsSolverStandalone", "SundialsSolverStandalone\SundialsSolverStandalone.vcproj", "{5E3E8AEA-2B04-41E7-A4A0-8BA437965CC5}"
	ProjectSection(ProjectDependencies) = postProject
		{61634B0E-1A94-43AC-9BD7-490002ACDBF5} = {61634B0E-1A94-43AC-9BD7-490002ACDBF5}
		{1F2CB7B8-7A6D-4DA0-8CBD-750B540070A2} = {1F2CB7B8-7A6D-4DA0-8CBD-750B540070A2}
	EndProjectSection
EndProject
Project("{8BC9CEB8-8B4A-11D0-8D11-00A0C91BC942}") = "VCell_CodeGen", "VCell_CodeGen\VCell_CodeGen.vcproj", "{2F8B62EB-A9B2-4E08-B352-2EDC605C162B}"
EndProject
Global
	GlobalSection(SolutionConfigurationPlatforms) = preSolution
		Debug|Win32 = Debug|Win32
		DLL Debug|Win32 = DLL Debug|Win32
		DLL Release|Win32 = DLL Release|Win32
		DLL Unicode Debug|Win32 = DLL Unicode Debug|Win32
		DLL Unicode Release|Win32 = DLL Unicode Release|Win32
		DLL Universal Debug|Win32 = DLL Universal Debug|Win32
		DLL Universal Release|Win32 = DLL Universal Release|Win32
		DLL Universal Unicode Debug|Win32 = DLL Universal Unicode Debug|Win32
		DLL Universal Unicode Release|Win32 = DLL Universal Unicode Release|Win32
		MESSAGING|Win32 = MESSAGING|Win32
		MT|Win32 = MT|Win32
		MTD|Win32 = MTD|Win32
		Release|Win32 = Release|Win32
		Unicode Debug|Win32 = Unicode Debug|Win32
		Unicode Release|Win32 = Unicode Release|Win32
		Universal Debug|Win32 = Universal Debug|Win32
		Universal Release|Win32 = Universal Release|Win32
		Universal Unicode Debug|Win32 = Universal Unicode Debug|Win32
		Universal Unicode Release|Win32 = Universal Unicode Release|Win32
	EndGlobalSection
	GlobalSection(ProjectConfigurationPlatforms) = postSolution
		{61634B0E-1A94-43AC-9BD7-490002ACDBF5}.Debug|Win32.ActiveCfg = Debug|Win32
		{61634B0E-1A94-43AC-9BD7-490002ACDBF5}.Debug|Win32.Build.0 = Debug|Win32
		{61634B0E-1A94-43AC-9BD7-490002ACDBF5}.DLL Debug|Win32.ActiveCfg = Debug|Win32
		{61634B0E-1A94-43AC-9BD7-490002ACDBF5}.DLL Debug|Win32.Build.0 = Debug|Win32
		{61634B0E-1A94-43AC-9BD7-490002ACDBF5}.DLL Release|Win32.ActiveCfg = Release|Win32
		{61634B0E-1A94-43AC-9BD7-490002ACDBF5}.DLL Release|Win32.Build.0 = Release|Win32
		{61634B0E-1A94-43AC-9BD7-490002ACDBF5}.DLL Unicode Debug|Win32.ActiveCfg = Debug|Win32
		{61634B0E-1A94-43AC-9BD7-490002ACDBF5}.DLL Unicode Debug|Win32.Build.0 = Debug|Win32
		{61634B0E-1A94-43AC-9BD7-490002ACDBF5}.DLL Unicode Release|Win32.ActiveCfg = Release|Win32
		{61634B0E-1A94-43AC-9BD7-490002ACDBF5}.DLL Unicode Release|Win32.Build.0 = Release|Win32
		{61634B0E-1A94-43AC-9BD7-490002ACDBF5}.DLL Universal Debug|Win32.ActiveCfg = Debug|Win32
		{61634B0E-1A94-43AC-9BD7-490002ACDBF5}.DLL Universal Debug|Win32.Build.0 = Debug|Win32
		{61634B0E-1A94-43AC-9BD7-490002ACDBF5}.DLL Universal Release|Win32.ActiveCfg = Release|Win32
		{61634B0E-1A94-43AC-9BD7-490002ACDBF5}.DLL Universal Release|Win32.Build.0 = Release|Win32
		{61634B0E-1A94-43AC-9BD7-490002ACDBF5}.DLL Universal Unicode Debug|Win32.ActiveCfg = Debug|Win32
		{61634B0E-1A94-43AC-9BD7-490002ACDBF5}.DLL Universal Unicode Debug|Win32.Build.0 = Debug|Win32
		{61634B0E-1A94-43AC-9BD7-490002ACDBF5}.DLL Universal Unicode Release|Win32.ActiveCfg = Release|Win32
		{61634B0E-1A94-43AC-9BD7-490002ACDBF5}.DLL Universal Unicode Release|Win32.Build.0 = Release|Win32
		{61634B0E-1A94-43AC-9BD7-490002ACDBF5}.MESSAGING|Win32.ActiveCfg = MT|Win32
		{61634B0E-1A94-43AC-9BD7-490002ACDBF5}.MESSAGING|Win32.Build.0 = MT|Win32
		{61634B0E-1A94-43AC-9BD7-490002ACDBF5}.MT|Win32.ActiveCfg = MT|Win32
		{61634B0E-1A94-43AC-9BD7-490002ACDBF5}.MT|Win32.Build.0 = MT|Win32
		{61634B0E-1A94-43AC-9BD7-490002ACDBF5}.MTD|Win32.ActiveCfg = MTD|Win32
		{61634B0E-1A94-43AC-9BD7-490002ACDBF5}.MTD|Win32.Build.0 = MTD|Win32
		{61634B0E-1A94-43AC-9BD7-490002ACDBF5}.Release|Win32.ActiveCfg = Release|Win32
		{61634B0E-1A94-43AC-9BD7-490002ACDBF5}.Release|Win32.Build.0 = Release|Win32
		{61634B0E-1A94-43AC-9BD7-490002ACDBF5}.Unicode Debug|Win32.ActiveCfg = Debug|Win32
		{61634B0E-1A94-43AC-9BD7-490002ACDBF5}.Unicode Debug|Win32.Build.0 = Debug|Win32
		{61634B0E-1A94-43AC-9BD7-490002ACDBF5}.Unicode Release|Win32.ActiveCfg = Release|Win32
		{61634B0E-1A94-43AC-9BD7-490002ACDBF5}.Unicode Release|Win32.Build.0 = Release|Win32
		{61634B0E-1A94-43AC-9BD7-490002ACDBF5}.Universal Debug|Win32.ActiveCfg = Debug|Win32
		{61634B0E-1A94-43AC-9BD7-490002ACDBF5}.Universal Debug|Win32.Build.0 = Debug|Win32
		{61634B0E-1A94-43AC-9BD7-490002ACDBF5}.Universal Release|Win32.ActiveCfg = Release|Win32
		{61634B0E-1A94-43AC-9BD7-490002ACDBF5}.Universal Release|Win32.Build.0 = Release|Win32
		{61634B0E-1A94-43AC-9BD7-490002ACDBF5}.Universal Unicode Debug|Win32.ActiveCfg = Debug|Win32
		{61634B0E-1A94-43AC-9BD7-490002ACDBF5}.Universal Unicode Debug|Win32.Build.0 = Debug|Win32
		{61634B0E-1A94-43AC-9BD7-490002ACDBF5}.Universal Unicode Release|Win32.ActiveCfg = Release|Win32
		{61634B0E-1A94-43AC-9BD7-490002ACDBF5}.Universal Unicode Release|Win32.Build.0 = Release|Win32
		{4CBF3C66-AA7E-4456-AB4A-D0D83B9755E9}.Debug|Win32.ActiveCfg = Debug|Win32
		{4CBF3C66-AA7E-4456-AB4A-D0D83B9755E9}.Debug|Win32.Build.0 = Debug|Win32
		{4CBF3C66-AA7E-4456-AB4A-D0D83B9755E9}.DLL Debug|Win32.ActiveCfg = Debug|Win32
		{4CBF3C66-AA7E-4456-AB4A-D0D83B9755E9}.DLL Debug|Win32.Build.0 = Debug|Win32
		{4CBF3C66-AA7E-4456-AB4A-D0D83B9755E9}.DLL Release|Win32.ActiveCfg = Release|Win32
		{4CBF3C66-AA7E-4456-AB4A-D0D83B9755E9}.DLL Release|Win32.Build.0 = Release|Win32
		{4CBF3C66-AA7E-4456-AB4A-D0D83B9755E9}.DLL Unicode Debug|Win32.ActiveCfg = Debug|Win32
		{4CBF3C66-AA7E-4456-AB4A-D0D83B9755E9}.DLL Unicode Debug|Win32.Build.0 = Debug|Win32
		{4CBF3C66-AA7E-4456-AB4A-D0D83B9755E9}.DLL Unicode Release|Win32.ActiveCfg = Release|Win32
		{4CBF3C66-AA7E-4456-AB4A-D0D83B9755E9}.DLL Unicode Release|Win32.Build.0 = Release|Win32
		{4CBF3C66-AA7E-4456-AB4A-D0D83B9755E9}.DLL Universal Debug|Win32.ActiveCfg = Debug|Win32
		{4CBF3C66-AA7E-4456-AB4A-D0D83B9755E9}.DLL Universal Debug|Win32.Build.0 = Debug|Win32
		{4CBF3C66-AA7E-4456-AB4A-D0D83B9755E9}.DLL Universal Release|Win32.ActiveCfg = Release|Win32
		{4CBF3C66-AA7E-4456-AB4A-D0D83B9755E9}.DLL Universal Release|Win32.Build.0 = Release|Win32
		{4CBF3C66-AA7E-4456-AB4A-D0D83B9755E9}.DLL Universal Unicode Debug|Win32.ActiveCfg = Debug|Win32
		{4CBF3C66-AA7E-4456-AB4A-D0D83B9755E9}.DLL Universal Unicode Debug|Win32.Build.0 = Debug|Win32
		{4CBF3C66-AA7E-4456-AB4A-D0D83B9755E9}.DLL Universal Unicode Release|Win32.ActiveCfg = Release|Win32
		{4CBF3C66-AA7E-4456-AB4A-D0D83B9755E9}.DLL Universal Unicode Release|Win32.Build.0 = Release|Win32
		{4CBF3C66-AA7E-4456-AB4A-D0D83B9755E9}.MESSAGING|Win32.ActiveCfg = MT|Win32
		{4CBF3C66-AA7E-4456-AB4A-D0D83B9755E9}.MESSAGING|Win32.Build.0 = MT|Win32
		{4CBF3C66-AA7E-4456-AB4A-D0D83B9755E9}.MT|Win32.ActiveCfg = MT|Win32
		{4CBF3C66-AA7E-4456-AB4A-D0D83B9755E9}.MT|Win32.Build.0 = MT|Win32
		{4CBF3C66-AA7E-4456-AB4A-D0D83B9755E9}.MTD|Win32.ActiveCfg = MTD|Win32
		{4CBF3C66-AA7E-4456-AB4A-D0D83B9755E9}.MTD|Win32.Build.0 = MTD|Win32
		{4CBF3C66-AA7E-4456-AB4A-D0D83B9755E9}.Release|Win32.ActiveCfg = Release|Win32
		{4CBF3C66-AA7E-4456-AB4A-D0D83B9755E9}.Release|Win32.Build.0 = Release|Win32
		{4CBF3C66-AA7E-4456-AB4A-D0D83B9755E9}.Unicode Debug|Win32.ActiveCfg = Debug|Win32
		{4CBF3C66-AA7E-4456-AB4A-D0D83B9755E9}.Unicode Debug|Win32.Build.0 = Debug|Win32
		{4CBF3C66-AA7E-4456-AB4A-D0D83B9755E9}.Unicode Release|Win32.ActiveCfg = Release|Win32
		{4CBF3C66-AA7E-4456-AB4A-D0D83B9755E9}.Unicode Release|Win32.Build.0 = Release|Win32
		{4CBF3C66-AA7E-4456-AB4A-D0D83B9755E9}.Universal Debug|Win32.ActiveCfg = Debug|Win32
		{4CBF3C66-AA7E-4456-AB4A-D0D83B9755E9}.Universal Debug|Win32.Build.0 = Debug|Win32
		{4CBF3C66-AA7E-4456-AB4A-D0D83B9755E9}.Universal Release|Win32.ActiveCfg = Release|Win32
		{4CBF3C66-AA7E-4456-AB4A-D0D83B9755E9}.Universal Release|Win32.Build.0 = Release|Win32
		{4CBF3C66-AA7E-4456-AB4A-D0D83B9755E9}.Universal Unicode Debug|Win32.ActiveCfg = Debug|Win32
		{4CBF3C66-AA7E-4456-AB4A-D0D83B9755E9}.Universal Unicode Debug|Win32.Build.0 = Debug|Win32
		{4CBF3C66-AA7E-4456-AB4A-D0D83B9755E9}.Universal Unicode Release|Win32.ActiveCfg = Release|Win32
		{4CBF3C66-AA7E-4456-AB4A-D0D83B9755E9}.Universal Unicode Release|Win32.Build.0 = Release|Win32
		{1F2CB7B8-7A6D-4DA0-8CBD-750B540070A2}.Debug|Win32.ActiveCfg = Debug|Win32
		{1F2CB7B8-7A6D-4DA0-8CBD-750B540070A2}.Debug|Win32.Build.0 = Debug|Win32
		{1F2CB7B8-7A6D-4DA0-8CBD-750B540070A2}.DLL Debug|Win32.ActiveCfg = Debug|Win32
		{1F2CB7B8-7A6D-4DA0-8CBD-750B540070A2}.DLL Debug|Win32.Build.0 = Debug|Win32
		{1F2CB7B8-7A6D-4DA0-8CBD-750B540070A2}.DLL Release|Win32.ActiveCfg = Release|Win32
		{1F2CB7B8-7A6D-4DA0-8CBD-750B540070A2}.DLL Release|Win32.Build.0 = Release|Win32
		{1F2CB7B8-7A6D-4DA0-8CBD-750B540070A2}.DLL Unicode Debug|Win32.ActiveCfg = Debug|Win32
		{1F2CB7B8-7A6D-4DA0-8CBD-750B540070A2}.DLL Unicode Debug|Win32.Build.0 = Debug|Win32
		{1F2CB7B8-7A6D-4DA0-8CBD-750B540070A2}.DLL Unicode Release|Win32.ActiveCfg = Release|Win32
		{1F2CB7B8-7A6D-4DA0-8CBD-750B540070A2}.DLL Unicode Release|Win32.Build.0 = Release|Win32
		{1F2CB7B8-7A6D-4DA0-8CBD-750B540070A2}.DLL Universal Debug|Win32.ActiveCfg = Debug|Win32
		{1F2CB7B8-7A6D-4DA0-8CBD-750B540070A2}.DLL Universal Debug|Win32.Build.0 = Debug|Win32
		{1F2CB7B8-7A6D-4DA0-8CBD-750B540070A2}.DLL Universal Release|Win32.ActiveCfg = Release|Win32
		{1F2CB7B8-7A6D-4DA0-8CBD-750B540070A2}.DLL Universal Release|Win32.Build.0 = Release|Win32
		{1F2CB7B8-7A6D-4DA0-8CBD-750B540070A2}.DLL Universal Unicode Debug|Win32.ActiveCfg = Debug|Win32
		{1F2CB7B8-7A6D-4DA0-8CBD-750B540070A2}.DLL Universal Unicode Debug|Win32.Build.0 = Debug|Win32
		{1F2CB7B8-7A6D-4DA0-8CBD-750B540070A2}.DLL Universal Unicode Release|Win32.ActiveCfg = Release|Win32
		{1F2CB7B8-7A6D-4DA0-8CBD-750B540070A2}.DLL Universal Unicode Release|Win32.Build.0 = Release|Win32
		{1F2CB7B8-7A6D-4DA0-8CBD-750B540070A2}.MESSAGING|Win32.ActiveCfg = MT|Win32
		{1F2CB7B8-7A6D-4DA0-8CBD-750B540070A2}.MESSAGING|Win32.Build.0 = MT|Win32
		{1F2CB7B8-7A6D-4DA0-8CBD-750B540070A2}.MT|Win32.ActiveCfg = MT|Win32
		{1F2CB7B8-7A6D-4DA0-8CBD-750B540070A2}.MT|Win32.Build.0 = MT|Win32
		{1F2CB7B8-7A6D-4DA0-8CBD-750B540070A2}.MTD|Win32.ActiveCfg = MTD|Win32
		{1F2CB7B8-7A6D-4DA0-8CBD-750B540070A2}.MTD|Win32.Build.0 = MTD|Win32
		{1F2CB7B8-7A6D-4DA0-8CBD-750B540070A2}.Release|Win32.ActiveCfg = Release|Win32
		{1F2CB7B8-7A6D-4DA0-8CBD-750B540070A2}.Release|Win32.Build.0 = Release|Win32
		{1F2CB7B8-7A6D-4DA0-8CBD-750B540070A2}.Unicode Debug|Win32.ActiveCfg = Debug|Win32
		{1F2CB7B8-7A6D-4DA0-8CBD-750B540070A2}.Unicode Debug|Win32.Build.0 = Debug|Win32
		{1F2CB7B8-7A6D-4DA0-8CBD-750B540070A2}.Unicode Release|Win32.ActiveCfg = Release|Win32
		{1F2CB7B8-7A6D-4DA0-8CBD-750B540070A2}.Unicode Release|Win32.Build.0 = Release|Win32
		{1F2CB7B8-7A6D-4DA0-8CBD-750B540070A2}.Universal Debug|Win32.ActiveCfg = Debug|Win32
		{1F2CB7B8-7A6D-4DA0-8CBD-750B540070A2}.Universal Debug|Win32.Build.0 = Debug|Win32
		{1F2CB7B8-7A6D-4DA0-8CBD-750B540070A2}.Universal Release|Win32.ActiveCfg = Release|Win32
		{1F2CB7B8-7A6D-4DA0-8CBD-750B540070A2}.Universal Release|Win32.Build.0 = Release|Win32
		{1F2CB7B8-7A6D-4DA0-8CBD-750B540070A2}.Universal Unicode Debug|Win32.ActiveCfg = Debug|Win32
		{1F2CB7B8-7A6D-4DA0-8CBD-750B540070A2}.Universal Unicode Debug|Win32.Build.0 = Debug|Win32
		{1F2CB7B8-7A6D-4DA0-8CBD-750B540070A2}.Universal Unicode Release|Win32.ActiveCfg = Release|Win32
		{1F2CB7B8-7A6D-4DA0-8CBD-750B540070A2}.Universal Unicode Release|Win32.Build.0 = Release|Win32
		{AF4537E0-C016-434C-BEB1-AF98F1898F36}.Debug|Win32.ActiveCfg = Debug|Win32
		{AF4537E0-C016-434C-BEB1-AF98F1898F36}.Debug|Win32.Build.0 = Debug|Win32
		{AF4537E0-C016-434C-BEB1-AF98F1898F36}.DLL Debug|Win32.ActiveCfg = Debug|Win32
		{AF4537E0-C016-434C-BEB1-AF98F1898F36}.DLL Debug|Win32.Build.0 = Debug|Win32
		{AF4537E0-C016-434C-BEB1-AF98F1898F36}.DLL Release|Win32.ActiveCfg = Release|Win32
		{AF4537E0-C016-434C-BEB1-AF98F1898F36}.DLL Release|Win32.Build.0 = Release|Win32
		{AF4537E0-C016-434C-BEB1-AF98F1898F36}.DLL Unicode Debug|Win32.ActiveCfg = Debug|Win32
		{AF4537E0-C016-434C-BEB1-AF98F1898F36}.DLL Unicode Debug|Win32.Build.0 = Debug|Win32
		{AF4537E0-C016-434C-BEB1-AF98F1898F36}.DLL Unicode Release|Win32.ActiveCfg = Release|Win32
		{AF4537E0-C016-434C-BEB1-AF98F1898F36}.DLL Unicode Release|Win32.Build.0 = Release|Win32
		{AF4537E0-C016-434C-BEB1-AF98F1898F36}.DLL Universal Debug|Win32.ActiveCfg = Debug|Win32
		{AF4537E0-C016-434C-BEB1-AF98F1898F36}.DLL Universal Debug|Win32.Build.0 = Debug|Win32
		{AF4537E0-C016-434C-BEB1-AF98F1898F36}.DLL Universal Release|Win32.ActiveCfg = Release|Win32
		{AF4537E0-C016-434C-BEB1-AF98F1898F36}.DLL Universal Release|Win32.Build.0 = Release|Win32
		{AF4537E0-C016-434C-BEB1-AF98F1898F36}.DLL Universal Unicode Debug|Win32.ActiveCfg = Debug|Win32
		{AF4537E0-C016-434C-BEB1-AF98F1898F36}.DLL Universal Unicode Debug|Win32.Build.0 = Debug|Win32
		{AF4537E0-C016-434C-BEB1-AF98F1898F36}.DLL Universal Unicode Release|Win32.ActiveCfg = Release|Win32
		{AF4537E0-C016-434C-BEB1-AF98F1898F36}.DLL Universal Unicode Release|Win32.Build.0 = Release|Win32
		{AF4537E0-C016-434C-BEB1-AF98F1898F36}.MESSAGING|Win32.ActiveCfg = MT|Win32
		{AF4537E0-C016-434C-BEB1-AF98F1898F36}.MESSAGING|Win32.Build.0 = MT|Win32
		{AF4537E0-C016-434C-BEB1-AF98F1898F36}.MT|Win32.ActiveCfg = MT|Win32
		{AF4537E0-C016-434C-BEB1-AF98F1898F36}.MT|Win32.Build.0 = MT|Win32
		{AF4537E0-C016-434C-BEB1-AF98F1898F36}.MTD|Win32.ActiveCfg = MTD|Win32
		{AF4537E0-C016-434C-BEB1-AF98F1898F36}.MTD|Win32.Build.0 = MTD|Win32
		{AF4537E0-C016-434C-BEB1-AF98F1898F36}.Release|Win32.ActiveCfg = Release|Win32
		{AF4537E0-C016-434C-BEB1-AF98F1898F36}.Release|Win32.Build.0 = Release|Win32
		{AF4537E0-C016-434C-BEB1-AF98F1898F36}.Unicode Debug|Win32.ActiveCfg = Debug|Win32
		{AF4537E0-C016-434C-BEB1-AF98F1898F36}.Unicode Debug|Win32.Build.0 = Debug|Win32
		{AF4537E0-C016-434C-BEB1-AF98F1898F36}.Unicode Release|Win32.ActiveCfg = Release|Win32
		{AF4537E0-C016-434C-BEB1-AF98F1898F36}.Unicode Release|Win32.Build.0 = Release|Win32
		{AF4537E0-C016-434C-BEB1-AF98F1898F36}.Universal Debug|Win32.ActiveCfg = Debug|Win32
		{AF4537E0-C016-434C-BEB1-AF98F1898F36}.Universal Debug|Win32.Build.0 = Debug|Win32
		{AF4537E0-C016-434C-BEB1-AF98F1898F36}.Universal Release|Win32.ActiveCfg = Release|Win32
		{AF4537E0-C016-434C-BEB1-AF98F1898F36}.Universal Release|Win32.Build.0 = Release|Win32
		{AF4537E0-C016-434C-BEB1-AF98F1898F36}.Universal Unicode Debug|Win32.ActiveCfg = Debug|Win32
		{AF4537E0-C016-434C-BEB1-AF98F1898F36}.Universal Unicode Debug|Win32.Build.0 = Debug|Win32
		{AF4537E0-C016-434C-BEB1-AF98F1898F36}.Universal Unicode Release|Win32.ActiveCfg = Release|Win32
		{AF4537E0-C016-434C-BEB1-AF98F1898F36}.Universal Unicode Release|Win32.Build.0 = Release|Win32
		{D6796FAD-8BCA-4990-B417-CAA0408D8D29}.Debug|Win32.ActiveCfg = Debug|Win32
		{D6796FAD-8BCA-4990-B417-CAA0408D8D29}.Debug|Win32.Build.0 = Debug|Win32
		{D6796FAD-8BCA-4990-B417-CAA0408D8D29}.DLL Debug|Win32.ActiveCfg = Debug|Win32
		{D6796FAD-8BCA-4990-B417-CAA0408D8D29}.DLL Debug|Win32.Build.0 = Debug|Win32
		{D6796FAD-8BCA-4990-B417-CAA0408D8D29}.DLL Release|Win32.ActiveCfg = Release|Win32
		{D6796FAD-8BCA-4990-B417-CAA0408D8D29}.DLL Release|Win32.Build.0 = Release|Win32
		{D6796FAD-8BCA-4990-B417-CAA0408D8D29}.DLL Unicode Debug|Win32.ActiveCfg = Debug|Win32
		{D6796FAD-8BCA-4990-B417-CAA0408D8D29}.DLL Unicode Debug|Win32.Build.0 = Debug|Win32
		{D6796FAD-8BCA-4990-B417-CAA0408D8D29}.DLL Unicode Release|Win32.ActiveCfg = Release|Win32
		{D6796FAD-8BCA-4990-B417-CAA0408D8D29}.DLL Unicode Release|Win32.Build.0 = Release|Win32
		{D6796FAD-8BCA-4990-B417-CAA0408D8D29}.DLL Universal Debug|Win32.ActiveCfg = Debug|Win32
		{D6796FAD-8BCA-4990-B417-CAA0408D8D29}.DLL Universal Debug|Win32.Build.0 = Debug|Win32
		{D6796FAD-8BCA-4990-B417-CAA0408D8D29}.DLL Universal Release|Win32.ActiveCfg = Release|Win32
		{D6796FAD-8BCA-4990-B417-CAA0408D8D29}.DLL Universal Release|Win32.Build.0 = Release|Win32
		{D6796FAD-8BCA-4990-B417-CAA0408D8D29}.DLL Universal Unicode Debug|Win32.ActiveCfg = Debug|Win32
		{D6796FAD-8BCA-4990-B417-CAA0408D8D29}.DLL Universal Unicode Debug|Win32.Build.0 = Debug|Win32
		{D6796FAD-8BCA-4990-B417-CAA0408D8D29}.DLL Universal Unicode Release|Win32.ActiveCfg = Release|Win32
		{D6796FAD-8BCA-4990-B417-CAA0408D8D29}.DLL Universal Unicode Release|Win32.Build.0 = Release|Win32
		{D6796FAD-8BCA-4990-B417-CAA0408D8D29}.MESSAGING|Win32.ActiveCfg = MT|Win32
		{D6796FAD-8BCA-4990-B417-CAA0408D8D29}.MESSAGING|Win32.Build.0 = MT|Win32
		{D6796FAD-8BCA-4990-B417-CAA0408D8D29}.MT|Win32.ActiveCfg = MT|Win32
		{D6796FAD-8BCA-4990-B417-CAA0408D8D29}.MT|Win32.Build.0 = MT|Win32
		{D6796FAD-8BCA-4990-B417-CAA0408D8D29}.MTD|Win32.ActiveCfg = MTD|Win32
		{D6796FAD-8BCA-4990-B417-CAA0408D8D29}.MTD|Win32.Build.0 = MTD|Win32
		{D6796FAD-8BCA-4990-B417-CAA0408D8D29}.Release|Win32.ActiveCfg = Release|Win32
		{D6796FAD-8BCA-4990-B417-CAA0408D8D29}.Release|Win32.Build.0 = Release|Win32
		{D6796FAD-8BCA-4990-B417-CAA0408D8D29}.Unicode Debug|Win32.ActiveCfg = Debug|Win32
		{D6796FAD-8BCA-4990-B417-CAA0408D8D29}.Unicode Debug|Win32.Build.0 = Debug|Win32
		{D6796FAD-8BCA-4990-B417-CAA0408D8D29}.Unicode Release|Win32.ActiveCfg = Release|Win32
		{D6796FAD-8BCA-4990-B417-CAA0408D8D29}.Unicode Release|Win32.Build.0 = Release|Win32
		{D6796FAD-8BCA-4990-B417-CAA0408D8D29}.Universal Debug|Win32.ActiveCfg = Debug|Win32
		{D6796FAD-8BCA-4990-B417-CAA0408D8D29}.Universal Debug|Win32.Build.0 = Debug|Win32
		{D6796FAD-8BCA-4990-B417-CAA0408D8D29}.Universal Release|Win32.ActiveCfg = Release|Win32
		{D6796FAD-8BCA-4990-B417-CAA0408D8D29}.Universal Release|Win32.Build.0 = Release|Win32
		{D6796FAD-8BCA-4990-B417-CAA0408D8D29}.Universal Unicode Debug|Win32.ActiveCfg = Debug|Win32
		{D6796FAD-8BCA-4990-B417-CAA0408D8D29}.Universal Unicode Debug|Win32.Build.0 = Debug|Win32
		{D6796FAD-8BCA-4990-B417-CAA0408D8D29}.Universal Unicode Release|Win32.ActiveCfg = Release|Win32
		{D6796FAD-8BCA-4990-B417-CAA0408D8D29}.Universal Unicode Release|Win32.Build.0 = Release|Win32
		{13E3A338-1E38-4C0B-A030-41532D77EDCB}.Debug|Win32.ActiveCfg = Debug|Win32
		{13E3A338-1E38-4C0B-A030-41532D77EDCB}.Debug|Win32.Build.0 = Debug|Win32
		{13E3A338-1E38-4C0B-A030-41532D77EDCB}.DLL Debug|Win32.ActiveCfg = Debug|Win32
		{13E3A338-1E38-4C0B-A030-41532D77EDCB}.DLL Debug|Win32.Build.0 = Debug|Win32
		{13E3A338-1E38-4C0B-A030-41532D77EDCB}.DLL Release|Win32.ActiveCfg = Release|Win32
		{13E3A338-1E38-4C0B-A030-41532D77EDCB}.DLL Release|Win32.Build.0 = Release|Win32
		{13E3A338-1E38-4C0B-A030-41532D77EDCB}.DLL Unicode Debug|Win32.ActiveCfg = Debug|Win32
		{13E3A338-1E38-4C0B-A030-41532D77EDCB}.DLL Unicode Debug|Win32.Build.0 = Debug|Win32
		{13E3A338-1E38-4C0B-A030-41532D77EDCB}.DLL Unicode Release|Win32.ActiveCfg = Release|Win32
		{13E3A338-1E38-4C0B-A030-41532D77EDCB}.DLL Unicode Release|Win32.Build.0 = Release|Win32
		{13E3A338-1E38-4C0B-A030-41532D77EDCB}.DLL Universal Debug|Win32.ActiveCfg = Debug|Win32
		{13E3A338-1E38-4C0B-A030-41532D77EDCB}.DLL Universal Debug|Win32.Build.0 = Debug|Win32
		{13E3A338-1E38-4C0B-A030-41532D77EDCB}.DLL Universal Release|Win32.ActiveCfg = Release|Win32
		{13E3A338-1E38-4C0B-A030-41532D77EDCB}.DLL Universal Release|Win32.Build.0 = Release|Win32
		{13E3A338-1E38-4C0B-A030-41532D77EDCB}.DLL Universal Unicode Debug|Win32.ActiveCfg = Debug|Win32
		{13E3A338-1E38-4C0B-A030-41532D77EDCB}.DLL Universal Unicode Debug|Win32.Build.0 = Debug|Win32
		{13E3A338-1E38-4C0B-A030-41532D77EDCB}.DLL Universal Unicode Release|Win32.ActiveCfg = Release|Win32
		{13E3A338-1E38-4C0B-A030-41532D77EDCB}.DLL Universal Unicode Release|Win32.Build.0 = Release|Win32
		{13E3A338-1E38-4C0B-A030-41532D77EDCB}.MESSAGING|Win32.ActiveCfg = MT|Win32
		{13E3A338-1E38-4C0B-A030-41532D77EDCB}.MESSAGING|Win32.Build.0 = MT|Win32
		{13E3A338-1E38-4C0B-A030-41532D77EDCB}.MT|Win32.ActiveCfg = MT|Win32
		{13E3A338-1E38-4C0B-A030-41532D77EDCB}.MT|Win32.Build.0 = MT|Win32
		{13E3A338-1E38-4C0B-A030-41532D77EDCB}.MTD|Win32.ActiveCfg = MTD|Win32
		{13E3A338-1E38-4C0B-A030-41532D77EDCB}.MTD|Win32.Build.0 = MTD|Win32
		{13E3A338-1E38-4C0B-A030-41532D77EDCB}.Release|Win32.ActiveCfg = Release|Win32
		{13E3A338-1E38-4C0B-A030-41532D77EDCB}.Release|Win32.Build.0 = Release|Win32
		{13E3A338-1E38-4C0B-A030-41532D77EDCB}.Unicode Debug|Win32.ActiveCfg = Debug|Win32
		{13E3A338-1E38-4C0B-A030-41532D77EDCB}.Unicode Debug|Win32.Build.0 = Debug|Win32
		{13E3A338-1E38-4C0B-A030-41532D77EDCB}.Unicode Release|Win32.ActiveCfg = Release|Win32
		{13E3A338-1E38-4C0B-A030-41532D77EDCB}.Unicode Release|Win32.Build.0 = Release|Win32
		{13E3A338-1E38-4C0B-A030-41532D77EDCB}.Universal Debug|Win32.ActiveCfg = Debug|Win32
		{13E3A338-1E38-4C0B-A030-41532D77EDCB}.Universal Debug|Win32.Build.0 = Debug|Win32
		{13E3A338-1E38-4C0B-A030-41532D77EDCB}.Universal Release|Win32.ActiveCfg = Release|Win32
		{13E3A338-1E38-4C0B-A030-41532D77EDCB}.Universal Release|Win32.Build.0 = Release|Win32
		{13E3A338-1E38-4C0B-A030-41532D77EDCB}.Universal Unicode Debug|Win32.ActiveCfg = Debug|Win32
		{13E3A338-1E38-4C0B-A030-41532D77EDCB}.Universal Unicode Debug|Win32.Build.0 = Debug|Win32
		{13E3A338-1E38-4C0B-A030-41532D77EDCB}.Universal Unicode Release|Win32.ActiveCfg = Release|Win32
		{13E3A338-1E38-4C0B-A030-41532D77EDCB}.Universal Unicode Release|Win32.Build.0 = Release|Win32
		{857A1BFF-283D-41A6-9F1C-5F307E7A9CDB}.Debug|Win32.ActiveCfg = Debug|Win32
		{857A1BFF-283D-41A6-9F1C-5F307E7A9CDB}.Debug|Win32.Build.0 = Debug|Win32
		{857A1BFF-283D-41A6-9F1C-5F307E7A9CDB}.DLL Debug|Win32.ActiveCfg = Debug|Win32
		{857A1BFF-283D-41A6-9F1C-5F307E7A9CDB}.DLL Debug|Win32.Build.0 = Debug|Win32
		{857A1BFF-283D-41A6-9F1C-5F307E7A9CDB}.DLL Release|Win32.ActiveCfg = Release|Win32
		{857A1BFF-283D-41A6-9F1C-5F307E7A9CDB}.DLL Release|Win32.Build.0 = Release|Win32
		{857A1BFF-283D-41A6-9F1C-5F307E7A9CDB}.DLL Unicode Debug|Win32.ActiveCfg = Debug|Win32
		{857A1BFF-283D-41A6-9F1C-5F307E7A9CDB}.DLL Unicode Debug|Win32.Build.0 = Debug|Win32
		{857A1BFF-283D-41A6-9F1C-5F307E7A9CDB}.DLL Unicode Release|Win32.ActiveCfg = Release|Win32
		{857A1BFF-283D-41A6-9F1C-5F307E7A9CDB}.DLL Unicode Release|Win32.Build.0 = Release|Win32
		{857A1BFF-283D-41A6-9F1C-5F307E7A9CDB}.DLL Universal Debug|Win32.ActiveCfg = Debug|Win32
		{857A1BFF-283D-41A6-9F1C-5F307E7A9CDB}.DLL Universal Debug|Win32.Build.0 = Debug|Win32
		{857A1BFF-283D-41A6-9F1C-5F307E7A9CDB}.DLL Universal Release|Win32.ActiveCfg = Release|Win32
		{857A1BFF-283D-41A6-9F1C-5F307E7A9CDB}.DLL Universal Release|Win32.Build.0 = Release|Win32
		{857A1BFF-283D-41A6-9F1C-5F307E7A9CDB}.DLL Universal Unicode Debug|Win32.ActiveCfg = Debug|Win32
		{857A1BFF-283D-41A6-9F1C-5F307E7A9CDB}.DLL Universal Unicode Debug|Win32.Build.0 = Debug|Win32
		{857A1BFF-283D-41A6-9F1C-5F307E7A9CDB}.DLL Universal Unicode Release|Win32.ActiveCfg = Release|Win32
		{857A1BFF-283D-41A6-9F1C-5F307E7A9CDB}.DLL Universal Unicode Release|Win32.Build.0 = Release|Win32
		{857A1BFF-283D-41A6-9F1C-5F307E7A9CDB}.MESSAGING|Win32.ActiveCfg = MT|Win32
		{857A1BFF-283D-41A6-9F1C-5F307E7A9CDB}.MESSAGING|Win32.Build.0 = MT|Win32
		{857A1BFF-283D-41A6-9F1C-5F307E7A9CDB}.MT|Win32.ActiveCfg = MT|Win32
		{857A1BFF-283D-41A6-9F1C-5F307E7A9CDB}.MT|Win32.Build.0 = MT|Win32
		{857A1BFF-283D-41A6-9F1C-5F307E7A9CDB}.MTD|Win32.ActiveCfg = MTD|Win32
		{857A1BFF-283D-41A6-9F1C-5F307E7A9CDB}.MTD|Win32.Build.0 = MTD|Win32
		{857A1BFF-283D-41A6-9F1C-5F307E7A9CDB}.Release|Win32.ActiveCfg = Release|Win32
		{857A1BFF-283D-41A6-9F1C-5F307E7A9CDB}.Release|Win32.Build.0 = Release|Win32
		{857A1BFF-283D-41A6-9F1C-5F307E7A9CDB}.Unicode Debug|Win32.ActiveCfg = Debug|Win32
		{857A1BFF-283D-41A6-9F1C-5F307E7A9CDB}.Unicode Debug|Win32.Build.0 = Debug|Win32
		{857A1BFF-283D-41A6-9F1C-5F307E7A9CDB}.Unicode Release|Win32.ActiveCfg = Release|Win32
		{857A1BFF-283D-41A6-9F1C-5F307E7A9CDB}.Unicode Release|Win32.Build.0 = Release|Win32
		{857A1BFF-283D-41A6-9F1C-5F307E7A9CDB}.Universal Debug|Win32.ActiveCfg = Debug|Win32
		{857A1BFF-283D-41A6-9F1C-5F307E7A9CDB}.Universal Debug|Win32.Build.0 = Debug|Win32
		{857A1BFF-283D-41A6-9F1C-5F307E7A9CDB}.Universal Release|Win32.ActiveCfg = Release|Win32
		{857A1BFF-283D-41A6-9F1C-5F307E7A9CDB}.Universal Release|Win32.Build.0 = Release|Win32
		{857A1BFF-283D-41A6-9F1C-5F307E7A9CDB}.Universal Unicode Debug|Win32.ActiveCfg = Debug|Win32
		{857A1BFF-283D-41A6-9F1C-5F307E7A9CDB}.Universal Unicode Debug|Win32.Build.0 = Debug|Win32
		{857A1BFF-283D-41A6-9F1C-5F307E7A9CDB}.Universal Unicode Release|Win32.ActiveCfg = Release|Win32
		{857A1BFF-283D-41A6-9F1C-5F307E7A9CDB}.Universal Unicode Release|Win32.Build.0 = Release|Win32
		{B4868836-B929-4C07-B067-7027056AB8EE}.Debug|Win32.ActiveCfg = Debug|Win32
		{B4868836-B929-4C07-B067-7027056AB8EE}.Debug|Win32.Build.0 = Debug|Win32
		{B4868836-B929-4C07-B067-7027056AB8EE}.DLL Debug|Win32.ActiveCfg = Debug|Win32
		{B4868836-B929-4C07-B067-7027056AB8EE}.DLL Debug|Win32.Build.0 = Debug|Win32
		{B4868836-B929-4C07-B067-7027056AB8EE}.DLL Release|Win32.ActiveCfg = Release|Win32
		{B4868836-B929-4C07-B067-7027056AB8EE}.DLL Release|Win32.Build.0 = Release|Win32
		{B4868836-B929-4C07-B067-7027056AB8EE}.DLL Unicode Debug|Win32.ActiveCfg = Debug|Win32
		{B4868836-B929-4C07-B067-7027056AB8EE}.DLL Unicode Debug|Win32.Build.0 = Debug|Win32
		{B4868836-B929-4C07-B067-7027056AB8EE}.DLL Unicode Release|Win32.ActiveCfg = Release|Win32
		{B4868836-B929-4C07-B067-7027056AB8EE}.DLL Unicode Release|Win32.Build.0 = Release|Win32
		{B4868836-B929-4C07-B067-7027056AB8EE}.DLL Universal Debug|Win32.ActiveCfg = Debug|Win32
		{B4868836-B929-4C07-B067-7027056AB8EE}.DLL Universal Debug|Win32.Build.0 = Debug|Win32
		{B4868836-B929-4C07-B067-7027056AB8EE}.DLL Universal Release|Win32.ActiveCfg = Release|Win32
		{B4868836-B929-4C07-B067-7027056AB8EE}.DLL Universal Release|Win32.Build.0 = Release|Win32
		{B4868836-B929-4C07-B067-7027056AB8EE}.DLL Universal Unicode Debug|Win32.ActiveCfg = Debug|Win32
		{B4868836-B929-4C07-B067-7027056AB8EE}.DLL Universal Unicode Debug|Win32.Build.0 = Debug|Win32
		{B4868836-B929-4C07-B067-7027056AB8EE}.DLL Universal Unicode Release|Win32.ActiveCfg = Release|Win32
		{B4868836-B929-4C07-B067-7027056AB8EE}.DLL Universal Unicode Release|Win32.Build.0 = Release|Win32
		{B4868836-B929-4C07-B067-7027056AB8EE}.MESSAGING|Win32.ActiveCfg = Release|Win32
		{B4868836-B929-4C07-B067-7027056AB8EE}.MESSAGING|Win32.Build.0 = Release|Win32
		{B4868836-B929-4C07-B067-7027056AB8EE}.MT|Win32.ActiveCfg = Release|Win32
		{B4868836-B929-4C07-B067-7027056AB8EE}.MT|Win32.Build.0 = Release|Win32
		{B4868836-B929-4C07-B067-7027056AB8EE}.MTD|Win32.ActiveCfg = Release|Win32
		{B4868836-B929-4C07-B067-7027056AB8EE}.MTD|Win32.Build.0 = Release|Win32
		{B4868836-B929-4C07-B067-7027056AB8EE}.Release|Win32.ActiveCfg = Release|Win32
		{B4868836-B929-4C07-B067-7027056AB8EE}.Release|Win32.Build.0 = Release|Win32
		{B4868836-B929-4C07-B067-7027056AB8EE}.Unicode Debug|Win32.ActiveCfg = Debug|Win32
		{B4868836-B929-4C07-B067-7027056AB8EE}.Unicode Debug|Win32.Build.0 = Debug|Win32
		{B4868836-B929-4C07-B067-7027056AB8EE}.Unicode Release|Win32.ActiveCfg = Release|Win32
		{B4868836-B929-4C07-B067-7027056AB8EE}.Unicode Release|Win32.Build.0 = Release|Win32
		{B4868836-B929-4C07-B067-7027056AB8EE}.Universal Debug|Win32.ActiveCfg = Debug|Win32
		{B4868836-B929-4C07-B067-7027056AB8EE}.Universal Debug|Win32.Build.0 = Debug|Win32
		{B4868836-B929-4C07-B067-7027056AB8EE}.Universal Release|Win32.ActiveCfg = Release|Win32
		{B4868836-B929-4C07-B067-7027056AB8EE}.Universal Release|Win32.Build.0 = Release|Win32
		{B4868836-B929-4C07-B067-7027056AB8EE}.Universal Unicode Debug|Win32.ActiveCfg = Debug|Win32
		{B4868836-B929-4C07-B067-7027056AB8EE}.Universal Unicode Debug|Win32.Build.0 = Debug|Win32
		{B4868836-B929-4C07-B067-7027056AB8EE}.Universal Unicode Release|Win32.ActiveCfg = Release|Win32
		{B4868836-B929-4C07-B067-7027056AB8EE}.Universal Unicode Release|Win32.Build.0 = Release|Win32
		{D63FDBE1-6F42-4BF9-B4F2-FB1B11E95BB6}.Debug|Win32.ActiveCfg = Debug|Win32
		{D63FDBE1-6F42-4BF9-B4F2-FB1B11E95BB6}.Debug|Win32.Build.0 = Debug|Win32
		{D63FDBE1-6F42-4BF9-B4F2-FB1B11E95BB6}.DLL Debug|Win32.ActiveCfg = Debug|Win32
		{D63FDBE1-6F42-4BF9-B4F2-FB1B11E95BB6}.DLL Debug|Win32.Build.0 = Debug|Win32
		{D63FDBE1-6F42-4BF9-B4F2-FB1B11E95BB6}.DLL Release|Win32.ActiveCfg = Release|Win32
		{D63FDBE1-6F42-4BF9-B4F2-FB1B11E95BB6}.DLL Release|Win32.Build.0 = Release|Win32
		{D63FDBE1-6F42-4BF9-B4F2-FB1B11E95BB6}.DLL Unicode Debug|Win32.ActiveCfg = Debug|Win32
		{D63FDBE1-6F42-4BF9-B4F2-FB1B11E95BB6}.DLL Unicode Debug|Win32.Build.0 = Debug|Win32
		{D63FDBE1-6F42-4BF9-B4F2-FB1B11E95BB6}.DLL Unicode Release|Win32.ActiveCfg = Release|Win32
		{D63FDBE1-6F42-4BF9-B4F2-FB1B11E95BB6}.DLL Unicode Release|Win32.Build.0 = Release|Win32
		{D63FDBE1-6F42-4BF9-B4F2-FB1B11E95BB6}.DLL Universal Debug|Win32.ActiveCfg = Debug|Win32
		{D63FDBE1-6F42-4BF9-B4F2-FB1B11E95BB6}.DLL Universal Debug|Win32.Build.0 = Debug|Win32
		{D63FDBE1-6F42-4BF9-B4F2-FB1B11E95BB6}.DLL Universal Release|Win32.ActiveCfg = Release|Win32
		{D63FDBE1-6F42-4BF9-B4F2-FB1B11E95BB6}.DLL Universal Release|Win32.Build.0 = Release|Win32
		{D63FDBE1-6F42-4BF9-B4F2-FB1B11E95BB6}.DLL Universal Unicode Debug|Win32.ActiveCfg = Debug|Win32
		{D63FDBE1-6F42-4BF9-B4F2-FB1B11E95BB6}.DLL Universal Unicode Debug|Win32.Build.0 = Debug|Win32
		{D63FDBE1-6F42-4BF9-B4F2-FB1B11E95BB6}.DLL Universal Unicode Release|Win32.ActiveCfg = Release|Win32
		{D63FDBE1-6F42-4BF9-B4F2-FB1B11E95BB6}.DLL Universal Unicode Release|Win32.Build.0 = Release|Win32
		{D63FDBE1-6F42-4BF9-B4F2-FB1B11E95BB6}.MESSAGING|Win32.ActiveCfg = Release|Win32
		{D63FDBE1-6F42-4BF9-B4F2-FB1B11E95BB6}.MESSAGING|Win32.Build.0 = Release|Win32
		{D63FDBE1-6F42-4BF9-B4F2-FB1B11E95BB6}.MT|Win32.ActiveCfg = Release|Win32
		{D63FDBE1-6F42-4BF9-B4F2-FB1B11E95BB6}.MT|Win32.Build.0 = Release|Win32
		{D63FDBE1-6F42-4BF9-B4F2-FB1B11E95BB6}.MTD|Win32.ActiveCfg = Release|Win32
		{D63FDBE1-6F42-4BF9-B4F2-FB1B11E95BB6}.MTD|Win32.Build.0 = Release|Win32
		{D63FDBE1-6F42-4BF9-B4F2-FB1B11E95BB6}.Release|Win32.ActiveCfg = Release|Win32
		{D63FDBE1-6F42-4BF9-B4F2-FB1B11E95BB6}.Release|Win32.Build.0 = Release|Win32
		{D63FDBE1-6F42-4BF9-B4F2-FB1B11E95BB6}.Unicode Debug|Win32.ActiveCfg = Debug|Win32
		{D63FDBE1-6F42-4BF9-B4F2-FB1B11E95BB6}.Unicode Debug|Win32.Build.0 = Debug|Win32
		{D63FDBE1-6F42-4BF9-B4F2-FB1B11E95BB6}.Unicode Release|Win32.ActiveCfg = Release|Win32
		{D63FDBE1-6F42-4BF9-B4F2-FB1B11E95BB6}.Unicode Release|Win32.Build.0 = Release|Win32
		{D63FDBE1-6F42-4BF9-B4F2-FB1B11E95BB6}.Universal Debug|Win32.ActiveCfg = Debug|Win32
		{D63FDBE1-6F42-4BF9-B4F2-FB1B11E95BB6}.Universal Debug|Win32.Build.0 = Debug|Win32
		{D63FDBE1-6F42-4BF9-B4F2-FB1B11E95BB6}.Universal Release|Win32.ActiveCfg = Release|Win32
		{D63FDBE1-6F42-4BF9-B4F2-FB1B11E95BB6}.Universal Release|Win32.Build.0 = Release|Win32
		{D63FDBE1-6F42-4BF9-B4F2-FB1B11E95BB6}.Universal Unicode Debug|Win32.ActiveCfg = Debug|Win32
		{D63FDBE1-6F42-4BF9-B4F2-FB1B11E95BB6}.Universal Unicode Debug|Win32.Build.0 = Debug|Win32
		{D63FDBE1-6F42-4BF9-B4F2-FB1B11E95BB6}.Universal Unicode Release|Win32.ActiveCfg = Release|Win32
		{D63FDBE1-6F42-4BF9-B4F2-FB1B11E95BB6}.Universal Unicode Release|Win32.Build.0 = Release|Win32
		{2DC1010B-D06E-41B8-A18B-05080CDB459D}.Debug|Win32.ActiveCfg = Debug|Win32
		{2DC1010B-D06E-41B8-A18B-05080CDB459D}.Debug|Win32.Build.0 = Debug|Win32
		{2DC1010B-D06E-41B8-A18B-05080CDB459D}.DLL Debug|Win32.ActiveCfg = Debug|Win32
		{2DC1010B-D06E-41B8-A18B-05080CDB459D}.DLL Debug|Win32.Build.0 = Debug|Win32
		{2DC1010B-D06E-41B8-A18B-05080CDB459D}.DLL Release|Win32.ActiveCfg = Release|Win32
		{2DC1010B-D06E-41B8-A18B-05080CDB459D}.DLL Release|Win32.Build.0 = Release|Win32
		{2DC1010B-D06E-41B8-A18B-05080CDB459D}.DLL Unicode Debug|Win32.ActiveCfg = Debug|Win32
		{2DC1010B-D06E-41B8-A18B-05080CDB459D}.DLL Unicode Debug|Win32.Build.0 = Debug|Win32
		{2DC1010B-D06E-41B8-A18B-05080CDB459D}.DLL Unicode Release|Win32.ActiveCfg = Release|Win32
		{2DC1010B-D06E-41B8-A18B-05080CDB459D}.DLL Unicode Release|Win32.Build.0 = Release|Win32
		{2DC1010B-D06E-41B8-A18B-05080CDB459D}.DLL Universal Debug|Win32.ActiveCfg = Debug|Win32
		{2DC1010B-D06E-41B8-A18B-05080CDB459D}.DLL Universal Debug|Win32.Build.0 = Debug|Win32
		{2DC1010B-D06E-41B8-A18B-05080CDB459D}.DLL Universal Release|Win32.ActiveCfg = Release|Win32
		{2DC1010B-D06E-41B8-A18B-05080CDB459D}.DLL Universal Release|Win32.Build.0 = Release|Win32
		{2DC1010B-D06E-41B8-A18B-05080CDB459D}.DLL Universal Unicode Debug|Win32.ActiveCfg = Debug|Win32
		{2DC1010B-D06E-41B8-A18B-05080CDB459D}.DLL Universal Unicode Debug|Win32.Build.0 = Debug|Win32
		{2DC1010B-D06E-41B8-A18B-05080CDB459D}.DLL Universal Unicode Release|Win32.ActiveCfg = Release|Win32
		{2DC1010B-D06E-41B8-A18B-05080CDB459D}.DLL Universal Unicode Release|Win32.Build.0 = Release|Win32
		{2DC1010B-D06E-41B8-A18B-05080CDB459D}.MESSAGING|Win32.ActiveCfg = MT|Win32
		{2DC1010B-D06E-41B8-A18B-05080CDB459D}.MESSAGING|Win32.Build.0 = MT|Win32
		{2DC1010B-D06E-41B8-A18B-05080CDB459D}.MT|Win32.ActiveCfg = MT|Win32
		{2DC1010B-D06E-41B8-A18B-05080CDB459D}.MT|Win32.Build.0 = MT|Win32
		{2DC1010B-D06E-41B8-A18B-05080CDB459D}.MTD|Win32.ActiveCfg = MTD|Win32
		{2DC1010B-D06E-41B8-A18B-05080CDB459D}.MTD|Win32.Build.0 = MTD|Win32
		{2DC1010B-D06E-41B8-A18B-05080CDB459D}.Release|Win32.ActiveCfg = Release|Win32
		{2DC1010B-D06E-41B8-A18B-05080CDB459D}.Release|Win32.Build.0 = Release|Win32
		{2DC1010B-D06E-41B8-A18B-05080CDB459D}.Unicode Debug|Win32.ActiveCfg = Debug|Win32
		{2DC1010B-D06E-41B8-A18B-05080CDB459D}.Unicode Debug|Win32.Build.0 = Debug|Win32
		{2DC1010B-D06E-41B8-A18B-05080CDB459D}.Unicode Release|Win32.ActiveCfg = Release|Win32
		{2DC1010B-D06E-41B8-A18B-05080CDB459D}.Unicode Release|Win32.Build.0 = Release|Win32
		{2DC1010B-D06E-41B8-A18B-05080CDB459D}.Universal Debug|Win32.ActiveCfg = Debug|Win32
		{2DC1010B-D06E-41B8-A18B-05080CDB459D}.Universal Debug|Win32.Build.0 = Debug|Win32
		{2DC1010B-D06E-41B8-A18B-05080CDB459D}.Universal Release|Win32.ActiveCfg = Release|Win32
		{2DC1010B-D06E-41B8-A18B-05080CDB459D}.Universal Release|Win32.Build.0 = Release|Win32
		{2DC1010B-D06E-41B8-A18B-05080CDB459D}.Universal Unicode Debug|Win32.ActiveCfg = Debug|Win32
		{2DC1010B-D06E-41B8-A18B-05080CDB459D}.Universal Unicode Debug|Win32.Build.0 = Debug|Win32
		{2DC1010B-D06E-41B8-A18B-05080CDB459D}.Universal Unicode Release|Win32.ActiveCfg = Release|Win32
		{2DC1010B-D06E-41B8-A18B-05080CDB459D}.Universal Unicode Release|Win32.Build.0 = Release|Win32
		{9894750B-4B92-4B3E-AB0B-E15D40B10F90}.Debug|Win32.ActiveCfg = Debug|Win32
		{9894750B-4B92-4B3E-AB0B-E15D40B10F90}.Debug|Win32.Build.0 = Debug|Win32
		{9894750B-4B92-4B3E-AB0B-E15D40B10F90}.DLL Debug|Win32.ActiveCfg = Debug|Win32
		{9894750B-4B92-4B3E-AB0B-E15D40B10F90}.DLL Debug|Win32.Build.0 = Debug|Win32
		{9894750B-4B92-4B3E-AB0B-E15D40B10F90}.DLL Release|Win32.ActiveCfg = Release|Win32
		{9894750B-4B92-4B3E-AB0B-E15D40B10F90}.DLL Release|Win32.Build.0 = Release|Win32
		{9894750B-4B92-4B3E-AB0B-E15D40B10F90}.DLL Unicode Debug|Win32.ActiveCfg = Debug|Win32
		{9894750B-4B92-4B3E-AB0B-E15D40B10F90}.DLL Unicode Debug|Win32.Build.0 = Debug|Win32
		{9894750B-4B92-4B3E-AB0B-E15D40B10F90}.DLL Unicode Release|Win32.ActiveCfg = Release|Win32
		{9894750B-4B92-4B3E-AB0B-E15D40B10F90}.DLL Unicode Release|Win32.Build.0 = Release|Win32
		{9894750B-4B92-4B3E-AB0B-E15D40B10F90}.DLL Universal Debug|Win32.ActiveCfg = Debug|Win32
		{9894750B-4B92-4B3E-AB0B-E15D40B10F90}.DLL Universal Debug|Win32.Build.0 = Debug|Win32
		{9894750B-4B92-4B3E-AB0B-E15D40B10F90}.DLL Universal Release|Win32.ActiveCfg = Release|Win32
		{9894750B-4B92-4B3E-AB0B-E15D40B10F90}.DLL Universal Release|Win32.Build.0 = Release|Win32
		{9894750B-4B92-4B3E-AB0B-E15D40B10F90}.DLL Universal Unicode Debug|Win32.ActiveCfg = Debug|Win32
		{9894750B-4B92-4B3E-AB0B-E15D40B10F90}.DLL Universal Unicode Debug|Win32.Build.0 = Debug|Win32
		{9894750B-4B92-4B3E-AB0B-E15D40B10F90}.DLL Universal Unicode Release|Win32.ActiveCfg = Release|Win32
		{9894750B-4B92-4B3E-AB0B-E15D40B10F90}.DLL Universal Unicode Release|Win32.Build.0 = Release|Win32
		{9894750B-4B92-4B3E-AB0B-E15D40B10F90}.MESSAGING|Win32.ActiveCfg = Release|Win32
		{9894750B-4B92-4B3E-AB0B-E15D40B10F90}.MESSAGING|Win32.Build.0 = Release|Win32
		{9894750B-4B92-4B3E-AB0B-E15D40B10F90}.MT|Win32.ActiveCfg = Release|Win32
		{9894750B-4B92-4B3E-AB0B-E15D40B10F90}.MT|Win32.Build.0 = Release|Win32
		{9894750B-4B92-4B3E-AB0B-E15D40B10F90}.MTD|Win32.ActiveCfg = Release|Win32
		{9894750B-4B92-4B3E-AB0B-E15D40B10F90}.MTD|Win32.Build.0 = Release|Win32
		{9894750B-4B92-4B3E-AB0B-E15D40B10F90}.Release|Win32.ActiveCfg = Release|Win32
		{9894750B-4B92-4B3E-AB0B-E15D40B10F90}.Release|Win32.Build.0 = Release|Win32
		{9894750B-4B92-4B3E-AB0B-E15D40B10F90}.Unicode Debug|Win32.ActiveCfg = Debug|Win32
		{9894750B-4B92-4B3E-AB0B-E15D40B10F90}.Unicode Debug|Win32.Build.0 = Debug|Win32
		{9894750B-4B92-4B3E-AB0B-E15D40B10F90}.Unicode Release|Win32.ActiveCfg = Release|Win32
		{9894750B-4B92-4B3E-AB0B-E15D40B10F90}.Unicode Release|Win32.Build.0 = Release|Win32
		{9894750B-4B92-4B3E-AB0B-E15D40B10F90}.Universal Debug|Win32.ActiveCfg = Debug|Win32
		{9894750B-4B92-4B3E-AB0B-E15D40B10F90}.Universal Debug|Win32.Build.0 = Debug|Win32
		{9894750B-4B92-4B3E-AB0B-E15D40B10F90}.Universal Release|Win32.ActiveCfg = Release|Win32
		{9894750B-4B92-4B3E-AB0B-E15D40B10F90}.Universal Release|Win32.Build.0 = Release|Win32
		{9894750B-4B92-4B3E-AB0B-E15D40B10F90}.Universal Unicode Debug|Win32.ActiveCfg = Debug|Win32
		{9894750B-4B92-4B3E-AB0B-E15D40B10F90}.Universal Unicode Debug|Win32.Build.0 = Debug|Win32
		{9894750B-4B92-4B3E-AB0B-E15D40B10F90}.Universal Unicode Release|Win32.ActiveCfg = Release|Win32
		{9894750B-4B92-4B3E-AB0B-E15D40B10F90}.Universal Unicode Release|Win32.Build.0 = Release|Win32
		{5E3E8AEA-2B04-41E7-A4A0-8BA437965CC5}.Debug|Win32.ActiveCfg = Debug|Win32
		{5E3E8AEA-2B04-41E7-A4A0-8BA437965CC5}.Debug|Win32.Build.0 = Debug|Win32
		{5E3E8AEA-2B04-41E7-A4A0-8BA437965CC5}.DLL Debug|Win32.ActiveCfg = Debug|Win32
		{5E3E8AEA-2B04-41E7-A4A0-8BA437965CC5}.DLL Debug|Win32.Build.0 = Debug|Win32
		{5E3E8AEA-2B04-41E7-A4A0-8BA437965CC5}.DLL Release|Win32.ActiveCfg = Release|Win32
		{5E3E8AEA-2B04-41E7-A4A0-8BA437965CC5}.DLL Release|Win32.Build.0 = Release|Win32
		{5E3E8AEA-2B04-41E7-A4A0-8BA437965CC5}.DLL Unicode Debug|Win32.ActiveCfg = Debug|Win32
		{5E3E8AEA-2B04-41E7-A4A0-8BA437965CC5}.DLL Unicode Debug|Win32.Build.0 = Debug|Win32
		{5E3E8AEA-2B04-41E7-A4A0-8BA437965CC5}.DLL Unicode Release|Win32.ActiveCfg = Release|Win32
		{5E3E8AEA-2B04-41E7-A4A0-8BA437965CC5}.DLL Unicode Release|Win32.Build.0 = Release|Win32
		{5E3E8AEA-2B04-41E7-A4A0-8BA437965CC5}.DLL Universal Debug|Win32.ActiveCfg = Debug|Win32
		{5E3E8AEA-2B04-41E7-A4A0-8BA437965CC5}.DLL Universal Debug|Win32.Build.0 = Debug|Win32
		{5E3E8AEA-2B04-41E7-A4A0-8BA437965CC5}.DLL Universal Release|Win32.ActiveCfg = Release|Win32
		{5E3E8AEA-2B04-41E7-A4A0-8BA437965CC5}.DLL Universal Release|Win32.Build.0 = Release|Win32
		{5E3E8AEA-2B04-41E7-A4A0-8BA437965CC5}.DLL Universal Unicode Debug|Win32.ActiveCfg = Debug|Win32
		{5E3E8AEA-2B04-41E7-A4A0-8BA437965CC5}.DLL Universal Unicode Debug|Win32.Build.0 = Debug|Win32
		{5E3E8AEA-2B04-41E7-A4A0-8BA437965CC5}.DLL Universal Unicode Release|Win32.ActiveCfg = Release|Win32
		{5E3E8AEA-2B04-41E7-A4A0-8BA437965CC5}.DLL Universal Unicode Release|Win32.Build.0 = Release|Win32
		{5E3E8AEA-2B04-41E7-A4A0-8BA437965CC5}.MESSAGING|Win32.ActiveCfg = MTD|Win32
		{5E3E8AEA-2B04-41E7-A4A0-8BA437965CC5}.MESSAGING|Win32.Build.0 = MTD|Win32
		{5E3E8AEA-2B04-41E7-A4A0-8BA437965CC5}.MT|Win32.ActiveCfg = Release|Win32
		{5E3E8AEA-2B04-41E7-A4A0-8BA437965CC5}.MT|Win32.Build.0 = Release|Win32
		{5E3E8AEA-2B04-41E7-A4A0-8BA437965CC5}.MTD|Win32.ActiveCfg = MTD|Win32
		{5E3E8AEA-2B04-41E7-A4A0-8BA437965CC5}.MTD|Win32.Build.0 = MTD|Win32
		{5E3E8AEA-2B04-41E7-A4A0-8BA437965CC5}.Release|Win32.ActiveCfg = Release|Win32
		{5E3E8AEA-2B04-41E7-A4A0-8BA437965CC5}.Release|Win32.Build.0 = Release|Win32
		{5E3E8AEA-2B04-41E7-A4A0-8BA437965CC5}.Unicode Debug|Win32.ActiveCfg = Debug|Win32
		{5E3E8AEA-2B04-41E7-A4A0-8BA437965CC5}.Unicode Debug|Win32.Build.0 = Debug|Win32
		{5E3E8AEA-2B04-41E7-A4A0-8BA437965CC5}.Unicode Release|Win32.ActiveCfg = Release|Win32
		{5E3E8AEA-2B04-41E7-A4A0-8BA437965CC5}.Unicode Release|Win32.Build.0 = Release|Win32
		{5E3E8AEA-2B04-41E7-A4A0-8BA437965CC5}.Universal Debug|Win32.ActiveCfg = Debug|Win32
		{5E3E8AEA-2B04-41E7-A4A0-8BA437965CC5}.Universal Debug|Win32.Build.0 = Debug|Win32
		{5E3E8AEA-2B04-41E7-A4A0-8BA437965CC5}.Universal Release|Win32.ActiveCfg = Release|Win32
		{5E3E8AEA-2B04-41E7-A4A0-8BA437965CC5}.Universal Release|Win32.Build.0 = Release|Win32
		{5E3E8AEA-2B04-41E7-A4A0-8BA437965CC5}.Universal Unicode Debug|Win32.ActiveCfg = Debug|Win32
		{5E3E8AEA-2B04-41E7-A4A0-8BA437965CC5}.Universal Unicode Debug|Win32.Build.0 = Debug|Win32
		{5E3E8AEA-2B04-41E7-A4A0-8BA437965CC5}.Universal Unicode Release|Win32.ActiveCfg = Release|Win32
		{5E3E8AEA-2B04-41E7-A4A0-8BA437965CC5}.Universal Unicode Release|Win32.Build.0 = Release|Win32
		{2F8B62EB-A9B2-4E08-B352-2EDC605C162B}.Debug|Win32.ActiveCfg = Debug|Win32
		{2F8B62EB-A9B2-4E08-B352-2EDC605C162B}.Debug|Win32.Build.0 = Debug|Win32
		{2F8B62EB-A9B2-4E08-B352-2EDC605C162B}.DLL Debug|Win32.ActiveCfg = Debug|Win32
		{2F8B62EB-A9B2-4E08-B352-2EDC605C162B}.DLL Debug|Win32.Build.0 = Debug|Win32
		{2F8B62EB-A9B2-4E08-B352-2EDC605C162B}.DLL Release|Win32.ActiveCfg = Release|Win32
		{2F8B62EB-A9B2-4E08-B352-2EDC605C162B}.DLL Release|Win32.Build.0 = Release|Win32
		{2F8B62EB-A9B2-4E08-B352-2EDC605C162B}.DLL Unicode Debug|Win32.ActiveCfg = Debug|Win32
		{2F8B62EB-A9B2-4E08-B352-2EDC605C162B}.DLL Unicode Debug|Win32.Build.0 = Debug|Win32
		{2F8B62EB-A9B2-4E08-B352-2EDC605C162B}.DLL Unicode Release|Win32.ActiveCfg = Release|Win32
		{2F8B62EB-A9B2-4E08-B352-2EDC605C162B}.DLL Unicode Release|Win32.Build.0 = Release|Win32
		{2F8B62EB-A9B2-4E08-B352-2EDC605C162B}.DLL Universal Debug|Win32.ActiveCfg = Debug|Win32
		{2F8B62EB-A9B2-4E08-B352-2EDC605C162B}.DLL Universal Debug|Win32.Build.0 = Debug|Win32
		{2F8B62EB-A9B2-4E08-B352-2EDC605C162B}.DLL Universal Release|Win32.ActiveCfg = Release|Win32
		{2F8B62EB-A9B2-4E08-B352-2EDC605C162B}.DLL Universal Release|Win32.Build.0 = Release|Win32
		{2F8B62EB-A9B2-4E08-B352-2EDC605C162B}.DLL Universal Unicode Debug|Win32.ActiveCfg = Debug|Win32
		{2F8B62EB-A9B2-4E08-B352-2EDC605C162B}.DLL Universal Unicode Debug|Win32.Build.0 = Debug|Win32
		{2F8B62EB-A9B2-4E08-B352-2EDC605C162B}.DLL Universal Unicode Release|Win32.ActiveCfg = Release|Win32
		{2F8B62EB-A9B2-4E08-B352-2EDC605C162B}.DLL Universal Unicode Release|Win32.Build.0 = Release|Win32
		{2F8B62EB-A9B2-4E08-B352-2EDC605C162B}.MESSAGING|Win32.ActiveCfg = MTD|Win32
		{2F8B62EB-A9B2-4E08-B352-2EDC605C162B}.MESSAGING|Win32.Build.0 = MTD|Win32
		{2F8B62EB-A9B2-4E08-B352-2EDC605C162B}.MT|Win32.ActiveCfg = MTD|Win32
		{2F8B62EB-A9B2-4E08-B352-2EDC605C162B}.MT|Win32.Build.0 = MTD|Win32
		{2F8B62EB-A9B2-4E08-B352-2EDC605C162B}.MTD|Win32.ActiveCfg = MTD|Win32
		{2F8B62EB-A9B2-4E08-B352-2EDC605C162B}.MTD|Win32.Build.0 = MTD|Win32
		{2F8B62EB-A9B2-4E08-B352-2EDC605C162B}.Release|Win32.ActiveCfg = Release|Win32
		{2F8B62EB-A9B2-4E08-B352-2EDC605C162B}.Release|Win32.Build.0 = Release|Win32
		{2F8B62EB-A9B2-4E08-B352-2EDC605C162B}.Unicode Debug|Win32.ActiveCfg = Debug|Win32
		{2F8B62EB-A9B2-4E08-B352-2EDC605C162B}.Unicode Debug|Win32.Build.0 = Debug|Win32
		{2F8B62EB-A9B2-4E08-B352-2EDC605C162B}.Unicode Release|Win32.ActiveCfg = Release|Win32
		{2F8B62EB-A9B2-4E08-B352-2EDC605C162B}.Unicode Release|Win32.Build.0 = Release|Win32
		{2F8B62EB-A9B2-4E08-B352-2EDC605C162B}.Universal Debug|Win32.ActiveCfg = Debug|Win32
		{2F8B62EB-A9B2-4E08-B352-2EDC605C162B}.Universal Debug|Win32.Build.0 = Debug|Win32
		{2F8B62EB-A9B2-4E08-B352-2EDC605C162B}.Universal Release|Win32.ActiveCfg = Release|Win32
		{2F8B62EB-A9B2-4E08-B352-2EDC605C162B}.Universal Release|Win32.Build.0 = Release|Win32
		{2F8B62EB-A9B2-4E08-B352-2EDC605C162B}.Universal Unicode Debug|Win32.ActiveCfg = Debug|Win32
		{2F8B62EB-A9B2-4E08-B352-2EDC605C162B}.Universal Unicode Debug|Win32.Build.0 = Debug|Win32
		{2F8B62EB-A9B2-4E08-B352-2EDC605C162B}.Universal Unicode Release|Win32.ActiveCfg = Release|Win32
		{2F8B62EB-A9B2-4E08-B352-2EDC605C162B}.Universal Unicode Release|Win32.Build.0 = Release|Win32
	EndGlobalSection
	GlobalSection(SolutionProperties) = preSolution
		HideSolutionNode = FALSE
	EndGlobalSection
EndGlobal
