Microsoft Visual Studio Solution File, Format Version 11.00
# Visual Studio 2010
Project("{8BC9CEB8-8B4A-11D0-8D11-00A0C91BC942}") = "ExpressionParser", "ExpressionParser\ExpressionParser.vcxproj", "{61634B0E-1A94-43AC-9BD7-490002ACDBF5}"
EndProject
Project("{8BC9CEB8-8B4A-11D0-8D11-00A0C91BC942}") = "VCell", "VCell\VCell.vcxproj", "{4CBF3C66-AA7E-4456-AB4A-D0D83B9755E9}"
EndProject
Project("{8BC9CEB8-8B4A-11D0-8D11-00A0C91BC942}") = "IDAWin", "IDAWin\IDAWin.vcxproj", "{1F2CB7B8-7A6D-4DA0-8CBD-750B540070A2}"
EndProject
Project("{8BC9CEB8-8B4A-11D0-8D11-00A0C91BC942}") = "VCellApp", "VCellApp\VCellApp.vcxproj", "{AF4537E0-C016-434C-BEB1-AF98F1898F36}"
EndProject
Project("{8BC9CEB8-8B4A-11D0-8D11-00A0C91BC942}") = "Stochastic", "Stochastic\Stochastic.vcxproj", "{D6796FAD-8BCA-4990-B417-CAA0408D8D29}"
EndProject
Project("{8BC9CEB8-8B4A-11D0-8D11-00A0C91BC942}") = "JavaBinding", "JavaBinding\JavaBinding.vcxproj", "{13E3A338-1E38-4C0B-A030-41532D77EDCB}"
	ProjectSection(ProjectDependencies) = postProject
		{47A14113-919A-4E9E-8905-B1EBF1A4AB0E} = {47A14113-919A-4E9E-8905-B1EBF1A4AB0E}
		{E1D50119-2A2A-4B2E-8F5C-3A39887E7A16} = {E1D50119-2A2A-4B2E-8F5C-3A39887E7A16}
		{6BE6363D-F03D-41AD-97FA-EDCF858B61D0} = {6BE6363D-F03D-41AD-97FA-EDCF858B61D0}
	EndProjectSection
EndProject
Project("{8BC9CEB8-8B4A-11D0-8D11-00A0C91BC942}") = "ExpressionParserTest", "ExpressionParserTest\ExpressionParserTest.vcxproj", "{B4868836-B929-4C07-B067-7027056AB8EE}"
EndProject
Project("{8BC9CEB8-8B4A-11D0-8D11-00A0C91BC942}") = "Optimization2", "Optimization2\Optimization2.vcxproj", "{2DC1010B-D06E-41B8-A18B-05080CDB459D}"
EndProject
Project("{8BC9CEB8-8B4A-11D0-8D11-00A0C91BC942}") = "OptStandalone2", "OptStandalone2\OptStandalone2.vcxproj", "{9894750B-4B92-4B3E-AB0B-E15D40B10F90}"
EndProject
Project("{8BC9CEB8-8B4A-11D0-8D11-00A0C91BC942}") = "SundialsSolverStandalone", "SundialsSolverStandalone\SundialsSolverStandalone.vcxproj", "{5E3E8AEA-2B04-41E7-A4A0-8BA437965CC5}"
EndProject
Project("{8BC9CEB8-8B4A-11D0-8D11-00A0C91BC942}") = "VCell_CodeGen", "VCell_CodeGen\VCell_CodeGen.vcxproj", "{2F8B62EB-A9B2-4E08-B352-2EDC605C162B}"
EndProject
Project("{8BC9CEB8-8B4A-11D0-8D11-00A0C91BC942}") = "zip", "zip\zip.vcxproj", "{A197CDB3-1A40-4133-BB7B-6D3D2DEFE8EB}"
EndProject
Project("{8BC9CEB8-8B4A-11D0-8D11-00A0C91BC942}") = "tinyxml", "tinyxml\tinyxml.vcxproj", "{FDD4A1CA-22CB-4AF0-9180-E9BB3839035C}"
EndProject
Project("{8BC9CEB8-8B4A-11D0-8D11-00A0C91BC942}") = "qhull", "qhull\qhull.vcxproj", "{18170215-579A-4CC2-84CC-2E022EBDBE08}"
EndProject
Project("{8BC9CEB8-8B4A-11D0-8D11-00A0C91BC942}") = "zlib", "zlib\zlib.vcxproj", "{A5FB3DAE-0E5C-44F9-88B6-D6F021B715C8}"
EndProject
Project("{8BC9CEB8-8B4A-11D0-8D11-00A0C91BC942}") = "unzip", "unzip\unzip.vcxproj", "{1C37826E-9B5F-4684-A276-29FA84B62CA4}"
EndProject
Project("{8BC9CEB8-8B4A-11D0-8D11-00A0C91BC942}") = "cfsqp", "fsqp\fsqp.vcxproj", "{35E71D53-B9C7-4997-8B11-A3D0715D7ED5}"
EndProject
Project("{8BC9CEB8-8B4A-11D0-8D11-00A0C91BC942}") = "FiniteVolume", "FiniteVolume\FiniteVolume.vcxproj", "{A0F6D04B-82FC-44EF-AA65-681ED3E1E3F4}"
	ProjectSection(ProjectDependencies) = postProject
		{61634B0E-1A94-43AC-9BD7-490002ACDBF5} = {61634B0E-1A94-43AC-9BD7-490002ACDBF5}
		{1F2CB7B8-7A6D-4DA0-8CBD-750B540070A2} = {1F2CB7B8-7A6D-4DA0-8CBD-750B540070A2}
	EndProjectSection
EndProject
Project("{8BC9CEB8-8B4A-11D0-8D11-00A0C91BC942}") = "netcdf-3.6.2", "netcdf-3.6.2\netcdf-3.6.2.vcxproj", "{99A08741-F229-4D69-A63B-FC5F4E6B52CB}"
EndProject
Project("{8BC9CEB8-8B4A-11D0-8D11-00A0C91BC942}") = "smoldyn", "smoldyn\smoldyn.vcxproj", "{B114C57D-1D71-491F-B698-C231B30D2F02}"
	ProjectSection(ProjectDependencies) = postProject
		{61634B0E-1A94-43AC-9BD7-490002ACDBF5} = {61634B0E-1A94-43AC-9BD7-490002ACDBF5}
		{1F2CB7B8-7A6D-4DA0-8CBD-750B540070A2} = {1F2CB7B8-7A6D-4DA0-8CBD-750B540070A2}
	EndProjectSection
EndProject
Project("{8BC9CEB8-8B4A-11D0-8D11-00A0C91BC942}") = "sundials", "sundials\sundials.vcxproj", "{E1D50119-2A2A-4B2E-8F5C-3A39887E7A16}"
EndProject
Project("{8BC9CEB8-8B4A-11D0-8D11-00A0C91BC942}") = "sundials_cvode", "sundials\sundials_cvode.vcxproj", "{47A14113-919A-4E9E-8905-B1EBF1A4AB0E}"
EndProject
Project("{8BC9CEB8-8B4A-11D0-8D11-00A0C91BC942}") = "sundials_ida", "sundials\sundials_ida.vcxproj", "{6BE6363D-F03D-41AD-97FA-EDCF858B61D0}"
EndProject
Project("{8BC9CEB8-8B4A-11D0-8D11-00A0C91BC942}") = "sundials_nvecserial", "sundials\sundials_nvecserial.vcxproj", "{A558E3A2-63E7-4054-9A1A-2B4A0BAD8A63}"
EndProject
Global
	GlobalSection(SolutionConfigurationPlatforms) = preSolution
		Debug_Messaging|Win32 = Debug_Messaging|Win32
		Debug_Messaging|x64 = Debug_Messaging|x64
		Debug_No_Messaging|Win32 = Debug_No_Messaging|Win32
		Debug_No_Messaging|x64 = Debug_No_Messaging|x64
		Debug|Win32 = Debug|Win32
		Debug|x64 = Debug|x64
		MPI_Debug_No_Messaging|Win32 = MPI_Debug_No_Messaging|Win32
		MPI_Debug_No_Messaging|x64 = MPI_Debug_No_Messaging|x64
		Release_JavaBinding|Win32 = Release_JavaBinding|Win32
		Release_JavaBinding|x64 = Release_JavaBinding|x64
		Release_Messaging|Win32 = Release_Messaging|Win32
		Release_Messaging|x64 = Release_Messaging|x64
		Release_No_Messaging|Win32 = Release_No_Messaging|Win32
		Release_No_Messaging|x64 = Release_No_Messaging|x64
		Release|Win32 = Release|Win32
		Release|x64 = Release|x64
	EndGlobalSection
	GlobalSection(ProjectConfigurationPlatforms) = postSolution
		{61634B0E-1A94-43AC-9BD7-490002ACDBF5}.Debug_Messaging|Win32.ActiveCfg = Debug_Messaging|Win32
		{61634B0E-1A94-43AC-9BD7-490002ACDBF5}.Debug_Messaging|Win32.Build.0 = Debug_Messaging|Win32
		{61634B0E-1A94-43AC-9BD7-490002ACDBF5}.Debug_Messaging|x64.ActiveCfg = Debug_Messaging|Win32
		{61634B0E-1A94-43AC-9BD7-490002ACDBF5}.Debug_Messaging|x64.Build.0 = Debug_Messaging|Win32
		{61634B0E-1A94-43AC-9BD7-490002ACDBF5}.Debug_No_Messaging|Win32.ActiveCfg = Debug_No_Messaging|Win32
		{61634B0E-1A94-43AC-9BD7-490002ACDBF5}.Debug_No_Messaging|Win32.Build.0 = Debug_No_Messaging|Win32
		{61634B0E-1A94-43AC-9BD7-490002ACDBF5}.Debug_No_Messaging|x64.ActiveCfg = Debug_No_Messaging|Win32
		{61634B0E-1A94-43AC-9BD7-490002ACDBF5}.Debug_No_Messaging|x64.Build.0 = Debug_No_Messaging|Win32
		{61634B0E-1A94-43AC-9BD7-490002ACDBF5}.Debug|Win32.ActiveCfg = Debug_No_Messaging|x64
		{61634B0E-1A94-43AC-9BD7-490002ACDBF5}.Debug|x64.ActiveCfg = Debug_No_Messaging|x64
		{61634B0E-1A94-43AC-9BD7-490002ACDBF5}.Debug|x64.Build.0 = Debug_No_Messaging|x64
		{61634B0E-1A94-43AC-9BD7-490002ACDBF5}.MPI_Debug_No_Messaging|Win32.ActiveCfg = MPI_Debug_No_Messaging|Win32
		{61634B0E-1A94-43AC-9BD7-490002ACDBF5}.MPI_Debug_No_Messaging|Win32.Build.0 = MPI_Debug_No_Messaging|Win32
		{61634B0E-1A94-43AC-9BD7-490002ACDBF5}.MPI_Debug_No_Messaging|x64.ActiveCfg = MPI_Debug_No_Messaging|Win32
		{61634B0E-1A94-43AC-9BD7-490002ACDBF5}.MPI_Debug_No_Messaging|x64.Build.0 = MPI_Debug_No_Messaging|Win32
		{61634B0E-1A94-43AC-9BD7-490002ACDBF5}.Release_JavaBinding|Win32.ActiveCfg = Release_JavaBinding|Win32
		{61634B0E-1A94-43AC-9BD7-490002ACDBF5}.Release_JavaBinding|Win32.Build.0 = Release_JavaBinding|Win32
		{61634B0E-1A94-43AC-9BD7-490002ACDBF5}.Release_JavaBinding|x64.ActiveCfg = Release_JavaBinding|x64
		{61634B0E-1A94-43AC-9BD7-490002ACDBF5}.Release_JavaBinding|x64.Build.0 = Release_JavaBinding|x64
		{61634B0E-1A94-43AC-9BD7-490002ACDBF5}.Release_Messaging|Win32.ActiveCfg = Release_Messaging|Win32
		{61634B0E-1A94-43AC-9BD7-490002ACDBF5}.Release_Messaging|Win32.Build.0 = Release_Messaging|Win32
		{61634B0E-1A94-43AC-9BD7-490002ACDBF5}.Release_Messaging|x64.ActiveCfg = Release_Messaging|Win32
		{61634B0E-1A94-43AC-9BD7-490002ACDBF5}.Release_Messaging|x64.Build.0 = Release_Messaging|Win32
		{61634B0E-1A94-43AC-9BD7-490002ACDBF5}.Release_No_Messaging|Win32.ActiveCfg = Release_No_Messaging|Win32
		{61634B0E-1A94-43AC-9BD7-490002ACDBF5}.Release_No_Messaging|Win32.Build.0 = Release_No_Messaging|Win32
		{61634B0E-1A94-43AC-9BD7-490002ACDBF5}.Release_No_Messaging|x64.ActiveCfg = Release_No_Messaging|Win32
		{61634B0E-1A94-43AC-9BD7-490002ACDBF5}.Release_No_Messaging|x64.Build.0 = Release_No_Messaging|Win32
		{61634B0E-1A94-43AC-9BD7-490002ACDBF5}.Release|Win32.ActiveCfg = Release_No_Messaging|x64
		{61634B0E-1A94-43AC-9BD7-490002ACDBF5}.Release|x64.ActiveCfg = Release_No_Messaging|x64
		{61634B0E-1A94-43AC-9BD7-490002ACDBF5}.Release|x64.Build.0 = Release_No_Messaging|x64
		{4CBF3C66-AA7E-4456-AB4A-D0D83B9755E9}.Debug_Messaging|Win32.ActiveCfg = Debug_Messaging|Win32
		{4CBF3C66-AA7E-4456-AB4A-D0D83B9755E9}.Debug_Messaging|Win32.Build.0 = Debug_Messaging|Win32
		{4CBF3C66-AA7E-4456-AB4A-D0D83B9755E9}.Debug_Messaging|x64.ActiveCfg = Debug_Messaging|Win32
		{4CBF3C66-AA7E-4456-AB4A-D0D83B9755E9}.Debug_Messaging|x64.Build.0 = Debug_Messaging|Win32
		{4CBF3C66-AA7E-4456-AB4A-D0D83B9755E9}.Debug_No_Messaging|Win32.ActiveCfg = Debug_No_Messaging|Win32
		{4CBF3C66-AA7E-4456-AB4A-D0D83B9755E9}.Debug_No_Messaging|Win32.Build.0 = Debug_No_Messaging|Win32
		{4CBF3C66-AA7E-4456-AB4A-D0D83B9755E9}.Debug_No_Messaging|x64.ActiveCfg = Debug_No_Messaging|Win32
		{4CBF3C66-AA7E-4456-AB4A-D0D83B9755E9}.Debug_No_Messaging|x64.Build.0 = Debug_No_Messaging|Win32
		{4CBF3C66-AA7E-4456-AB4A-D0D83B9755E9}.Debug|Win32.ActiveCfg = Debug_No_Messaging|x64
		{4CBF3C66-AA7E-4456-AB4A-D0D83B9755E9}.Debug|x64.ActiveCfg = Debug_No_Messaging|x64
		{4CBF3C66-AA7E-4456-AB4A-D0D83B9755E9}.Debug|x64.Build.0 = Debug_No_Messaging|x64
		{4CBF3C66-AA7E-4456-AB4A-D0D83B9755E9}.MPI_Debug_No_Messaging|Win32.ActiveCfg = MPI_Debug_No_Messaging|Win32
		{4CBF3C66-AA7E-4456-AB4A-D0D83B9755E9}.MPI_Debug_No_Messaging|Win32.Build.0 = MPI_Debug_No_Messaging|Win32
		{4CBF3C66-AA7E-4456-AB4A-D0D83B9755E9}.MPI_Debug_No_Messaging|x64.ActiveCfg = MPI_Debug_No_Messaging|Win32
		{4CBF3C66-AA7E-4456-AB4A-D0D83B9755E9}.MPI_Debug_No_Messaging|x64.Build.0 = MPI_Debug_No_Messaging|Win32
		{4CBF3C66-AA7E-4456-AB4A-D0D83B9755E9}.Release_JavaBinding|Win32.ActiveCfg = Release_JavaBinding|Win32
		{4CBF3C66-AA7E-4456-AB4A-D0D83B9755E9}.Release_JavaBinding|Win32.Build.0 = Release_JavaBinding|Win32
		{4CBF3C66-AA7E-4456-AB4A-D0D83B9755E9}.Release_JavaBinding|x64.ActiveCfg = Release_JavaBinding|x64
		{4CBF3C66-AA7E-4456-AB4A-D0D83B9755E9}.Release_JavaBinding|x64.Build.0 = Release_JavaBinding|x64
		{4CBF3C66-AA7E-4456-AB4A-D0D83B9755E9}.Release_Messaging|Win32.ActiveCfg = Release_Messaging|Win32
		{4CBF3C66-AA7E-4456-AB4A-D0D83B9755E9}.Release_Messaging|Win32.Build.0 = Release_Messaging|Win32
		{4CBF3C66-AA7E-4456-AB4A-D0D83B9755E9}.Release_Messaging|x64.ActiveCfg = Release_Messaging|Win32
		{4CBF3C66-AA7E-4456-AB4A-D0D83B9755E9}.Release_Messaging|x64.Build.0 = Release_Messaging|Win32
		{4CBF3C66-AA7E-4456-AB4A-D0D83B9755E9}.Release_No_Messaging|Win32.ActiveCfg = Release_No_Messaging|Win32
		{4CBF3C66-AA7E-4456-AB4A-D0D83B9755E9}.Release_No_Messaging|Win32.Build.0 = Release_No_Messaging|Win32
		{4CBF3C66-AA7E-4456-AB4A-D0D83B9755E9}.Release_No_Messaging|x64.ActiveCfg = Release_No_Messaging|Win32
		{4CBF3C66-AA7E-4456-AB4A-D0D83B9755E9}.Release_No_Messaging|x64.Build.0 = Release_No_Messaging|Win32
		{4CBF3C66-AA7E-4456-AB4A-D0D83B9755E9}.Release|Win32.ActiveCfg = Release_No_Messaging|x64
		{4CBF3C66-AA7E-4456-AB4A-D0D83B9755E9}.Release|x64.ActiveCfg = Release_No_Messaging|x64
		{4CBF3C66-AA7E-4456-AB4A-D0D83B9755E9}.Release|x64.Build.0 = Release_No_Messaging|x64
		{1F2CB7B8-7A6D-4DA0-8CBD-750B540070A2}.Debug_Messaging|Win32.ActiveCfg = Debug_Messaging|Win32
		{1F2CB7B8-7A6D-4DA0-8CBD-750B540070A2}.Debug_Messaging|Win32.Build.0 = Debug_Messaging|Win32
		{1F2CB7B8-7A6D-4DA0-8CBD-750B540070A2}.Debug_Messaging|x64.ActiveCfg = Debug_Messaging|Win32
		{1F2CB7B8-7A6D-4DA0-8CBD-750B540070A2}.Debug_Messaging|x64.Build.0 = Debug_Messaging|Win32
		{1F2CB7B8-7A6D-4DA0-8CBD-750B540070A2}.Debug_No_Messaging|Win32.ActiveCfg = Debug_No_Messaging|Win32
		{1F2CB7B8-7A6D-4DA0-8CBD-750B540070A2}.Debug_No_Messaging|Win32.Build.0 = Debug_No_Messaging|Win32
		{1F2CB7B8-7A6D-4DA0-8CBD-750B540070A2}.Debug_No_Messaging|x64.ActiveCfg = Debug_No_Messaging|Win32
		{1F2CB7B8-7A6D-4DA0-8CBD-750B540070A2}.Debug_No_Messaging|x64.Build.0 = Debug_No_Messaging|Win32
		{1F2CB7B8-7A6D-4DA0-8CBD-750B540070A2}.Debug|Win32.ActiveCfg = Debug_No_Messaging|x64
		{1F2CB7B8-7A6D-4DA0-8CBD-750B540070A2}.Debug|x64.ActiveCfg = Debug_No_Messaging|x64
		{1F2CB7B8-7A6D-4DA0-8CBD-750B540070A2}.Debug|x64.Build.0 = Debug_No_Messaging|x64
		{1F2CB7B8-7A6D-4DA0-8CBD-750B540070A2}.MPI_Debug_No_Messaging|Win32.ActiveCfg = Debug_No_Messaging|Win32
		{1F2CB7B8-7A6D-4DA0-8CBD-750B540070A2}.MPI_Debug_No_Messaging|Win32.Build.0 = Debug_No_Messaging|Win32
		{1F2CB7B8-7A6D-4DA0-8CBD-750B540070A2}.MPI_Debug_No_Messaging|x64.ActiveCfg = Debug_No_Messaging|Win32
		{1F2CB7B8-7A6D-4DA0-8CBD-750B540070A2}.MPI_Debug_No_Messaging|x64.Build.0 = Debug_No_Messaging|Win32
		{1F2CB7B8-7A6D-4DA0-8CBD-750B540070A2}.Release_JavaBinding|Win32.ActiveCfg = Release_JavaBinding|Win32
		{1F2CB7B8-7A6D-4DA0-8CBD-750B540070A2}.Release_JavaBinding|Win32.Build.0 = Release_JavaBinding|Win32
		{1F2CB7B8-7A6D-4DA0-8CBD-750B540070A2}.Release_JavaBinding|x64.ActiveCfg = Release_JavaBinding|x64
		{1F2CB7B8-7A6D-4DA0-8CBD-750B540070A2}.Release_JavaBinding|x64.Build.0 = Release_JavaBinding|x64
		{1F2CB7B8-7A6D-4DA0-8CBD-750B540070A2}.Release_Messaging|Win32.ActiveCfg = Release_Messaging|Win32
		{1F2CB7B8-7A6D-4DA0-8CBD-750B540070A2}.Release_Messaging|Win32.Build.0 = Release_Messaging|Win32
		{1F2CB7B8-7A6D-4DA0-8CBD-750B540070A2}.Release_Messaging|x64.ActiveCfg = Release_Messaging|Win32
		{1F2CB7B8-7A6D-4DA0-8CBD-750B540070A2}.Release_Messaging|x64.Build.0 = Release_Messaging|Win32
		{1F2CB7B8-7A6D-4DA0-8CBD-750B540070A2}.Release_No_Messaging|Win32.ActiveCfg = Release_No_Messaging|Win32
		{1F2CB7B8-7A6D-4DA0-8CBD-750B540070A2}.Release_No_Messaging|Win32.Build.0 = Release_No_Messaging|Win32
		{1F2CB7B8-7A6D-4DA0-8CBD-750B540070A2}.Release_No_Messaging|x64.ActiveCfg = Release_No_Messaging|Win32
		{1F2CB7B8-7A6D-4DA0-8CBD-750B540070A2}.Release_No_Messaging|x64.Build.0 = Release_No_Messaging|Win32
		{1F2CB7B8-7A6D-4DA0-8CBD-750B540070A2}.Release|Win32.ActiveCfg = Release_No_Messaging|x64
		{1F2CB7B8-7A6D-4DA0-8CBD-750B540070A2}.Release|x64.ActiveCfg = Release_No_Messaging|x64
		{1F2CB7B8-7A6D-4DA0-8CBD-750B540070A2}.Release|x64.Build.0 = Release_No_Messaging|x64
		{AF4537E0-C016-434C-BEB1-AF98F1898F36}.Debug_Messaging|Win32.ActiveCfg = Debug_Messaging|Win32
		{AF4537E0-C016-434C-BEB1-AF98F1898F36}.Debug_Messaging|Win32.Build.0 = Debug_Messaging|Win32
		{AF4537E0-C016-434C-BEB1-AF98F1898F36}.Debug_Messaging|x64.ActiveCfg = Debug_Messaging|Win32
		{AF4537E0-C016-434C-BEB1-AF98F1898F36}.Debug_Messaging|x64.Build.0 = Debug_Messaging|Win32
		{AF4537E0-C016-434C-BEB1-AF98F1898F36}.Debug_No_Messaging|Win32.ActiveCfg = Debug_No_Messaging|Win32
		{AF4537E0-C016-434C-BEB1-AF98F1898F36}.Debug_No_Messaging|Win32.Build.0 = Debug_No_Messaging|Win32
		{AF4537E0-C016-434C-BEB1-AF98F1898F36}.Debug_No_Messaging|x64.ActiveCfg = Debug_No_Messaging|Win32
		{AF4537E0-C016-434C-BEB1-AF98F1898F36}.Debug_No_Messaging|x64.Build.0 = Debug_No_Messaging|Win32
		{AF4537E0-C016-434C-BEB1-AF98F1898F36}.Debug|Win32.ActiveCfg = Debug_No_Messaging|x64
		{AF4537E0-C016-434C-BEB1-AF98F1898F36}.Debug|x64.ActiveCfg = Debug_No_Messaging|x64
		{AF4537E0-C016-434C-BEB1-AF98F1898F36}.Debug|x64.Build.0 = Debug_No_Messaging|x64
		{AF4537E0-C016-434C-BEB1-AF98F1898F36}.MPI_Debug_No_Messaging|Win32.ActiveCfg = MPI_Debug_No_Messaging|Win32
		{AF4537E0-C016-434C-BEB1-AF98F1898F36}.MPI_Debug_No_Messaging|Win32.Build.0 = MPI_Debug_No_Messaging|Win32
		{AF4537E0-C016-434C-BEB1-AF98F1898F36}.MPI_Debug_No_Messaging|x64.ActiveCfg = MPI_Debug_No_Messaging|Win32
		{AF4537E0-C016-434C-BEB1-AF98F1898F36}.MPI_Debug_No_Messaging|x64.Build.0 = MPI_Debug_No_Messaging|Win32
		{AF4537E0-C016-434C-BEB1-AF98F1898F36}.Release_JavaBinding|Win32.ActiveCfg = Release_JavaBinding|Win32
		{AF4537E0-C016-434C-BEB1-AF98F1898F36}.Release_JavaBinding|Win32.Build.0 = Release_JavaBinding|Win32
		{AF4537E0-C016-434C-BEB1-AF98F1898F36}.Release_JavaBinding|x64.ActiveCfg = Release_JavaBinding|x64
		{AF4537E0-C016-434C-BEB1-AF98F1898F36}.Release_JavaBinding|x64.Build.0 = Release_JavaBinding|x64
		{AF4537E0-C016-434C-BEB1-AF98F1898F36}.Release_Messaging|Win32.ActiveCfg = Release_Messaging|Win32
		{AF4537E0-C016-434C-BEB1-AF98F1898F36}.Release_Messaging|Win32.Build.0 = Release_Messaging|Win32
		{AF4537E0-C016-434C-BEB1-AF98F1898F36}.Release_Messaging|x64.ActiveCfg = Release_Messaging|Win32
		{AF4537E0-C016-434C-BEB1-AF98F1898F36}.Release_Messaging|x64.Build.0 = Release_Messaging|Win32
		{AF4537E0-C016-434C-BEB1-AF98F1898F36}.Release_No_Messaging|Win32.ActiveCfg = Release_No_Messaging|Win32
		{AF4537E0-C016-434C-BEB1-AF98F1898F36}.Release_No_Messaging|Win32.Build.0 = Release_No_Messaging|Win32
		{AF4537E0-C016-434C-BEB1-AF98F1898F36}.Release_No_Messaging|x64.ActiveCfg = Release_No_Messaging|Win32
		{AF4537E0-C016-434C-BEB1-AF98F1898F36}.Release_No_Messaging|x64.Build.0 = Release_No_Messaging|Win32
		{AF4537E0-C016-434C-BEB1-AF98F1898F36}.Release|Win32.ActiveCfg = Release_No_Messaging|x64
		{AF4537E0-C016-434C-BEB1-AF98F1898F36}.Release|x64.ActiveCfg = Release_No_Messaging|x64
		{AF4537E0-C016-434C-BEB1-AF98F1898F36}.Release|x64.Build.0 = Release_No_Messaging|x64
		{D6796FAD-8BCA-4990-B417-CAA0408D8D29}.Debug_Messaging|Win32.ActiveCfg = Debug_Messaging|Win32
		{D6796FAD-8BCA-4990-B417-CAA0408D8D29}.Debug_Messaging|Win32.Build.0 = Debug_Messaging|Win32
		{D6796FAD-8BCA-4990-B417-CAA0408D8D29}.Debug_Messaging|x64.ActiveCfg = Debug_Messaging|Win32
		{D6796FAD-8BCA-4990-B417-CAA0408D8D29}.Debug_Messaging|x64.Build.0 = Debug_Messaging|Win32
		{D6796FAD-8BCA-4990-B417-CAA0408D8D29}.Debug_No_Messaging|Win32.ActiveCfg = Debug_No_Messaging|Win32
		{D6796FAD-8BCA-4990-B417-CAA0408D8D29}.Debug_No_Messaging|Win32.Build.0 = Debug_No_Messaging|Win32
		{D6796FAD-8BCA-4990-B417-CAA0408D8D29}.Debug_No_Messaging|x64.ActiveCfg = Debug_No_Messaging|Win32
		{D6796FAD-8BCA-4990-B417-CAA0408D8D29}.Debug_No_Messaging|x64.Build.0 = Debug_No_Messaging|Win32
		{D6796FAD-8BCA-4990-B417-CAA0408D8D29}.Debug|Win32.ActiveCfg = Debug_No_Messaging|x64
		{D6796FAD-8BCA-4990-B417-CAA0408D8D29}.Debug|x64.ActiveCfg = Debug_No_Messaging|x64
		{D6796FAD-8BCA-4990-B417-CAA0408D8D29}.Debug|x64.Build.0 = Debug_No_Messaging|x64
		{D6796FAD-8BCA-4990-B417-CAA0408D8D29}.MPI_Debug_No_Messaging|Win32.ActiveCfg = MPI_Debug_No_Messaging|Win32
		{D6796FAD-8BCA-4990-B417-CAA0408D8D29}.MPI_Debug_No_Messaging|Win32.Build.0 = MPI_Debug_No_Messaging|Win32
		{D6796FAD-8BCA-4990-B417-CAA0408D8D29}.MPI_Debug_No_Messaging|x64.ActiveCfg = MPI_Debug_No_Messaging|Win32
		{D6796FAD-8BCA-4990-B417-CAA0408D8D29}.MPI_Debug_No_Messaging|x64.Build.0 = MPI_Debug_No_Messaging|Win32
		{D6796FAD-8BCA-4990-B417-CAA0408D8D29}.Release_JavaBinding|Win32.ActiveCfg = Release_JavaBinding|Win32
		{D6796FAD-8BCA-4990-B417-CAA0408D8D29}.Release_JavaBinding|Win32.Build.0 = Release_JavaBinding|Win32
		{D6796FAD-8BCA-4990-B417-CAA0408D8D29}.Release_JavaBinding|x64.ActiveCfg = Release_JavaBinding|x64
		{D6796FAD-8BCA-4990-B417-CAA0408D8D29}.Release_JavaBinding|x64.Build.0 = Release_JavaBinding|x64
		{D6796FAD-8BCA-4990-B417-CAA0408D8D29}.Release_Messaging|Win32.ActiveCfg = Release_Messaging|Win32
		{D6796FAD-8BCA-4990-B417-CAA0408D8D29}.Release_Messaging|Win32.Build.0 = Release_Messaging|Win32
		{D6796FAD-8BCA-4990-B417-CAA0408D8D29}.Release_Messaging|x64.ActiveCfg = Release_Messaging|Win32
		{D6796FAD-8BCA-4990-B417-CAA0408D8D29}.Release_Messaging|x64.Build.0 = Release_Messaging|Win32
		{D6796FAD-8BCA-4990-B417-CAA0408D8D29}.Release_No_Messaging|Win32.ActiveCfg = Release_No_Messaging|Win32
		{D6796FAD-8BCA-4990-B417-CAA0408D8D29}.Release_No_Messaging|Win32.Build.0 = Release_No_Messaging|Win32
		{D6796FAD-8BCA-4990-B417-CAA0408D8D29}.Release_No_Messaging|x64.ActiveCfg = Release_No_Messaging|Win32
		{D6796FAD-8BCA-4990-B417-CAA0408D8D29}.Release_No_Messaging|x64.Build.0 = Release_No_Messaging|Win32
		{D6796FAD-8BCA-4990-B417-CAA0408D8D29}.Release|Win32.ActiveCfg = Release_No_Messaging|x64
		{D6796FAD-8BCA-4990-B417-CAA0408D8D29}.Release|x64.ActiveCfg = Release_No_Messaging|x64
		{D6796FAD-8BCA-4990-B417-CAA0408D8D29}.Release|x64.Build.0 = Release_No_Messaging|x64
		{13E3A338-1E38-4C0B-A030-41532D77EDCB}.Debug_Messaging|Win32.ActiveCfg = Debug_Messaging|Win32
		{13E3A338-1E38-4C0B-A030-41532D77EDCB}.Debug_Messaging|Win32.Build.0 = Debug_Messaging|Win32
		{13E3A338-1E38-4C0B-A030-41532D77EDCB}.Debug_Messaging|x64.ActiveCfg = Debug_Messaging|Win32
		{13E3A338-1E38-4C0B-A030-41532D77EDCB}.Debug_Messaging|x64.Build.0 = Debug_Messaging|Win32
		{13E3A338-1E38-4C0B-A030-41532D77EDCB}.Debug_No_Messaging|Win32.ActiveCfg = Debug_No_Messaging|Win32
		{13E3A338-1E38-4C0B-A030-41532D77EDCB}.Debug_No_Messaging|Win32.Build.0 = Debug_No_Messaging|Win32
		{13E3A338-1E38-4C0B-A030-41532D77EDCB}.Debug_No_Messaging|x64.ActiveCfg = Debug_No_Messaging|Win32
		{13E3A338-1E38-4C0B-A030-41532D77EDCB}.Debug_No_Messaging|x64.Build.0 = Debug_No_Messaging|Win32
		{13E3A338-1E38-4C0B-A030-41532D77EDCB}.Debug|Win32.ActiveCfg = Debug_No_Messaging|x64
		{13E3A338-1E38-4C0B-A030-41532D77EDCB}.Debug|x64.ActiveCfg = Debug_No_Messaging|x64
		{13E3A338-1E38-4C0B-A030-41532D77EDCB}.Debug|x64.Build.0 = Debug_No_Messaging|x64
		{13E3A338-1E38-4C0B-A030-41532D77EDCB}.MPI_Debug_No_Messaging|Win32.ActiveCfg = MPI_Debug_No_Messaging|Win32
		{13E3A338-1E38-4C0B-A030-41532D77EDCB}.MPI_Debug_No_Messaging|Win32.Build.0 = MPI_Debug_No_Messaging|Win32
		{13E3A338-1E38-4C0B-A030-41532D77EDCB}.MPI_Debug_No_Messaging|x64.ActiveCfg = MPI_Debug_No_Messaging|Win32
		{13E3A338-1E38-4C0B-A030-41532D77EDCB}.MPI_Debug_No_Messaging|x64.Build.0 = MPI_Debug_No_Messaging|Win32
		{13E3A338-1E38-4C0B-A030-41532D77EDCB}.Release_JavaBinding|Win32.ActiveCfg = Release_JavaBinding|Win32
		{13E3A338-1E38-4C0B-A030-41532D77EDCB}.Release_JavaBinding|Win32.Build.0 = Release_JavaBinding|Win32
		{13E3A338-1E38-4C0B-A030-41532D77EDCB}.Release_JavaBinding|x64.ActiveCfg = Release_JavaBinding|x64
		{13E3A338-1E38-4C0B-A030-41532D77EDCB}.Release_JavaBinding|x64.Build.0 = Release_JavaBinding|x64
		{13E3A338-1E38-4C0B-A030-41532D77EDCB}.Release_Messaging|Win32.ActiveCfg = Release_Messaging|Win32
		{13E3A338-1E38-4C0B-A030-41532D77EDCB}.Release_Messaging|Win32.Build.0 = Release_Messaging|Win32
		{13E3A338-1E38-4C0B-A030-41532D77EDCB}.Release_Messaging|x64.ActiveCfg = Release_Messaging|Win32
		{13E3A338-1E38-4C0B-A030-41532D77EDCB}.Release_Messaging|x64.Build.0 = Release_Messaging|Win32
		{13E3A338-1E38-4C0B-A030-41532D77EDCB}.Release_No_Messaging|Win32.ActiveCfg = Release_No_Messaging|Win32
		{13E3A338-1E38-4C0B-A030-41532D77EDCB}.Release_No_Messaging|Win32.Build.0 = Release_No_Messaging|Win32
		{13E3A338-1E38-4C0B-A030-41532D77EDCB}.Release_No_Messaging|x64.ActiveCfg = Release_No_Messaging|Win32
		{13E3A338-1E38-4C0B-A030-41532D77EDCB}.Release_No_Messaging|x64.Build.0 = Release_No_Messaging|Win32
		{13E3A338-1E38-4C0B-A030-41532D77EDCB}.Release|Win32.ActiveCfg = Release_No_Messaging|x64
		{13E3A338-1E38-4C0B-A030-41532D77EDCB}.Release|x64.ActiveCfg = Release_No_Messaging|x64
		{13E3A338-1E38-4C0B-A030-41532D77EDCB}.Release|x64.Build.0 = Release_No_Messaging|x64
		{B4868836-B929-4C07-B067-7027056AB8EE}.Debug_Messaging|Win32.ActiveCfg = Debug_Messaging|Win32
		{B4868836-B929-4C07-B067-7027056AB8EE}.Debug_Messaging|Win32.Build.0 = Debug_Messaging|Win32
		{B4868836-B929-4C07-B067-7027056AB8EE}.Debug_Messaging|x64.ActiveCfg = Debug_Messaging|Win32
		{B4868836-B929-4C07-B067-7027056AB8EE}.Debug_Messaging|x64.Build.0 = Debug_Messaging|Win32
		{B4868836-B929-4C07-B067-7027056AB8EE}.Debug_No_Messaging|Win32.ActiveCfg = Debug_No_ Messaging|Win32
		{B4868836-B929-4C07-B067-7027056AB8EE}.Debug_No_Messaging|Win32.Build.0 = Debug_No_ Messaging|Win32
		{B4868836-B929-4C07-B067-7027056AB8EE}.Debug_No_Messaging|x64.ActiveCfg = Debug_No_ Messaging|Win32
		{B4868836-B929-4C07-B067-7027056AB8EE}.Debug_No_Messaging|x64.Build.0 = Debug_No_ Messaging|Win32
		{B4868836-B929-4C07-B067-7027056AB8EE}.Debug|Win32.ActiveCfg = Debug_No_ Messaging|x64
		{B4868836-B929-4C07-B067-7027056AB8EE}.Debug|x64.ActiveCfg = Debug_No_ Messaging|x64
		{B4868836-B929-4C07-B067-7027056AB8EE}.Debug|x64.Build.0 = Debug_No_ Messaging|x64
		{B4868836-B929-4C07-B067-7027056AB8EE}.MPI_Debug_No_Messaging|Win32.ActiveCfg = MPI_Debug_No_Messaging|Win32
		{B4868836-B929-4C07-B067-7027056AB8EE}.MPI_Debug_No_Messaging|Win32.Build.0 = MPI_Debug_No_Messaging|Win32
		{B4868836-B929-4C07-B067-7027056AB8EE}.MPI_Debug_No_Messaging|x64.ActiveCfg = MPI_Debug_No_Messaging|Win32
		{B4868836-B929-4C07-B067-7027056AB8EE}.MPI_Debug_No_Messaging|x64.Build.0 = MPI_Debug_No_Messaging|Win32
		{B4868836-B929-4C07-B067-7027056AB8EE}.Release_JavaBinding|Win32.ActiveCfg = Release_JavaBinding|Win32
		{B4868836-B929-4C07-B067-7027056AB8EE}.Release_JavaBinding|Win32.Build.0 = Release_JavaBinding|Win32
		{B4868836-B929-4C07-B067-7027056AB8EE}.Release_JavaBinding|x64.ActiveCfg = Release_JavaBinding|x64
		{B4868836-B929-4C07-B067-7027056AB8EE}.Release_JavaBinding|x64.Build.0 = Release_JavaBinding|x64
		{B4868836-B929-4C07-B067-7027056AB8EE}.Release_Messaging|Win32.ActiveCfg = Release_Messaging|Win32
		{B4868836-B929-4C07-B067-7027056AB8EE}.Release_Messaging|Win32.Build.0 = Release_Messaging|Win32
		{B4868836-B929-4C07-B067-7027056AB8EE}.Release_Messaging|x64.ActiveCfg = Release_Messaging|Win32
		{B4868836-B929-4C07-B067-7027056AB8EE}.Release_Messaging|x64.Build.0 = Release_Messaging|Win32
		{B4868836-B929-4C07-B067-7027056AB8EE}.Release_No_Messaging|Win32.ActiveCfg = Release_No_Messaging|Win32
		{B4868836-B929-4C07-B067-7027056AB8EE}.Release_No_Messaging|Win32.Build.0 = Release_No_Messaging|Win32
		{B4868836-B929-4C07-B067-7027056AB8EE}.Release_No_Messaging|x64.ActiveCfg = Release_No_Messaging|Win32
		{B4868836-B929-4C07-B067-7027056AB8EE}.Release_No_Messaging|x64.Build.0 = Release_No_Messaging|Win32
		{B4868836-B929-4C07-B067-7027056AB8EE}.Release|Win32.ActiveCfg = Release_No_Messaging|x64
		{B4868836-B929-4C07-B067-7027056AB8EE}.Release|x64.ActiveCfg = Release_No_Messaging|x64
		{B4868836-B929-4C07-B067-7027056AB8EE}.Release|x64.Build.0 = Release_No_Messaging|x64
		{2DC1010B-D06E-41B8-A18B-05080CDB459D}.Debug_Messaging|Win32.ActiveCfg = Debug_Messaging|Win32
		{2DC1010B-D06E-41B8-A18B-05080CDB459D}.Debug_Messaging|Win32.Build.0 = Debug_Messaging|Win32
		{2DC1010B-D06E-41B8-A18B-05080CDB459D}.Debug_Messaging|x64.ActiveCfg = Debug_Messaging|Win32
		{2DC1010B-D06E-41B8-A18B-05080CDB459D}.Debug_Messaging|x64.Build.0 = Debug_Messaging|Win32
		{2DC1010B-D06E-41B8-A18B-05080CDB459D}.Debug_No_Messaging|Win32.ActiveCfg = Debug_No_Messaging|Win32
		{2DC1010B-D06E-41B8-A18B-05080CDB459D}.Debug_No_Messaging|Win32.Build.0 = Debug_No_Messaging|Win32
		{2DC1010B-D06E-41B8-A18B-05080CDB459D}.Debug_No_Messaging|x64.ActiveCfg = Debug_No_Messaging|Win32
		{2DC1010B-D06E-41B8-A18B-05080CDB459D}.Debug_No_Messaging|x64.Build.0 = Debug_No_Messaging|Win32
		{2DC1010B-D06E-41B8-A18B-05080CDB459D}.Debug|Win32.ActiveCfg = Debug_No_Messaging|x64
		{2DC1010B-D06E-41B8-A18B-05080CDB459D}.Debug|x64.ActiveCfg = Debug_No_Messaging|x64
		{2DC1010B-D06E-41B8-A18B-05080CDB459D}.Debug|x64.Build.0 = Debug_No_Messaging|x64
		{2DC1010B-D06E-41B8-A18B-05080CDB459D}.MPI_Debug_No_Messaging|Win32.ActiveCfg = MPI_Debug_No_Messaging|Win32
		{2DC1010B-D06E-41B8-A18B-05080CDB459D}.MPI_Debug_No_Messaging|Win32.Build.0 = MPI_Debug_No_Messaging|Win32
		{2DC1010B-D06E-41B8-A18B-05080CDB459D}.MPI_Debug_No_Messaging|x64.ActiveCfg = MPI_Debug_No_Messaging|Win32
		{2DC1010B-D06E-41B8-A18B-05080CDB459D}.MPI_Debug_No_Messaging|x64.Build.0 = MPI_Debug_No_Messaging|Win32
		{2DC1010B-D06E-41B8-A18B-05080CDB459D}.Release_JavaBinding|Win32.ActiveCfg = Release_JavaBinding|Win32
		{2DC1010B-D06E-41B8-A18B-05080CDB459D}.Release_JavaBinding|Win32.Build.0 = Release_JavaBinding|Win32
		{2DC1010B-D06E-41B8-A18B-05080CDB459D}.Release_JavaBinding|x64.ActiveCfg = Release_JavaBinding|x64
		{2DC1010B-D06E-41B8-A18B-05080CDB459D}.Release_JavaBinding|x64.Build.0 = Release_JavaBinding|x64
		{2DC1010B-D06E-41B8-A18B-05080CDB459D}.Release_Messaging|Win32.ActiveCfg = Release_Messaging|Win32
		{2DC1010B-D06E-41B8-A18B-05080CDB459D}.Release_Messaging|Win32.Build.0 = Release_Messaging|Win32
		{2DC1010B-D06E-41B8-A18B-05080CDB459D}.Release_Messaging|x64.ActiveCfg = Release_Messaging|Win32
		{2DC1010B-D06E-41B8-A18B-05080CDB459D}.Release_Messaging|x64.Build.0 = Release_Messaging|Win32
		{2DC1010B-D06E-41B8-A18B-05080CDB459D}.Release_No_Messaging|Win32.ActiveCfg = Release_No_Messaging|Win32
		{2DC1010B-D06E-41B8-A18B-05080CDB459D}.Release_No_Messaging|Win32.Build.0 = Release_No_Messaging|Win32
		{2DC1010B-D06E-41B8-A18B-05080CDB459D}.Release_No_Messaging|x64.ActiveCfg = Release_No_Messaging|Win32
		{2DC1010B-D06E-41B8-A18B-05080CDB459D}.Release_No_Messaging|x64.Build.0 = Release_No_Messaging|Win32
		{2DC1010B-D06E-41B8-A18B-05080CDB459D}.Release|Win32.ActiveCfg = Release_No_Messaging|x64
		{2DC1010B-D06E-41B8-A18B-05080CDB459D}.Release|x64.ActiveCfg = Release_No_Messaging|x64
		{2DC1010B-D06E-41B8-A18B-05080CDB459D}.Release|x64.Build.0 = Release_No_Messaging|x64
		{9894750B-4B92-4B3E-AB0B-E15D40B10F90}.Debug_Messaging|Win32.ActiveCfg = Debug_Messaging|Win32
		{9894750B-4B92-4B3E-AB0B-E15D40B10F90}.Debug_Messaging|Win32.Build.0 = Debug_Messaging|Win32
		{9894750B-4B92-4B3E-AB0B-E15D40B10F90}.Debug_Messaging|x64.ActiveCfg = Debug_Messaging|Win32
		{9894750B-4B92-4B3E-AB0B-E15D40B10F90}.Debug_Messaging|x64.Build.0 = Debug_Messaging|Win32
		{9894750B-4B92-4B3E-AB0B-E15D40B10F90}.Debug_No_Messaging|Win32.ActiveCfg = Debug_No_Messaging|Win32
		{9894750B-4B92-4B3E-AB0B-E15D40B10F90}.Debug_No_Messaging|Win32.Build.0 = Debug_No_Messaging|Win32
		{9894750B-4B92-4B3E-AB0B-E15D40B10F90}.Debug_No_Messaging|x64.ActiveCfg = Debug_No_Messaging|Win32
		{9894750B-4B92-4B3E-AB0B-E15D40B10F90}.Debug_No_Messaging|x64.Build.0 = Debug_No_Messaging|Win32
		{9894750B-4B92-4B3E-AB0B-E15D40B10F90}.Debug|Win32.ActiveCfg = Debug_No_Messaging|x64
		{9894750B-4B92-4B3E-AB0B-E15D40B10F90}.Debug|x64.ActiveCfg = Debug_No_Messaging|x64
		{9894750B-4B92-4B3E-AB0B-E15D40B10F90}.Debug|x64.Build.0 = Debug_No_Messaging|x64
		{9894750B-4B92-4B3E-AB0B-E15D40B10F90}.MPI_Debug_No_Messaging|Win32.ActiveCfg = MPI_Debug_No_Messaging|Win32
		{9894750B-4B92-4B3E-AB0B-E15D40B10F90}.MPI_Debug_No_Messaging|Win32.Build.0 = MPI_Debug_No_Messaging|Win32
		{9894750B-4B92-4B3E-AB0B-E15D40B10F90}.MPI_Debug_No_Messaging|x64.ActiveCfg = MPI_Debug_No_Messaging|Win32
		{9894750B-4B92-4B3E-AB0B-E15D40B10F90}.MPI_Debug_No_Messaging|x64.Build.0 = MPI_Debug_No_Messaging|Win32
		{9894750B-4B92-4B3E-AB0B-E15D40B10F90}.Release_JavaBinding|Win32.ActiveCfg = Release_JavaBinding|Win32
		{9894750B-4B92-4B3E-AB0B-E15D40B10F90}.Release_JavaBinding|Win32.Build.0 = Release_JavaBinding|Win32
		{9894750B-4B92-4B3E-AB0B-E15D40B10F90}.Release_JavaBinding|x64.ActiveCfg = Release_JavaBinding|x64
		{9894750B-4B92-4B3E-AB0B-E15D40B10F90}.Release_JavaBinding|x64.Build.0 = Release_JavaBinding|x64
		{9894750B-4B92-4B3E-AB0B-E15D40B10F90}.Release_Messaging|Win32.ActiveCfg = Release_Messaging|Win32
		{9894750B-4B92-4B3E-AB0B-E15D40B10F90}.Release_Messaging|Win32.Build.0 = Release_Messaging|Win32
		{9894750B-4B92-4B3E-AB0B-E15D40B10F90}.Release_Messaging|x64.ActiveCfg = Release_Messaging|Win32
		{9894750B-4B92-4B3E-AB0B-E15D40B10F90}.Release_Messaging|x64.Build.0 = Release_Messaging|Win32
		{9894750B-4B92-4B3E-AB0B-E15D40B10F90}.Release_No_Messaging|Win32.ActiveCfg = Release_No_Messaging|Win32
		{9894750B-4B92-4B3E-AB0B-E15D40B10F90}.Release_No_Messaging|Win32.Build.0 = Release_No_Messaging|Win32
		{9894750B-4B92-4B3E-AB0B-E15D40B10F90}.Release_No_Messaging|x64.ActiveCfg = Release_No_Messaging|Win32
		{9894750B-4B92-4B3E-AB0B-E15D40B10F90}.Release_No_Messaging|x64.Build.0 = Release_No_Messaging|Win32
		{9894750B-4B92-4B3E-AB0B-E15D40B10F90}.Release|Win32.ActiveCfg = Release_No_Messaging|x64
		{9894750B-4B92-4B3E-AB0B-E15D40B10F90}.Release|x64.ActiveCfg = Release_No_Messaging|x64
		{9894750B-4B92-4B3E-AB0B-E15D40B10F90}.Release|x64.Build.0 = Release_No_Messaging|x64
		{5E3E8AEA-2B04-41E7-A4A0-8BA437965CC5}.Debug_Messaging|Win32.ActiveCfg = Debug_Messaging|Win32
		{5E3E8AEA-2B04-41E7-A4A0-8BA437965CC5}.Debug_Messaging|Win32.Build.0 = Debug_Messaging|Win32
		{5E3E8AEA-2B04-41E7-A4A0-8BA437965CC5}.Debug_Messaging|x64.ActiveCfg = Debug_Messaging|Win32
		{5E3E8AEA-2B04-41E7-A4A0-8BA437965CC5}.Debug_Messaging|x64.Build.0 = Debug_Messaging|Win32
		{5E3E8AEA-2B04-41E7-A4A0-8BA437965CC5}.Debug_No_Messaging|Win32.ActiveCfg = Debug_No_Messaging|Win32
		{5E3E8AEA-2B04-41E7-A4A0-8BA437965CC5}.Debug_No_Messaging|Win32.Build.0 = Debug_No_Messaging|Win32
		{5E3E8AEA-2B04-41E7-A4A0-8BA437965CC5}.Debug_No_Messaging|x64.ActiveCfg = Debug_No_Messaging|Win32
		{5E3E8AEA-2B04-41E7-A4A0-8BA437965CC5}.Debug_No_Messaging|x64.Build.0 = Debug_No_Messaging|Win32
		{5E3E8AEA-2B04-41E7-A4A0-8BA437965CC5}.Debug|Win32.ActiveCfg = Debug_No_Messaging|x64
		{5E3E8AEA-2B04-41E7-A4A0-8BA437965CC5}.Debug|x64.ActiveCfg = Debug_No_Messaging|x64
		{5E3E8AEA-2B04-41E7-A4A0-8BA437965CC5}.Debug|x64.Build.0 = Debug_No_Messaging|x64
		{5E3E8AEA-2B04-41E7-A4A0-8BA437965CC5}.MPI_Debug_No_Messaging|Win32.ActiveCfg = MPI_Debug_No_Messaging|Win32
		{5E3E8AEA-2B04-41E7-A4A0-8BA437965CC5}.MPI_Debug_No_Messaging|Win32.Build.0 = MPI_Debug_No_Messaging|Win32
		{5E3E8AEA-2B04-41E7-A4A0-8BA437965CC5}.MPI_Debug_No_Messaging|x64.ActiveCfg = MPI_Debug_No_Messaging|Win32
		{5E3E8AEA-2B04-41E7-A4A0-8BA437965CC5}.MPI_Debug_No_Messaging|x64.Build.0 = MPI_Debug_No_Messaging|Win32
		{5E3E8AEA-2B04-41E7-A4A0-8BA437965CC5}.Release_JavaBinding|Win32.ActiveCfg = Release_JavaBinding|Win32
		{5E3E8AEA-2B04-41E7-A4A0-8BA437965CC5}.Release_JavaBinding|Win32.Build.0 = Release_JavaBinding|Win32
		{5E3E8AEA-2B04-41E7-A4A0-8BA437965CC5}.Release_JavaBinding|x64.ActiveCfg = Release_JavaBinding|x64
		{5E3E8AEA-2B04-41E7-A4A0-8BA437965CC5}.Release_JavaBinding|x64.Build.0 = Release_JavaBinding|x64
		{5E3E8AEA-2B04-41E7-A4A0-8BA437965CC5}.Release_Messaging|Win32.ActiveCfg = Release_Messaging|Win32
		{5E3E8AEA-2B04-41E7-A4A0-8BA437965CC5}.Release_Messaging|Win32.Build.0 = Release_Messaging|Win32
		{5E3E8AEA-2B04-41E7-A4A0-8BA437965CC5}.Release_Messaging|x64.ActiveCfg = Release_Messaging|Win32
		{5E3E8AEA-2B04-41E7-A4A0-8BA437965CC5}.Release_Messaging|x64.Build.0 = Release_Messaging|Win32
		{5E3E8AEA-2B04-41E7-A4A0-8BA437965CC5}.Release_No_Messaging|Win32.ActiveCfg = Release_No_Messaging|Win32
		{5E3E8AEA-2B04-41E7-A4A0-8BA437965CC5}.Release_No_Messaging|Win32.Build.0 = Release_No_Messaging|Win32
		{5E3E8AEA-2B04-41E7-A4A0-8BA437965CC5}.Release_No_Messaging|x64.ActiveCfg = Release_No_Messaging|Win32
		{5E3E8AEA-2B04-41E7-A4A0-8BA437965CC5}.Release_No_Messaging|x64.Build.0 = Release_No_Messaging|Win32
		{5E3E8AEA-2B04-41E7-A4A0-8BA437965CC5}.Release|Win32.ActiveCfg = Release_No_Messaging|x64
		{5E3E8AEA-2B04-41E7-A4A0-8BA437965CC5}.Release|x64.ActiveCfg = Release_No_Messaging|x64
		{5E3E8AEA-2B04-41E7-A4A0-8BA437965CC5}.Release|x64.Build.0 = Release_No_Messaging|x64
		{2F8B62EB-A9B2-4E08-B352-2EDC605C162B}.Debug_Messaging|Win32.ActiveCfg = Debug_Messaging|Win32
		{2F8B62EB-A9B2-4E08-B352-2EDC605C162B}.Debug_Messaging|Win32.Build.0 = Debug_Messaging|Win32
		{2F8B62EB-A9B2-4E08-B352-2EDC605C162B}.Debug_Messaging|x64.ActiveCfg = Debug_Messaging|Win32
		{2F8B62EB-A9B2-4E08-B352-2EDC605C162B}.Debug_Messaging|x64.Build.0 = Debug_Messaging|Win32
		{2F8B62EB-A9B2-4E08-B352-2EDC605C162B}.Debug_No_Messaging|Win32.ActiveCfg = Debug_No_Messaging|Win32
		{2F8B62EB-A9B2-4E08-B352-2EDC605C162B}.Debug_No_Messaging|Win32.Build.0 = Debug_No_Messaging|Win32
		{2F8B62EB-A9B2-4E08-B352-2EDC605C162B}.Debug_No_Messaging|x64.ActiveCfg = Debug_No_Messaging|Win32
		{2F8B62EB-A9B2-4E08-B352-2EDC605C162B}.Debug_No_Messaging|x64.Build.0 = Debug_No_Messaging|Win32
		{2F8B62EB-A9B2-4E08-B352-2EDC605C162B}.Debug|Win32.ActiveCfg = Debug_No_Messaging|x64
		{2F8B62EB-A9B2-4E08-B352-2EDC605C162B}.Debug|x64.ActiveCfg = Debug_No_Messaging|x64
		{2F8B62EB-A9B2-4E08-B352-2EDC605C162B}.Debug|x64.Build.0 = Debug_No_Messaging|x64
		{2F8B62EB-A9B2-4E08-B352-2EDC605C162B}.MPI_Debug_No_Messaging|Win32.ActiveCfg = MPI_Debug_No_Messaging|Win32
		{2F8B62EB-A9B2-4E08-B352-2EDC605C162B}.MPI_Debug_No_Messaging|Win32.Build.0 = MPI_Debug_No_Messaging|Win32
		{2F8B62EB-A9B2-4E08-B352-2EDC605C162B}.MPI_Debug_No_Messaging|x64.ActiveCfg = MPI_Debug_No_Messaging|Win32
		{2F8B62EB-A9B2-4E08-B352-2EDC605C162B}.MPI_Debug_No_Messaging|x64.Build.0 = MPI_Debug_No_Messaging|Win32
		{2F8B62EB-A9B2-4E08-B352-2EDC605C162B}.Release_JavaBinding|Win32.ActiveCfg = Release_JavaBinding|Win32
		{2F8B62EB-A9B2-4E08-B352-2EDC605C162B}.Release_JavaBinding|Win32.Build.0 = Release_JavaBinding|Win32
		{2F8B62EB-A9B2-4E08-B352-2EDC605C162B}.Release_JavaBinding|x64.ActiveCfg = Release_JavaBinding|x64
		{2F8B62EB-A9B2-4E08-B352-2EDC605C162B}.Release_JavaBinding|x64.Build.0 = Release_JavaBinding|x64
		{2F8B62EB-A9B2-4E08-B352-2EDC605C162B}.Release_Messaging|Win32.ActiveCfg = Release_Messaging|Win32
		{2F8B62EB-A9B2-4E08-B352-2EDC605C162B}.Release_Messaging|Win32.Build.0 = Release_Messaging|Win32
		{2F8B62EB-A9B2-4E08-B352-2EDC605C162B}.Release_Messaging|x64.ActiveCfg = Release_Messaging|Win32
		{2F8B62EB-A9B2-4E08-B352-2EDC605C162B}.Release_Messaging|x64.Build.0 = Release_Messaging|Win32
		{2F8B62EB-A9B2-4E08-B352-2EDC605C162B}.Release_No_Messaging|Win32.ActiveCfg = Release_No_Messaging|Win32
		{2F8B62EB-A9B2-4E08-B352-2EDC605C162B}.Release_No_Messaging|Win32.Build.0 = Release_No_Messaging|Win32
		{2F8B62EB-A9B2-4E08-B352-2EDC605C162B}.Release_No_Messaging|x64.ActiveCfg = Release_No_Messaging|Win32
		{2F8B62EB-A9B2-4E08-B352-2EDC605C162B}.Release_No_Messaging|x64.Build.0 = Release_No_Messaging|Win32
		{2F8B62EB-A9B2-4E08-B352-2EDC605C162B}.Release|Win32.ActiveCfg = Release_No_Messaging|x64
		{2F8B62EB-A9B2-4E08-B352-2EDC605C162B}.Release|x64.ActiveCfg = Release_No_Messaging|x64
		{2F8B62EB-A9B2-4E08-B352-2EDC605C162B}.Release|x64.Build.0 = Release_No_Messaging|x64
		{A197CDB3-1A40-4133-BB7B-6D3D2DEFE8EB}.Debug_Messaging|Win32.ActiveCfg = Debug_Messaging|Win32
		{A197CDB3-1A40-4133-BB7B-6D3D2DEFE8EB}.Debug_Messaging|Win32.Build.0 = Debug_Messaging|Win32
		{A197CDB3-1A40-4133-BB7B-6D3D2DEFE8EB}.Debug_Messaging|x64.ActiveCfg = Debug_Messaging|Win32
		{A197CDB3-1A40-4133-BB7B-6D3D2DEFE8EB}.Debug_Messaging|x64.Build.0 = Debug_Messaging|Win32
		{A197CDB3-1A40-4133-BB7B-6D3D2DEFE8EB}.Debug_No_Messaging|Win32.ActiveCfg = Debug_No_Messaging|Win32
		{A197CDB3-1A40-4133-BB7B-6D3D2DEFE8EB}.Debug_No_Messaging|Win32.Build.0 = Debug_No_Messaging|Win32
		{A197CDB3-1A40-4133-BB7B-6D3D2DEFE8EB}.Debug_No_Messaging|x64.ActiveCfg = Debug_No_Messaging|Win32
		{A197CDB3-1A40-4133-BB7B-6D3D2DEFE8EB}.Debug_No_Messaging|x64.Build.0 = Debug_No_Messaging|Win32
		{A197CDB3-1A40-4133-BB7B-6D3D2DEFE8EB}.Debug|Win32.ActiveCfg = Debug_No_Messaging|x64
		{A197CDB3-1A40-4133-BB7B-6D3D2DEFE8EB}.Debug|x64.ActiveCfg = Debug_No_Messaging|x64
		{A197CDB3-1A40-4133-BB7B-6D3D2DEFE8EB}.Debug|x64.Build.0 = Debug_No_Messaging|x64
		{A197CDB3-1A40-4133-BB7B-6D3D2DEFE8EB}.MPI_Debug_No_Messaging|Win32.ActiveCfg = MPI_Debug_No_Messaging|Win32
		{A197CDB3-1A40-4133-BB7B-6D3D2DEFE8EB}.MPI_Debug_No_Messaging|Win32.Build.0 = MPI_Debug_No_Messaging|Win32
		{A197CDB3-1A40-4133-BB7B-6D3D2DEFE8EB}.MPI_Debug_No_Messaging|x64.ActiveCfg = MPI_Debug_No_Messaging|Win32
		{A197CDB3-1A40-4133-BB7B-6D3D2DEFE8EB}.MPI_Debug_No_Messaging|x64.Build.0 = MPI_Debug_No_Messaging|Win32
		{A197CDB3-1A40-4133-BB7B-6D3D2DEFE8EB}.Release_JavaBinding|Win32.ActiveCfg = Release_JavaBinding|Win32
		{A197CDB3-1A40-4133-BB7B-6D3D2DEFE8EB}.Release_JavaBinding|Win32.Build.0 = Release_JavaBinding|Win32
		{A197CDB3-1A40-4133-BB7B-6D3D2DEFE8EB}.Release_JavaBinding|x64.ActiveCfg = Release_JavaBinding|x64
		{A197CDB3-1A40-4133-BB7B-6D3D2DEFE8EB}.Release_JavaBinding|x64.Build.0 = Release_JavaBinding|x64
		{A197CDB3-1A40-4133-BB7B-6D3D2DEFE8EB}.Release_Messaging|Win32.ActiveCfg = Release_Messaging|Win32
		{A197CDB3-1A40-4133-BB7B-6D3D2DEFE8EB}.Release_Messaging|Win32.Build.0 = Release_Messaging|Win32
		{A197CDB3-1A40-4133-BB7B-6D3D2DEFE8EB}.Release_Messaging|x64.ActiveCfg = Release_Messaging|Win32
		{A197CDB3-1A40-4133-BB7B-6D3D2DEFE8EB}.Release_Messaging|x64.Build.0 = Release_Messaging|Win32
		{A197CDB3-1A40-4133-BB7B-6D3D2DEFE8EB}.Release_No_Messaging|Win32.ActiveCfg = Release_No_Messaging|Win32
		{A197CDB3-1A40-4133-BB7B-6D3D2DEFE8EB}.Release_No_Messaging|Win32.Build.0 = Release_No_Messaging|Win32
		{A197CDB3-1A40-4133-BB7B-6D3D2DEFE8EB}.Release_No_Messaging|x64.ActiveCfg = Release_No_Messaging|Win32
		{A197CDB3-1A40-4133-BB7B-6D3D2DEFE8EB}.Release_No_Messaging|x64.Build.0 = Release_No_Messaging|Win32
		{A197CDB3-1A40-4133-BB7B-6D3D2DEFE8EB}.Release|Win32.ActiveCfg = Release_No_Messaging|x64
		{A197CDB3-1A40-4133-BB7B-6D3D2DEFE8EB}.Release|x64.ActiveCfg = Release_No_Messaging|x64
		{A197CDB3-1A40-4133-BB7B-6D3D2DEFE8EB}.Release|x64.Build.0 = Release_No_Messaging|x64
		{FDD4A1CA-22CB-4AF0-9180-E9BB3839035C}.Debug_Messaging|Win32.ActiveCfg = Debug_Messaging|Win32
		{FDD4A1CA-22CB-4AF0-9180-E9BB3839035C}.Debug_Messaging|Win32.Build.0 = Debug_Messaging|Win32
		{FDD4A1CA-22CB-4AF0-9180-E9BB3839035C}.Debug_Messaging|x64.ActiveCfg = Debug_Messaging|Win32
		{FDD4A1CA-22CB-4AF0-9180-E9BB3839035C}.Debug_Messaging|x64.Build.0 = Debug_Messaging|Win32
		{FDD4A1CA-22CB-4AF0-9180-E9BB3839035C}.Debug_No_Messaging|Win32.ActiveCfg = Debug_No_Messaging|Win32
		{FDD4A1CA-22CB-4AF0-9180-E9BB3839035C}.Debug_No_Messaging|Win32.Build.0 = Debug_No_Messaging|Win32
		{FDD4A1CA-22CB-4AF0-9180-E9BB3839035C}.Debug_No_Messaging|x64.ActiveCfg = Debug_No_Messaging|Win32
		{FDD4A1CA-22CB-4AF0-9180-E9BB3839035C}.Debug_No_Messaging|x64.Build.0 = Debug_No_Messaging|Win32
		{FDD4A1CA-22CB-4AF0-9180-E9BB3839035C}.Debug|Win32.ActiveCfg = Debug_No_Messaging|x64
		{FDD4A1CA-22CB-4AF0-9180-E9BB3839035C}.Debug|x64.ActiveCfg = Debug_No_Messaging|x64
		{FDD4A1CA-22CB-4AF0-9180-E9BB3839035C}.Debug|x64.Build.0 = Debug_No_Messaging|x64
		{FDD4A1CA-22CB-4AF0-9180-E9BB3839035C}.MPI_Debug_No_Messaging|Win32.ActiveCfg = MPI_Debug_No_Messaging|Win32
		{FDD4A1CA-22CB-4AF0-9180-E9BB3839035C}.MPI_Debug_No_Messaging|Win32.Build.0 = MPI_Debug_No_Messaging|Win32
		{FDD4A1CA-22CB-4AF0-9180-E9BB3839035C}.MPI_Debug_No_Messaging|x64.ActiveCfg = MPI_Debug_No_Messaging|Win32
		{FDD4A1CA-22CB-4AF0-9180-E9BB3839035C}.MPI_Debug_No_Messaging|x64.Build.0 = MPI_Debug_No_Messaging|Win32
		{FDD4A1CA-22CB-4AF0-9180-E9BB3839035C}.Release_JavaBinding|Win32.ActiveCfg = Release_JavaBinding|Win32
		{FDD4A1CA-22CB-4AF0-9180-E9BB3839035C}.Release_JavaBinding|Win32.Build.0 = Release_JavaBinding|Win32
		{FDD4A1CA-22CB-4AF0-9180-E9BB3839035C}.Release_JavaBinding|x64.ActiveCfg = Release_JavaBinding|x64
		{FDD4A1CA-22CB-4AF0-9180-E9BB3839035C}.Release_JavaBinding|x64.Build.0 = Release_JavaBinding|x64
		{FDD4A1CA-22CB-4AF0-9180-E9BB3839035C}.Release_Messaging|Win32.ActiveCfg = Release_Messaging|Win32
		{FDD4A1CA-22CB-4AF0-9180-E9BB3839035C}.Release_Messaging|Win32.Build.0 = Release_Messaging|Win32
		{FDD4A1CA-22CB-4AF0-9180-E9BB3839035C}.Release_Messaging|x64.ActiveCfg = Release_Messaging|Win32
		{FDD4A1CA-22CB-4AF0-9180-E9BB3839035C}.Release_Messaging|x64.Build.0 = Release_Messaging|Win32
		{FDD4A1CA-22CB-4AF0-9180-E9BB3839035C}.Release_No_Messaging|Win32.ActiveCfg = Release_No_Messaging|Win32
		{FDD4A1CA-22CB-4AF0-9180-E9BB3839035C}.Release_No_Messaging|Win32.Build.0 = Release_No_Messaging|Win32
		{FDD4A1CA-22CB-4AF0-9180-E9BB3839035C}.Release_No_Messaging|x64.ActiveCfg = Release_No_Messaging|Win32
		{FDD4A1CA-22CB-4AF0-9180-E9BB3839035C}.Release_No_Messaging|x64.Build.0 = Release_No_Messaging|Win32
		{FDD4A1CA-22CB-4AF0-9180-E9BB3839035C}.Release|Win32.ActiveCfg = Release_No_Messaging|x64
		{FDD4A1CA-22CB-4AF0-9180-E9BB3839035C}.Release|x64.ActiveCfg = Release_No_Messaging|x64
		{FDD4A1CA-22CB-4AF0-9180-E9BB3839035C}.Release|x64.Build.0 = Release_No_Messaging|x64
		{18170215-579A-4CC2-84CC-2E022EBDBE08}.Debug_Messaging|Win32.ActiveCfg = Debug_Messaging|Win32
		{18170215-579A-4CC2-84CC-2E022EBDBE08}.Debug_Messaging|Win32.Build.0 = Debug_Messaging|Win32
		{18170215-579A-4CC2-84CC-2E022EBDBE08}.Debug_Messaging|x64.ActiveCfg = Debug_Messaging|Win32
		{18170215-579A-4CC2-84CC-2E022EBDBE08}.Debug_Messaging|x64.Build.0 = Debug_Messaging|Win32
		{18170215-579A-4CC2-84CC-2E022EBDBE08}.Debug_No_Messaging|Win32.ActiveCfg = Debug_No_Messaging|Win32
		{18170215-579A-4CC2-84CC-2E022EBDBE08}.Debug_No_Messaging|Win32.Build.0 = Debug_No_Messaging|Win32
		{18170215-579A-4CC2-84CC-2E022EBDBE08}.Debug_No_Messaging|x64.ActiveCfg = Debug_No_Messaging|Win32
		{18170215-579A-4CC2-84CC-2E022EBDBE08}.Debug_No_Messaging|x64.Build.0 = Debug_No_Messaging|Win32
		{18170215-579A-4CC2-84CC-2E022EBDBE08}.Debug|Win32.ActiveCfg = Debug_No_Messaging|x64
		{18170215-579A-4CC2-84CC-2E022EBDBE08}.Debug|x64.ActiveCfg = Debug_No_Messaging|x64
		{18170215-579A-4CC2-84CC-2E022EBDBE08}.Debug|x64.Build.0 = Debug_No_Messaging|x64
		{18170215-579A-4CC2-84CC-2E022EBDBE08}.MPI_Debug_No_Messaging|Win32.ActiveCfg = MPI_Debug_No_Messaging|Win32
		{18170215-579A-4CC2-84CC-2E022EBDBE08}.MPI_Debug_No_Messaging|Win32.Build.0 = MPI_Debug_No_Messaging|Win32
		{18170215-579A-4CC2-84CC-2E022EBDBE08}.MPI_Debug_No_Messaging|x64.ActiveCfg = MPI_Debug_No_Messaging|Win32
		{18170215-579A-4CC2-84CC-2E022EBDBE08}.MPI_Debug_No_Messaging|x64.Build.0 = MPI_Debug_No_Messaging|Win32
		{18170215-579A-4CC2-84CC-2E022EBDBE08}.Release_JavaBinding|Win32.ActiveCfg = Release_JavaBinding|Win32
		{18170215-579A-4CC2-84CC-2E022EBDBE08}.Release_JavaBinding|Win32.Build.0 = Release_JavaBinding|Win32
		{18170215-579A-4CC2-84CC-2E022EBDBE08}.Release_JavaBinding|x64.ActiveCfg = Release_JavaBinding|x64
		{18170215-579A-4CC2-84CC-2E022EBDBE08}.Release_JavaBinding|x64.Build.0 = Release_JavaBinding|x64
		{18170215-579A-4CC2-84CC-2E022EBDBE08}.Release_Messaging|Win32.ActiveCfg = Release_Messaging|Win32
		{18170215-579A-4CC2-84CC-2E022EBDBE08}.Release_Messaging|Win32.Build.0 = Release_Messaging|Win32
		{18170215-579A-4CC2-84CC-2E022EBDBE08}.Release_Messaging|x64.ActiveCfg = Release_Messaging|Win32
		{18170215-579A-4CC2-84CC-2E022EBDBE08}.Release_Messaging|x64.Build.0 = Release_Messaging|Win32
		{18170215-579A-4CC2-84CC-2E022EBDBE08}.Release_No_Messaging|Win32.ActiveCfg = Release_No_Messaging|Win32
		{18170215-579A-4CC2-84CC-2E022EBDBE08}.Release_No_Messaging|Win32.Build.0 = Release_No_Messaging|Win32
		{18170215-579A-4CC2-84CC-2E022EBDBE08}.Release_No_Messaging|x64.ActiveCfg = Release_No_Messaging|Win32
		{18170215-579A-4CC2-84CC-2E022EBDBE08}.Release_No_Messaging|x64.Build.0 = Release_No_Messaging|Win32
		{18170215-579A-4CC2-84CC-2E022EBDBE08}.Release|Win32.ActiveCfg = Release_No_Messaging|x64
		{18170215-579A-4CC2-84CC-2E022EBDBE08}.Release|x64.ActiveCfg = Release_No_Messaging|x64
		{18170215-579A-4CC2-84CC-2E022EBDBE08}.Release|x64.Build.0 = Release_No_Messaging|x64
		{A5FB3DAE-0E5C-44F9-88B6-D6F021B715C8}.Debug_Messaging|Win32.ActiveCfg = Debug_Messaging|Win32
		{A5FB3DAE-0E5C-44F9-88B6-D6F021B715C8}.Debug_Messaging|Win32.Build.0 = Debug_Messaging|Win32
		{A5FB3DAE-0E5C-44F9-88B6-D6F021B715C8}.Debug_Messaging|x64.ActiveCfg = Debug_Messaging|Win32
		{A5FB3DAE-0E5C-44F9-88B6-D6F021B715C8}.Debug_Messaging|x64.Build.0 = Debug_Messaging|Win32
		{A5FB3DAE-0E5C-44F9-88B6-D6F021B715C8}.Debug_No_Messaging|Win32.ActiveCfg = Debug_No_Messaging|Win32
		{A5FB3DAE-0E5C-44F9-88B6-D6F021B715C8}.Debug_No_Messaging|Win32.Build.0 = Debug_No_Messaging|Win32
		{A5FB3DAE-0E5C-44F9-88B6-D6F021B715C8}.Debug_No_Messaging|x64.ActiveCfg = Debug_No_Messaging|Win32
		{A5FB3DAE-0E5C-44F9-88B6-D6F021B715C8}.Debug_No_Messaging|x64.Build.0 = Debug_No_Messaging|Win32
		{A5FB3DAE-0E5C-44F9-88B6-D6F021B715C8}.Debug|Win32.ActiveCfg = Debug_No_Messaging|x64
		{A5FB3DAE-0E5C-44F9-88B6-D6F021B715C8}.Debug|x64.ActiveCfg = Debug_No_Messaging|x64
		{A5FB3DAE-0E5C-44F9-88B6-D6F021B715C8}.Debug|x64.Build.0 = Debug_No_Messaging|x64
		{A5FB3DAE-0E5C-44F9-88B6-D6F021B715C8}.MPI_Debug_No_Messaging|Win32.ActiveCfg = MPI_Debug_No_Messaging|Win32
		{A5FB3DAE-0E5C-44F9-88B6-D6F021B715C8}.MPI_Debug_No_Messaging|Win32.Build.0 = MPI_Debug_No_Messaging|Win32
		{A5FB3DAE-0E5C-44F9-88B6-D6F021B715C8}.MPI_Debug_No_Messaging|x64.ActiveCfg = MPI_Debug_No_Messaging|Win32
		{A5FB3DAE-0E5C-44F9-88B6-D6F021B715C8}.MPI_Debug_No_Messaging|x64.Build.0 = MPI_Debug_No_Messaging|Win32
		{A5FB3DAE-0E5C-44F9-88B6-D6F021B715C8}.Release_JavaBinding|Win32.ActiveCfg = Release_JavaBinding|Win32
		{A5FB3DAE-0E5C-44F9-88B6-D6F021B715C8}.Release_JavaBinding|Win32.Build.0 = Release_JavaBinding|Win32
		{A5FB3DAE-0E5C-44F9-88B6-D6F021B715C8}.Release_JavaBinding|x64.ActiveCfg = Release_JavaBinding|x64
		{A5FB3DAE-0E5C-44F9-88B6-D6F021B715C8}.Release_JavaBinding|x64.Build.0 = Release_JavaBinding|x64
		{A5FB3DAE-0E5C-44F9-88B6-D6F021B715C8}.Release_Messaging|Win32.ActiveCfg = Release_Messaging|Win32
		{A5FB3DAE-0E5C-44F9-88B6-D6F021B715C8}.Release_Messaging|Win32.Build.0 = Release_Messaging|Win32
		{A5FB3DAE-0E5C-44F9-88B6-D6F021B715C8}.Release_Messaging|x64.ActiveCfg = Release_Messaging|Win32
		{A5FB3DAE-0E5C-44F9-88B6-D6F021B715C8}.Release_Messaging|x64.Build.0 = Release_Messaging|Win32
		{A5FB3DAE-0E5C-44F9-88B6-D6F021B715C8}.Release_No_Messaging|Win32.ActiveCfg = Release_No_Messaging|Win32
		{A5FB3DAE-0E5C-44F9-88B6-D6F021B715C8}.Release_No_Messaging|Win32.Build.0 = Release_No_Messaging|Win32
		{A5FB3DAE-0E5C-44F9-88B6-D6F021B715C8}.Release_No_Messaging|x64.ActiveCfg = Release_No_Messaging|Win32
		{A5FB3DAE-0E5C-44F9-88B6-D6F021B715C8}.Release_No_Messaging|x64.Build.0 = Release_No_Messaging|Win32
		{A5FB3DAE-0E5C-44F9-88B6-D6F021B715C8}.Release|Win32.ActiveCfg = Release_No_Messaging|x64
		{A5FB3DAE-0E5C-44F9-88B6-D6F021B715C8}.Release|x64.ActiveCfg = Release_No_Messaging|x64
		{A5FB3DAE-0E5C-44F9-88B6-D6F021B715C8}.Release|x64.Build.0 = Release_No_Messaging|x64
		{1C37826E-9B5F-4684-A276-29FA84B62CA4}.Debug_Messaging|Win32.ActiveCfg = Debug_Messaging|Win32
		{1C37826E-9B5F-4684-A276-29FA84B62CA4}.Debug_Messaging|Win32.Build.0 = Debug_Messaging|Win32
		{1C37826E-9B5F-4684-A276-29FA84B62CA4}.Debug_Messaging|x64.ActiveCfg = Debug_Messaging|Win32
		{1C37826E-9B5F-4684-A276-29FA84B62CA4}.Debug_Messaging|x64.Build.0 = Debug_Messaging|Win32
		{1C37826E-9B5F-4684-A276-29FA84B62CA4}.Debug_No_Messaging|Win32.ActiveCfg = Debug_No_Messaging|Win32
		{1C37826E-9B5F-4684-A276-29FA84B62CA4}.Debug_No_Messaging|Win32.Build.0 = Debug_No_Messaging|Win32
		{1C37826E-9B5F-4684-A276-29FA84B62CA4}.Debug_No_Messaging|x64.ActiveCfg = Debug_No_Messaging|Win32
		{1C37826E-9B5F-4684-A276-29FA84B62CA4}.Debug_No_Messaging|x64.Build.0 = Debug_No_Messaging|Win32
		{1C37826E-9B5F-4684-A276-29FA84B62CA4}.Debug|Win32.ActiveCfg = Debug_No_Messaging|x64
		{1C37826E-9B5F-4684-A276-29FA84B62CA4}.Debug|x64.ActiveCfg = Debug_No_Messaging|x64
		{1C37826E-9B5F-4684-A276-29FA84B62CA4}.Debug|x64.Build.0 = Debug_No_Messaging|x64
		{1C37826E-9B5F-4684-A276-29FA84B62CA4}.MPI_Debug_No_Messaging|Win32.ActiveCfg = MPI_Debug_No_Messaging|Win32
		{1C37826E-9B5F-4684-A276-29FA84B62CA4}.MPI_Debug_No_Messaging|Win32.Build.0 = MPI_Debug_No_Messaging|Win32
		{1C37826E-9B5F-4684-A276-29FA84B62CA4}.MPI_Debug_No_Messaging|x64.ActiveCfg = MPI_Debug_No_Messaging|Win32
		{1C37826E-9B5F-4684-A276-29FA84B62CA4}.MPI_Debug_No_Messaging|x64.Build.0 = MPI_Debug_No_Messaging|Win32
		{1C37826E-9B5F-4684-A276-29FA84B62CA4}.Release_JavaBinding|Win32.ActiveCfg = Release_JavaBinding|Win32
		{1C37826E-9B5F-4684-A276-29FA84B62CA4}.Release_JavaBinding|Win32.Build.0 = Release_JavaBinding|Win32
		{1C37826E-9B5F-4684-A276-29FA84B62CA4}.Release_JavaBinding|x64.ActiveCfg = Release_JavaBinding|x64
		{1C37826E-9B5F-4684-A276-29FA84B62CA4}.Release_JavaBinding|x64.Build.0 = Release_JavaBinding|x64
		{1C37826E-9B5F-4684-A276-29FA84B62CA4}.Release_Messaging|Win32.ActiveCfg = Release_Messaging|Win32
		{1C37826E-9B5F-4684-A276-29FA84B62CA4}.Release_Messaging|Win32.Build.0 = Release_Messaging|Win32
		{1C37826E-9B5F-4684-A276-29FA84B62CA4}.Release_Messaging|x64.ActiveCfg = Release_Messaging|Win32
		{1C37826E-9B5F-4684-A276-29FA84B62CA4}.Release_Messaging|x64.Build.0 = Release_Messaging|Win32
		{1C37826E-9B5F-4684-A276-29FA84B62CA4}.Release_No_Messaging|Win32.ActiveCfg = Release_No_Messaging|Win32
		{1C37826E-9B5F-4684-A276-29FA84B62CA4}.Release_No_Messaging|Win32.Build.0 = Release_No_Messaging|Win32
		{1C37826E-9B5F-4684-A276-29FA84B62CA4}.Release_No_Messaging|x64.ActiveCfg = Release_No_Messaging|Win32
		{1C37826E-9B5F-4684-A276-29FA84B62CA4}.Release_No_Messaging|x64.Build.0 = Release_No_Messaging|Win32
		{1C37826E-9B5F-4684-A276-29FA84B62CA4}.Release|Win32.ActiveCfg = Release_No_Messaging|x64
		{1C37826E-9B5F-4684-A276-29FA84B62CA4}.Release|x64.ActiveCfg = Release_No_Messaging|x64
		{1C37826E-9B5F-4684-A276-29FA84B62CA4}.Release|x64.Build.0 = Release_No_Messaging|x64
		{35E71D53-B9C7-4997-8B11-A3D0715D7ED5}.Debug_Messaging|Win32.ActiveCfg = Debug_Messaging|Win32
		{35E71D53-B9C7-4997-8B11-A3D0715D7ED5}.Debug_Messaging|Win32.Build.0 = Debug_Messaging|Win32
		{35E71D53-B9C7-4997-8B11-A3D0715D7ED5}.Debug_Messaging|x64.ActiveCfg = Debug_Messaging|Win32
		{35E71D53-B9C7-4997-8B11-A3D0715D7ED5}.Debug_Messaging|x64.Build.0 = Debug_Messaging|Win32
		{35E71D53-B9C7-4997-8B11-A3D0715D7ED5}.Debug_No_Messaging|Win32.ActiveCfg = Debug_No_Messaging|Win32
		{35E71D53-B9C7-4997-8B11-A3D0715D7ED5}.Debug_No_Messaging|Win32.Build.0 = Debug_No_Messaging|Win32
		{35E71D53-B9C7-4997-8B11-A3D0715D7ED5}.Debug_No_Messaging|x64.ActiveCfg = Debug_No_Messaging|Win32
		{35E71D53-B9C7-4997-8B11-A3D0715D7ED5}.Debug_No_Messaging|x64.Build.0 = Debug_No_Messaging|Win32
		{35E71D53-B9C7-4997-8B11-A3D0715D7ED5}.Debug|Win32.ActiveCfg = Debug_No_Messaging|x64
		{35E71D53-B9C7-4997-8B11-A3D0715D7ED5}.Debug|x64.ActiveCfg = Debug_No_Messaging|x64
		{35E71D53-B9C7-4997-8B11-A3D0715D7ED5}.Debug|x64.Build.0 = Debug_No_Messaging|x64
		{35E71D53-B9C7-4997-8B11-A3D0715D7ED5}.MPI_Debug_No_Messaging|Win32.ActiveCfg = MPI_Debug_No_Messaging|Win32
		{35E71D53-B9C7-4997-8B11-A3D0715D7ED5}.MPI_Debug_No_Messaging|Win32.Build.0 = MPI_Debug_No_Messaging|Win32
		{35E71D53-B9C7-4997-8B11-A3D0715D7ED5}.MPI_Debug_No_Messaging|x64.ActiveCfg = MPI_Debug_No_Messaging|Win32
		{35E71D53-B9C7-4997-8B11-A3D0715D7ED5}.MPI_Debug_No_Messaging|x64.Build.0 = MPI_Debug_No_Messaging|Win32
		{35E71D53-B9C7-4997-8B11-A3D0715D7ED5}.Release_JavaBinding|Win32.ActiveCfg = Release_JavaBinding|Win32
		{35E71D53-B9C7-4997-8B11-A3D0715D7ED5}.Release_JavaBinding|Win32.Build.0 = Release_JavaBinding|Win32
		{35E71D53-B9C7-4997-8B11-A3D0715D7ED5}.Release_JavaBinding|x64.ActiveCfg = Release_JavaBinding|x64
		{35E71D53-B9C7-4997-8B11-A3D0715D7ED5}.Release_JavaBinding|x64.Build.0 = Release_JavaBinding|x64
		{35E71D53-B9C7-4997-8B11-A3D0715D7ED5}.Release_Messaging|Win32.ActiveCfg = Debug_Messaging|Win32
		{35E71D53-B9C7-4997-8B11-A3D0715D7ED5}.Release_Messaging|Win32.Build.0 = Debug_Messaging|Win32
		{35E71D53-B9C7-4997-8B11-A3D0715D7ED5}.Release_Messaging|x64.ActiveCfg = Debug_Messaging|Win32
		{35E71D53-B9C7-4997-8B11-A3D0715D7ED5}.Release_Messaging|x64.Build.0 = Debug_Messaging|Win32
		{35E71D53-B9C7-4997-8B11-A3D0715D7ED5}.Release_No_Messaging|Win32.ActiveCfg = Release_No_Messaging|Win32
		{35E71D53-B9C7-4997-8B11-A3D0715D7ED5}.Release_No_Messaging|Win32.Build.0 = Release_No_Messaging|Win32
		{35E71D53-B9C7-4997-8B11-A3D0715D7ED5}.Release_No_Messaging|x64.ActiveCfg = Release_No_Messaging|Win32
		{35E71D53-B9C7-4997-8B11-A3D0715D7ED5}.Release_No_Messaging|x64.Build.0 = Release_No_Messaging|Win32
		{35E71D53-B9C7-4997-8B11-A3D0715D7ED5}.Release|Win32.ActiveCfg = Release_No_Messaging|x64
		{35E71D53-B9C7-4997-8B11-A3D0715D7ED5}.Release|x64.ActiveCfg = Release_No_Messaging|x64
		{35E71D53-B9C7-4997-8B11-A3D0715D7ED5}.Release|x64.Build.0 = Release_No_Messaging|x64
		{A0F6D04B-82FC-44EF-AA65-681ED3E1E3F4}.Debug_Messaging|Win32.ActiveCfg = Debug_No_Messaging|Win32
		{A0F6D04B-82FC-44EF-AA65-681ED3E1E3F4}.Debug_Messaging|Win32.Build.0 = Debug_No_Messaging|Win32
		{A0F6D04B-82FC-44EF-AA65-681ED3E1E3F4}.Debug_Messaging|x64.ActiveCfg = Debug_No_Messaging|Win32
		{A0F6D04B-82FC-44EF-AA65-681ED3E1E3F4}.Debug_Messaging|x64.Build.0 = Debug_No_Messaging|Win32
		{A0F6D04B-82FC-44EF-AA65-681ED3E1E3F4}.Debug_No_Messaging|Win32.ActiveCfg = Debug_No_Messaging|Win32
		{A0F6D04B-82FC-44EF-AA65-681ED3E1E3F4}.Debug_No_Messaging|Win32.Build.0 = Debug_No_Messaging|Win32
		{A0F6D04B-82FC-44EF-AA65-681ED3E1E3F4}.Debug_No_Messaging|x64.ActiveCfg = Debug_No_Messaging|Win32
		{A0F6D04B-82FC-44EF-AA65-681ED3E1E3F4}.Debug_No_Messaging|x64.Build.0 = Debug_No_Messaging|Win32
		{A0F6D04B-82FC-44EF-AA65-681ED3E1E3F4}.Debug|Win32.ActiveCfg = Debug_No_Messaging|x64
		{A0F6D04B-82FC-44EF-AA65-681ED3E1E3F4}.Debug|x64.ActiveCfg = Debug_No_Messaging|x64
		{A0F6D04B-82FC-44EF-AA65-681ED3E1E3F4}.Debug|x64.Build.0 = Debug_No_Messaging|x64
		{A0F6D04B-82FC-44EF-AA65-681ED3E1E3F4}.MPI_Debug_No_Messaging|Win32.ActiveCfg = MPI_Debug_No_Messaging|Win32
		{A0F6D04B-82FC-44EF-AA65-681ED3E1E3F4}.MPI_Debug_No_Messaging|Win32.Build.0 = MPI_Debug_No_Messaging|Win32
		{A0F6D04B-82FC-44EF-AA65-681ED3E1E3F4}.MPI_Debug_No_Messaging|x64.ActiveCfg = MPI_Debug_No_Messaging|Win32
		{A0F6D04B-82FC-44EF-AA65-681ED3E1E3F4}.MPI_Debug_No_Messaging|x64.Build.0 = MPI_Debug_No_Messaging|Win32
		{A0F6D04B-82FC-44EF-AA65-681ED3E1E3F4}.Release_JavaBinding|Win32.ActiveCfg = Release_JavaBinding|Win32
		{A0F6D04B-82FC-44EF-AA65-681ED3E1E3F4}.Release_JavaBinding|Win32.Build.0 = Release_JavaBinding|Win32
		{A0F6D04B-82FC-44EF-AA65-681ED3E1E3F4}.Release_JavaBinding|x64.ActiveCfg = Release_JavaBinding|x64
		{A0F6D04B-82FC-44EF-AA65-681ED3E1E3F4}.Release_JavaBinding|x64.Build.0 = Release_JavaBinding|x64
		{A0F6D04B-82FC-44EF-AA65-681ED3E1E3F4}.Release_Messaging|Win32.ActiveCfg = Release_No_Messaging|Win32
		{A0F6D04B-82FC-44EF-AA65-681ED3E1E3F4}.Release_Messaging|Win32.Build.0 = Release_No_Messaging|Win32
		{A0F6D04B-82FC-44EF-AA65-681ED3E1E3F4}.Release_Messaging|x64.ActiveCfg = Release_No_Messaging|Win32
		{A0F6D04B-82FC-44EF-AA65-681ED3E1E3F4}.Release_Messaging|x64.Build.0 = Release_No_Messaging|Win32
		{A0F6D04B-82FC-44EF-AA65-681ED3E1E3F4}.Release_No_Messaging|Win32.ActiveCfg = Release_No_Messaging|Win32
		{A0F6D04B-82FC-44EF-AA65-681ED3E1E3F4}.Release_No_Messaging|Win32.Build.0 = Release_No_Messaging|Win32
		{A0F6D04B-82FC-44EF-AA65-681ED3E1E3F4}.Release_No_Messaging|x64.ActiveCfg = Release_No_Messaging|Win32
		{A0F6D04B-82FC-44EF-AA65-681ED3E1E3F4}.Release_No_Messaging|x64.Build.0 = Release_No_Messaging|Win32
		{A0F6D04B-82FC-44EF-AA65-681ED3E1E3F4}.Release|Win32.ActiveCfg = Release_No_Messaging|x64
		{A0F6D04B-82FC-44EF-AA65-681ED3E1E3F4}.Release|x64.ActiveCfg = Release_No_Messaging|x64
		{A0F6D04B-82FC-44EF-AA65-681ED3E1E3F4}.Release|x64.Build.0 = Release_No_Messaging|x64
		{99A08741-F229-4D69-A63B-FC5F4E6B52CB}.Debug_Messaging|Win32.ActiveCfg = Debug_No_Messaging|Win32
		{99A08741-F229-4D69-A63B-FC5F4E6B52CB}.Debug_Messaging|Win32.Build.0 = Debug_No_Messaging|Win32
		{99A08741-F229-4D69-A63B-FC5F4E6B52CB}.Debug_Messaging|x64.ActiveCfg = Debug_No_Messaging|Win32
		{99A08741-F229-4D69-A63B-FC5F4E6B52CB}.Debug_Messaging|x64.Build.0 = Debug_No_Messaging|Win32
		{99A08741-F229-4D69-A63B-FC5F4E6B52CB}.Debug_No_Messaging|Win32.ActiveCfg = Debug_No_Messaging|Win32
		{99A08741-F229-4D69-A63B-FC5F4E6B52CB}.Debug_No_Messaging|Win32.Build.0 = Debug_No_Messaging|Win32
		{99A08741-F229-4D69-A63B-FC5F4E6B52CB}.Debug_No_Messaging|x64.ActiveCfg = Debug_No_Messaging|Win32
		{99A08741-F229-4D69-A63B-FC5F4E6B52CB}.Debug_No_Messaging|x64.Build.0 = Debug_No_Messaging|Win32
		{99A08741-F229-4D69-A63B-FC5F4E6B52CB}.Debug|Win32.ActiveCfg = Debug_No_Messaging|x64
		{99A08741-F229-4D69-A63B-FC5F4E6B52CB}.Debug|x64.ActiveCfg = Debug_No_Messaging|x64
		{99A08741-F229-4D69-A63B-FC5F4E6B52CB}.Debug|x64.Build.0 = Debug_No_Messaging|x64
		{99A08741-F229-4D69-A63B-FC5F4E6B52CB}.MPI_Debug_No_Messaging|Win32.ActiveCfg = MPI_Debug_No_Messaging|Win32
		{99A08741-F229-4D69-A63B-FC5F4E6B52CB}.MPI_Debug_No_Messaging|Win32.Build.0 = MPI_Debug_No_Messaging|Win32
		{99A08741-F229-4D69-A63B-FC5F4E6B52CB}.MPI_Debug_No_Messaging|x64.ActiveCfg = MPI_Debug_No_Messaging|Win32
		{99A08741-F229-4D69-A63B-FC5F4E6B52CB}.MPI_Debug_No_Messaging|x64.Build.0 = MPI_Debug_No_Messaging|Win32
		{99A08741-F229-4D69-A63B-FC5F4E6B52CB}.Release_JavaBinding|Win32.ActiveCfg = Release_JavaBinding|Win32
		{99A08741-F229-4D69-A63B-FC5F4E6B52CB}.Release_JavaBinding|Win32.Build.0 = Release_JavaBinding|Win32
		{99A08741-F229-4D69-A63B-FC5F4E6B52CB}.Release_JavaBinding|x64.ActiveCfg = Release_JavaBinding|x64
		{99A08741-F229-4D69-A63B-FC5F4E6B52CB}.Release_JavaBinding|x64.Build.0 = Release_JavaBinding|x64
		{99A08741-F229-4D69-A63B-FC5F4E6B52CB}.Release_Messaging|Win32.ActiveCfg = Release_No_Messaging|Win32
		{99A08741-F229-4D69-A63B-FC5F4E6B52CB}.Release_Messaging|Win32.Build.0 = Release_No_Messaging|Win32
		{99A08741-F229-4D69-A63B-FC5F4E6B52CB}.Release_Messaging|x64.ActiveCfg = Release_No_Messaging|Win32
		{99A08741-F229-4D69-A63B-FC5F4E6B52CB}.Release_Messaging|x64.Build.0 = Release_No_Messaging|Win32
		{99A08741-F229-4D69-A63B-FC5F4E6B52CB}.Release_No_Messaging|Win32.ActiveCfg = Release_No_Messaging|Win32
		{99A08741-F229-4D69-A63B-FC5F4E6B52CB}.Release_No_Messaging|Win32.Build.0 = Release_No_Messaging|Win32
		{99A08741-F229-4D69-A63B-FC5F4E6B52CB}.Release_No_Messaging|x64.ActiveCfg = Release_No_Messaging|Win32
		{99A08741-F229-4D69-A63B-FC5F4E6B52CB}.Release_No_Messaging|x64.Build.0 = Release_No_Messaging|Win32
		{99A08741-F229-4D69-A63B-FC5F4E6B52CB}.Release|Win32.ActiveCfg = Release_No_Messaging|x64
		{99A08741-F229-4D69-A63B-FC5F4E6B52CB}.Release|x64.ActiveCfg = Release_No_Messaging|x64
		{99A08741-F229-4D69-A63B-FC5F4E6B52CB}.Release|x64.Build.0 = Release_No_Messaging|x64
		{B114C57D-1D71-491F-B698-C231B30D2F02}.Debug_Messaging|Win32.ActiveCfg = Debug_No_Messaging|Win32
		{B114C57D-1D71-491F-B698-C231B30D2F02}.Debug_Messaging|Win32.Build.0 = Debug_No_Messaging|Win32
		{B114C57D-1D71-491F-B698-C231B30D2F02}.Debug_Messaging|x64.ActiveCfg = Debug_No_Messaging|Win32
		{B114C57D-1D71-491F-B698-C231B30D2F02}.Debug_Messaging|x64.Build.0 = Debug_No_Messaging|Win32
		{B114C57D-1D71-491F-B698-C231B30D2F02}.Debug_No_Messaging|Win32.ActiveCfg = Debug_No_Messaging|Win32
		{B114C57D-1D71-491F-B698-C231B30D2F02}.Debug_No_Messaging|Win32.Build.0 = Debug_No_Messaging|Win32
		{B114C57D-1D71-491F-B698-C231B30D2F02}.Debug_No_Messaging|x64.ActiveCfg = Debug_No_Messaging|Win32
		{B114C57D-1D71-491F-B698-C231B30D2F02}.Debug_No_Messaging|x64.Build.0 = Debug_No_Messaging|Win32
		{B114C57D-1D71-491F-B698-C231B30D2F02}.Debug|Win32.ActiveCfg = Debug|Win32
		{B114C57D-1D71-491F-B698-C231B30D2F02}.Debug|Win32.Build.0 = Debug|Win32
		{B114C57D-1D71-491F-B698-C231B30D2F02}.Debug|x64.ActiveCfg = Debug|x64
		{B114C57D-1D71-491F-B698-C231B30D2F02}.Debug|x64.Build.0 = Debug|x64
		{B114C57D-1D71-491F-B698-C231B30D2F02}.MPI_Debug_No_Messaging|Win32.ActiveCfg = Debug_No_Messaging|Win32
		{B114C57D-1D71-491F-B698-C231B30D2F02}.MPI_Debug_No_Messaging|Win32.Build.0 = Debug_No_Messaging|Win32
		{B114C57D-1D71-491F-B698-C231B30D2F02}.MPI_Debug_No_Messaging|x64.ActiveCfg = Debug_No_Messaging|Win32
		{B114C57D-1D71-491F-B698-C231B30D2F02}.MPI_Debug_No_Messaging|x64.Build.0 = Debug_No_Messaging|Win32
		{B114C57D-1D71-491F-B698-C231B30D2F02}.Release_JavaBinding|Win32.ActiveCfg = Release_JavaBinding|Win32
		{B114C57D-1D71-491F-B698-C231B30D2F02}.Release_JavaBinding|Win32.Build.0 = Release_JavaBinding|Win32
		{B114C57D-1D71-491F-B698-C231B30D2F02}.Release_JavaBinding|x64.ActiveCfg = Release_JavaBinding|x64
		{B114C57D-1D71-491F-B698-C231B30D2F02}.Release_JavaBinding|x64.Build.0 = Release_JavaBinding|x64
		{B114C57D-1D71-491F-B698-C231B30D2F02}.Release_Messaging|Win32.ActiveCfg = Release_Messaging|Win32
		{B114C57D-1D71-491F-B698-C231B30D2F02}.Release_Messaging|Win32.Build.0 = Release_Messaging|Win32
		{B114C57D-1D71-491F-B698-C231B30D2F02}.Release_Messaging|x64.ActiveCfg = Release_Messaging|Win32
		{B114C57D-1D71-491F-B698-C231B30D2F02}.Release_Messaging|x64.Build.0 = Release_Messaging|Win32
		{B114C57D-1D71-491F-B698-C231B30D2F02}.Release_No_Messaging|Win32.ActiveCfg = Release_No_Messaging|Win32
		{B114C57D-1D71-491F-B698-C231B30D2F02}.Release_No_Messaging|Win32.Build.0 = Release_No_Messaging|Win32
		{B114C57D-1D71-491F-B698-C231B30D2F02}.Release_No_Messaging|x64.ActiveCfg = Release_No_Messaging|Win32
		{B114C57D-1D71-491F-B698-C231B30D2F02}.Release_No_Messaging|x64.Build.0 = Release_No_Messaging|Win32
		{B114C57D-1D71-491F-B698-C231B30D2F02}.Release|Win32.ActiveCfg = Release|Win32
		{B114C57D-1D71-491F-B698-C231B30D2F02}.Release|Win32.Build.0 = Release|Win32
		{B114C57D-1D71-491F-B698-C231B30D2F02}.Release|x64.ActiveCfg = Release|x64
		{B114C57D-1D71-491F-B698-C231B30D2F02}.Release|x64.Build.0 = Release|x64
		{E1D50119-2A2A-4B2E-8F5C-3A39887E7A16}.Debug_Messaging|Win32.ActiveCfg = Release_JavaBinding|x64
		{E1D50119-2A2A-4B2E-8F5C-3A39887E7A16}.Debug_Messaging|x64.ActiveCfg = Release_JavaBinding|x64
		{E1D50119-2A2A-4B2E-8F5C-3A39887E7A16}.Debug_Messaging|x64.Build.0 = Release_JavaBinding|x64
		{E1D50119-2A2A-4B2E-8F5C-3A39887E7A16}.Debug_No_Messaging|Win32.ActiveCfg = Release_JavaBinding|x64
		{E1D50119-2A2A-4B2E-8F5C-3A39887E7A16}.Debug_No_Messaging|x64.ActiveCfg = Release_JavaBinding|x64
		{E1D50119-2A2A-4B2E-8F5C-3A39887E7A16}.Debug_No_Messaging|x64.Build.0 = Release_JavaBinding|x64
		{E1D50119-2A2A-4B2E-8F5C-3A39887E7A16}.Debug|Win32.ActiveCfg = Release_JavaBinding|x64
		{E1D50119-2A2A-4B2E-8F5C-3A39887E7A16}.Debug|x64.ActiveCfg = Release_JavaBinding|x64
		{E1D50119-2A2A-4B2E-8F5C-3A39887E7A16}.Debug|x64.Build.0 = Release_JavaBinding|x64
		{E1D50119-2A2A-4B2E-8F5C-3A39887E7A16}.MPI_Debug_No_Messaging|Win32.ActiveCfg = Release_JavaBinding|x64
		{E1D50119-2A2A-4B2E-8F5C-3A39887E7A16}.MPI_Debug_No_Messaging|x64.ActiveCfg = Release_JavaBinding|x64
		{E1D50119-2A2A-4B2E-8F5C-3A39887E7A16}.MPI_Debug_No_Messaging|x64.Build.0 = Release_JavaBinding|x64
		{E1D50119-2A2A-4B2E-8F5C-3A39887E7A16}.Release_JavaBinding|Win32.ActiveCfg = Release_JavaBinding|Win32
		{E1D50119-2A2A-4B2E-8F5C-3A39887E7A16}.Release_JavaBinding|Win32.Build.0 = Release_JavaBinding|Win32
		{E1D50119-2A2A-4B2E-8F5C-3A39887E7A16}.Release_JavaBinding|x64.ActiveCfg = Release_JavaBinding|x64
		{E1D50119-2A2A-4B2E-8F5C-3A39887E7A16}.Release_JavaBinding|x64.Build.0 = Release_JavaBinding|x64
		{E1D50119-2A2A-4B2E-8F5C-3A39887E7A16}.Release_Messaging|Win32.ActiveCfg = Release_JavaBinding|x64
		{E1D50119-2A2A-4B2E-8F5C-3A39887E7A16}.Release_Messaging|x64.ActiveCfg = Release_JavaBinding|x64
		{E1D50119-2A2A-4B2E-8F5C-3A39887E7A16}.Release_Messaging|x64.Build.0 = Release_JavaBinding|x64
		{E1D50119-2A2A-4B2E-8F5C-3A39887E7A16}.Release_No_Messaging|Win32.ActiveCfg = Release_JavaBinding|x64
		{E1D50119-2A2A-4B2E-8F5C-3A39887E7A16}.Release_No_Messaging|x64.ActiveCfg = Release_JavaBinding|Win32
		{E1D50119-2A2A-4B2E-8F5C-3A39887E7A16}.Release_No_Messaging|x64.Build.0 = Release_JavaBinding|Win32
		{E1D50119-2A2A-4B2E-8F5C-3A39887E7A16}.Release|Win32.ActiveCfg = Release_JavaBinding|x64
		{E1D50119-2A2A-4B2E-8F5C-3A39887E7A16}.Release|x64.ActiveCfg = Release_JavaBinding|x64
		{E1D50119-2A2A-4B2E-8F5C-3A39887E7A16}.Release|x64.Build.0 = Release_JavaBinding|x64
		{47A14113-919A-4E9E-8905-B1EBF1A4AB0E}.Debug_Messaging|Win32.ActiveCfg = Release_JavaBinding|x64
		{47A14113-919A-4E9E-8905-B1EBF1A4AB0E}.Debug_Messaging|x64.ActiveCfg = Release_JavaBinding|x64
		{47A14113-919A-4E9E-8905-B1EBF1A4AB0E}.Debug_Messaging|x64.Build.0 = Release_JavaBinding|x64
		{47A14113-919A-4E9E-8905-B1EBF1A4AB0E}.Debug_No_Messaging|Win32.ActiveCfg = Release_JavaBinding|x64
		{47A14113-919A-4E9E-8905-B1EBF1A4AB0E}.Debug_No_Messaging|x64.ActiveCfg = Release_JavaBinding|x64
		{47A14113-919A-4E9E-8905-B1EBF1A4AB0E}.Debug_No_Messaging|x64.Build.0 = Release_JavaBinding|x64
		{47A14113-919A-4E9E-8905-B1EBF1A4AB0E}.Debug|Win32.ActiveCfg = Release_JavaBinding|x64
		{47A14113-919A-4E9E-8905-B1EBF1A4AB0E}.Debug|x64.ActiveCfg = Release_JavaBinding|x64
		{47A14113-919A-4E9E-8905-B1EBF1A4AB0E}.Debug|x64.Build.0 = Release_JavaBinding|x64
		{47A14113-919A-4E9E-8905-B1EBF1A4AB0E}.MPI_Debug_No_Messaging|Win32.ActiveCfg = Release_JavaBinding|x64
		{47A14113-919A-4E9E-8905-B1EBF1A4AB0E}.MPI_Debug_No_Messaging|x64.ActiveCfg = Release_JavaBinding|x64
		{47A14113-919A-4E9E-8905-B1EBF1A4AB0E}.MPI_Debug_No_Messaging|x64.Build.0 = Release_JavaBinding|x64
		{47A14113-919A-4E9E-8905-B1EBF1A4AB0E}.Release_JavaBinding|Win32.ActiveCfg = Release_JavaBinding|Win32
		{47A14113-919A-4E9E-8905-B1EBF1A4AB0E}.Release_JavaBinding|Win32.Build.0 = Release_JavaBinding|Win32
		{47A14113-919A-4E9E-8905-B1EBF1A4AB0E}.Release_JavaBinding|x64.ActiveCfg = Release_JavaBinding|x64
		{47A14113-919A-4E9E-8905-B1EBF1A4AB0E}.Release_JavaBinding|x64.Build.0 = Release_JavaBinding|x64
		{47A14113-919A-4E9E-8905-B1EBF1A4AB0E}.Release_Messaging|Win32.ActiveCfg = Release_JavaBinding|x64
		{47A14113-919A-4E9E-8905-B1EBF1A4AB0E}.Release_Messaging|x64.ActiveCfg = Release_JavaBinding|x64
		{47A14113-919A-4E9E-8905-B1EBF1A4AB0E}.Release_Messaging|x64.Build.0 = Release_JavaBinding|x64
		{47A14113-919A-4E9E-8905-B1EBF1A4AB0E}.Release_No_Messaging|Win32.ActiveCfg = Release_JavaBinding|x64
		{47A14113-919A-4E9E-8905-B1EBF1A4AB0E}.Release_No_Messaging|x64.ActiveCfg = Release_JavaBinding|Win32
		{47A14113-919A-4E9E-8905-B1EBF1A4AB0E}.Release_No_Messaging|x64.Build.0 = Release_JavaBinding|Win32
		{47A14113-919A-4E9E-8905-B1EBF1A4AB0E}.Release|Win32.ActiveCfg = Release_JavaBinding|x64
		{47A14113-919A-4E9E-8905-B1EBF1A4AB0E}.Release|x64.ActiveCfg = Release_JavaBinding|x64
		{47A14113-919A-4E9E-8905-B1EBF1A4AB0E}.Release|x64.Build.0 = Release_JavaBinding|x64
		{6BE6363D-F03D-41AD-97FA-EDCF858B61D0}.Debug_Messaging|Win32.ActiveCfg = Release_JavaBinding|x64
		{6BE6363D-F03D-41AD-97FA-EDCF858B61D0}.Debug_Messaging|x64.ActiveCfg = Release_JavaBinding|x64
		{6BE6363D-F03D-41AD-97FA-EDCF858B61D0}.Debug_Messaging|x64.Build.0 = Release_JavaBinding|x64
		{6BE6363D-F03D-41AD-97FA-EDCF858B61D0}.Debug_No_Messaging|Win32.ActiveCfg = Release_JavaBinding|x64
		{6BE6363D-F03D-41AD-97FA-EDCF858B61D0}.Debug_No_Messaging|x64.ActiveCfg = Release_JavaBinding|x64
		{6BE6363D-F03D-41AD-97FA-EDCF858B61D0}.Debug_No_Messaging|x64.Build.0 = Release_JavaBinding|x64
		{6BE6363D-F03D-41AD-97FA-EDCF858B61D0}.Debug|Win32.ActiveCfg = Release_JavaBinding|x64
		{6BE6363D-F03D-41AD-97FA-EDCF858B61D0}.Debug|x64.ActiveCfg = Release_JavaBinding|x64
		{6BE6363D-F03D-41AD-97FA-EDCF858B61D0}.Debug|x64.Build.0 = Release_JavaBinding|x64
		{6BE6363D-F03D-41AD-97FA-EDCF858B61D0}.MPI_Debug_No_Messaging|Win32.ActiveCfg = Release_JavaBinding|x64
		{6BE6363D-F03D-41AD-97FA-EDCF858B61D0}.MPI_Debug_No_Messaging|x64.ActiveCfg = Release_JavaBinding|x64
		{6BE6363D-F03D-41AD-97FA-EDCF858B61D0}.MPI_Debug_No_Messaging|x64.Build.0 = Release_JavaBinding|x64
		{6BE6363D-F03D-41AD-97FA-EDCF858B61D0}.Release_JavaBinding|Win32.ActiveCfg = Release_JavaBinding|Win32
		{6BE6363D-F03D-41AD-97FA-EDCF858B61D0}.Release_JavaBinding|Win32.Build.0 = Release_JavaBinding|Win32
		{6BE6363D-F03D-41AD-97FA-EDCF858B61D0}.Release_JavaBinding|x64.ActiveCfg = Release_JavaBinding|x64
		{6BE6363D-F03D-41AD-97FA-EDCF858B61D0}.Release_JavaBinding|x64.Build.0 = Release_JavaBinding|x64
		{6BE6363D-F03D-41AD-97FA-EDCF858B61D0}.Release_Messaging|Win32.ActiveCfg = Release_JavaBinding|x64
		{6BE6363D-F03D-41AD-97FA-EDCF858B61D0}.Release_Messaging|x64.ActiveCfg = Release_JavaBinding|x64
		{6BE6363D-F03D-41AD-97FA-EDCF858B61D0}.Release_Messaging|x64.Build.0 = Release_JavaBinding|x64
		{6BE6363D-F03D-41AD-97FA-EDCF858B61D0}.Release_No_Messaging|Win32.ActiveCfg = Release_JavaBinding|x64
		{6BE6363D-F03D-41AD-97FA-EDCF858B61D0}.Release_No_Messaging|x64.ActiveCfg = Release_JavaBinding|Win32
		{6BE6363D-F03D-41AD-97FA-EDCF858B61D0}.Release|Win32.ActiveCfg = Release_JavaBinding|x64
		{6BE6363D-F03D-41AD-97FA-EDCF858B61D0}.Release|x64.ActiveCfg = Release_JavaBinding|x64
		{6BE6363D-F03D-41AD-97FA-EDCF858B61D0}.Release|x64.Build.0 = Release_JavaBinding|x64
		{A558E3A2-63E7-4054-9A1A-2B4A0BAD8A63}.Debug_Messaging|Win32.ActiveCfg = Release_JavaBinding|x64
		{A558E3A2-63E7-4054-9A1A-2B4A0BAD8A63}.Debug_Messaging|x64.ActiveCfg = Release_JavaBinding|x64
		{A558E3A2-63E7-4054-9A1A-2B4A0BAD8A63}.Debug_Messaging|x64.Build.0 = Release_JavaBinding|x64
		{A558E3A2-63E7-4054-9A1A-2B4A0BAD8A63}.Debug_No_Messaging|Win32.ActiveCfg = Release_JavaBinding|x64
		{A558E3A2-63E7-4054-9A1A-2B4A0BAD8A63}.Debug_No_Messaging|x64.ActiveCfg = Release_JavaBinding|x64
		{A558E3A2-63E7-4054-9A1A-2B4A0BAD8A63}.Debug_No_Messaging|x64.Build.0 = Release_JavaBinding|x64
		{A558E3A2-63E7-4054-9A1A-2B4A0BAD8A63}.Debug|Win32.ActiveCfg = Release_JavaBinding|x64
		{A558E3A2-63E7-4054-9A1A-2B4A0BAD8A63}.Debug|x64.ActiveCfg = Release_JavaBinding|x64
		{A558E3A2-63E7-4054-9A1A-2B4A0BAD8A63}.Debug|x64.Build.0 = Release_JavaBinding|x64
		{A558E3A2-63E7-4054-9A1A-2B4A0BAD8A63}.MPI_Debug_No_Messaging|Win32.ActiveCfg = Release_JavaBinding|x64
		{A558E3A2-63E7-4054-9A1A-2B4A0BAD8A63}.MPI_Debug_No_Messaging|x64.ActiveCfg = Release_JavaBinding|x64
		{A558E3A2-63E7-4054-9A1A-2B4A0BAD8A63}.MPI_Debug_No_Messaging|x64.Build.0 = Release_JavaBinding|x64
		{A558E3A2-63E7-4054-9A1A-2B4A0BAD8A63}.Release_JavaBinding|Win32.ActiveCfg = Release_JavaBinding|Win32
		{A558E3A2-63E7-4054-9A1A-2B4A0BAD8A63}.Release_JavaBinding|Win32.Build.0 = Release_JavaBinding|Win32
		{A558E3A2-63E7-4054-9A1A-2B4A0BAD8A63}.Release_JavaBinding|x64.ActiveCfg = Release_JavaBinding|x64
		{A558E3A2-63E7-4054-9A1A-2B4A0BAD8A63}.Release_Messaging|Win32.ActiveCfg = Release_JavaBinding|x64
		{A558E3A2-63E7-4054-9A1A-2B4A0BAD8A63}.Release_Messaging|x64.ActiveCfg = Release_JavaBinding|x64
		{A558E3A2-63E7-4054-9A1A-2B4A0BAD8A63}.Release_Messaging|x64.Build.0 = Release_JavaBinding|x64
		{A558E3A2-63E7-4054-9A1A-2B4A0BAD8A63}.Release_No_Messaging|Win32.ActiveCfg = Release_JavaBinding|x64
		{A558E3A2-63E7-4054-9A1A-2B4A0BAD8A63}.Release_No_Messaging|x64.ActiveCfg = Release_JavaBinding|x64
		{A558E3A2-63E7-4054-9A1A-2B4A0BAD8A63}.Release_No_Messaging|x64.Build.0 = Release_JavaBinding|x64
		{A558E3A2-63E7-4054-9A1A-2B4A0BAD8A63}.Release|Win32.ActiveCfg = Release_JavaBinding|x64
		{A558E3A2-63E7-4054-9A1A-2B4A0BAD8A63}.Release|x64.ActiveCfg = Release_JavaBinding|x64
		{A558E3A2-63E7-4054-9A1A-2B4A0BAD8A63}.Release|x64.Build.0 = Release_JavaBinding|x64
	EndGlobalSection
	GlobalSection(SolutionProperties) = preSolution
		HideSolutionNode = FALSE
	EndGlobalSection
EndGlobal
