Microsoft Visual Studio Solution File, Format Version 8.00
Project("{8BC9CEB8-8B4A-11D0-8D11-00A0C91BC942}") = "ExpressionParser", "ExpressionParser\ExpressionParser.vcproj", "{61634B0E-1A94-43AC-9BD7-490002ACDBF5}"
	ProjectSection(ProjectDependencies) = postProject
	EndProjectSection
EndProject
Project("{8BC9CEB8-8B4A-11D0-8D11-00A0C91BC942}") = "VCell", "VCell\VCell.vcproj", "{4CBF3C66-AA7E-4456-AB4A-D0D83B9755E9}"
	ProjectSection(ProjectDependencies) = postProject
	EndProjectSection
EndProject
Project("{8BC9CEB8-8B4A-11D0-8D11-00A0C91BC942}") = "IDAWin", "IDAWin\IDAWin.vcproj", "{1F2CB7B8-7A6D-4DA0-8CBD-750B540070A2}"
	ProjectSection(ProjectDependencies) = postProject
		{61634B0E-1A94-43AC-9BD7-490002ACDBF5} = {61634B0E-1A94-43AC-9BD7-490002ACDBF5}
	EndProjectSection
EndProject
Project("{8BC9CEB8-8B4A-11D0-8D11-00A0C91BC942}") = "VCellApp", "VCellApp\VCellApp.vcproj", "{AF4537E0-C016-434C-BEB1-AF98F1898F36}"
	ProjectSection(ProjectDependencies) = postProject
		{4CBF3C66-AA7E-4456-AB4A-D0D83B9755E9} = {4CBF3C66-AA7E-4456-AB4A-D0D83B9755E9}
	EndProjectSection
EndProject
Project("{8BC9CEB8-8B4A-11D0-8D11-00A0C91BC942}") = "Stochastic", "Stochastic\Stochastic.vcproj", "{D6796FAD-8BCA-4990-B417-CAA0408D8D29}"
	ProjectSection(ProjectDependencies) = postProject
		{61634B0E-1A94-43AC-9BD7-490002ACDBF5} = {61634B0E-1A94-43AC-9BD7-490002ACDBF5}
	EndProjectSection
EndProject
Project("{8BC9CEB8-8B4A-11D0-8D11-00A0C91BC942}") = "JavaBinding", "JavaBinding\JavaBinding.vcproj", "{13E3A338-1E38-4C0B-A030-41532D77EDCB}"
	ProjectSection(ProjectDependencies) = postProject
		{61634B0E-1A94-43AC-9BD7-490002ACDBF5} = {61634B0E-1A94-43AC-9BD7-490002ACDBF5}
		{1F2CB7B8-7A6D-4DA0-8CBD-750B540070A2} = {1F2CB7B8-7A6D-4DA0-8CBD-750B540070A2}
		{857A1BFF-283D-41A6-9F1C-5F307E7A9CDB} = {857A1BFF-283D-41A6-9F1C-5F307E7A9CDB}
	EndProjectSection
EndProject
Project("{8BC9CEB8-8B4A-11D0-8D11-00A0C91BC942}") = "Optimization", "Optimization\Optimization.vcproj", "{857A1BFF-283D-41A6-9F1C-5F307E7A9CDB}"
	ProjectSection(ProjectDependencies) = postProject
	EndProjectSection
EndProject
Project("{8BC9CEB8-8B4A-11D0-8D11-00A0C91BC942}") = "IDAStandalone", "IDAStandalone\IDAStandalone.vcproj", "{B5DFF8A8-80F1-4F05-B6C7-561952E5907C}"
	ProjectSection(ProjectDependencies) = postProject
		{61634B0E-1A94-43AC-9BD7-490002ACDBF5} = {61634B0E-1A94-43AC-9BD7-490002ACDBF5}
		{1F2CB7B8-7A6D-4DA0-8CBD-750B540070A2} = {1F2CB7B8-7A6D-4DA0-8CBD-750B540070A2}
	EndProjectSection
EndProject
Project("{8BC9CEB8-8B4A-11D0-8D11-00A0C91BC942}") = "CVodeStandalone", "CVodeStandalone\CVodeStandalone.vcproj", "{B2CFEA83-B70C-48E4-B966-AFA6B16961E9}"
	ProjectSection(ProjectDependencies) = postProject
		{61634B0E-1A94-43AC-9BD7-490002ACDBF5} = {61634B0E-1A94-43AC-9BD7-490002ACDBF5}
		{1F2CB7B8-7A6D-4DA0-8CBD-750B540070A2} = {1F2CB7B8-7A6D-4DA0-8CBD-750B540070A2}
	EndProjectSection
EndProject
Project("{8BC9CEB8-8B4A-11D0-8D11-00A0C91BC942}") = "FiniteVolume", "FiniteVolume\FiniteVolume.vcproj", "{C2729EEE-D6CD-4B58-A087-A84D1969B9A8}"
	ProjectSection(ProjectDependencies) = postProject
		{61634B0E-1A94-43AC-9BD7-490002ACDBF5} = {61634B0E-1A94-43AC-9BD7-490002ACDBF5}
		{4CBF3C66-AA7E-4456-AB4A-D0D83B9755E9} = {4CBF3C66-AA7E-4456-AB4A-D0D83B9755E9}
	EndProjectSection
EndProject
Global
	GlobalSection(SolutionConfiguration) = preSolution
		Debug = Debug
		MT = MT
		MTD = MTD
		Release = Release
	EndGlobalSection
	GlobalSection(ProjectConfiguration) = postSolution
		{61634B0E-1A94-43AC-9BD7-490002ACDBF5}.Debug.ActiveCfg = Debug|Win32
		{61634B0E-1A94-43AC-9BD7-490002ACDBF5}.Debug.Build.0 = Debug|Win32
		{61634B0E-1A94-43AC-9BD7-490002ACDBF5}.MT.ActiveCfg = MT|Win32
		{61634B0E-1A94-43AC-9BD7-490002ACDBF5}.MT.Build.0 = MT|Win32
		{61634B0E-1A94-43AC-9BD7-490002ACDBF5}.MTD.ActiveCfg = MTD|Win32
		{61634B0E-1A94-43AC-9BD7-490002ACDBF5}.MTD.Build.0 = MTD|Win32
		{61634B0E-1A94-43AC-9BD7-490002ACDBF5}.Release.ActiveCfg = Release|Win32
		{61634B0E-1A94-43AC-9BD7-490002ACDBF5}.Release.Build.0 = Release|Win32
		{4CBF3C66-AA7E-4456-AB4A-D0D83B9755E9}.Debug.ActiveCfg = Debug|Win32
		{4CBF3C66-AA7E-4456-AB4A-D0D83B9755E9}.Debug.Build.0 = Debug|Win32
		{4CBF3C66-AA7E-4456-AB4A-D0D83B9755E9}.MT.ActiveCfg = MT|Win32
		{4CBF3C66-AA7E-4456-AB4A-D0D83B9755E9}.MT.Build.0 = MT|Win32
		{4CBF3C66-AA7E-4456-AB4A-D0D83B9755E9}.MTD.ActiveCfg = MTD|Win32
		{4CBF3C66-AA7E-4456-AB4A-D0D83B9755E9}.MTD.Build.0 = MTD|Win32
		{4CBF3C66-AA7E-4456-AB4A-D0D83B9755E9}.Release.ActiveCfg = Release|Win32
		{4CBF3C66-AA7E-4456-AB4A-D0D83B9755E9}.Release.Build.0 = Release|Win32
		{1F2CB7B8-7A6D-4DA0-8CBD-750B540070A2}.Debug.ActiveCfg = Debug|Win32
		{1F2CB7B8-7A6D-4DA0-8CBD-750B540070A2}.Debug.Build.0 = Debug|Win32
		{1F2CB7B8-7A6D-4DA0-8CBD-750B540070A2}.MT.ActiveCfg = MT|Win32
		{1F2CB7B8-7A6D-4DA0-8CBD-750B540070A2}.MT.Build.0 = MT|Win32
		{1F2CB7B8-7A6D-4DA0-8CBD-750B540070A2}.MTD.ActiveCfg = MTD|Win32
		{1F2CB7B8-7A6D-4DA0-8CBD-750B540070A2}.MTD.Build.0 = MTD|Win32
		{1F2CB7B8-7A6D-4DA0-8CBD-750B540070A2}.Release.ActiveCfg = Release|Win32
		{1F2CB7B8-7A6D-4DA0-8CBD-750B540070A2}.Release.Build.0 = Release|Win32
		{AF4537E0-C016-434C-BEB1-AF98F1898F36}.Debug.ActiveCfg = Debug|Win32
		{AF4537E0-C016-434C-BEB1-AF98F1898F36}.Debug.Build.0 = Debug|Win32
		{AF4537E0-C016-434C-BEB1-AF98F1898F36}.MT.ActiveCfg = MT|Win32
		{AF4537E0-C016-434C-BEB1-AF98F1898F36}.MT.Build.0 = MT|Win32
		{AF4537E0-C016-434C-BEB1-AF98F1898F36}.MTD.ActiveCfg = MTD|Win32
		{AF4537E0-C016-434C-BEB1-AF98F1898F36}.MTD.Build.0 = MTD|Win32
		{AF4537E0-C016-434C-BEB1-AF98F1898F36}.Release.ActiveCfg = Release|Win32
		{AF4537E0-C016-434C-BEB1-AF98F1898F36}.Release.Build.0 = Release|Win32
		{D6796FAD-8BCA-4990-B417-CAA0408D8D29}.Debug.ActiveCfg = Debug|Win32
		{D6796FAD-8BCA-4990-B417-CAA0408D8D29}.Debug.Build.0 = Debug|Win32
		{D6796FAD-8BCA-4990-B417-CAA0408D8D29}.MT.ActiveCfg = MT|Win32
		{D6796FAD-8BCA-4990-B417-CAA0408D8D29}.MT.Build.0 = MT|Win32
		{D6796FAD-8BCA-4990-B417-CAA0408D8D29}.MTD.ActiveCfg = MTD|Win32
		{D6796FAD-8BCA-4990-B417-CAA0408D8D29}.MTD.Build.0 = MTD|Win32
		{D6796FAD-8BCA-4990-B417-CAA0408D8D29}.Release.ActiveCfg = Release|Win32
		{D6796FAD-8BCA-4990-B417-CAA0408D8D29}.Release.Build.0 = Release|Win32
		{13E3A338-1E38-4C0B-A030-41532D77EDCB}.Debug.ActiveCfg = Debug|Win32
		{13E3A338-1E38-4C0B-A030-41532D77EDCB}.Debug.Build.0 = Debug|Win32
		{13E3A338-1E38-4C0B-A030-41532D77EDCB}.MT.ActiveCfg = MT|Win32
		{13E3A338-1E38-4C0B-A030-41532D77EDCB}.MT.Build.0 = MT|Win32
		{13E3A338-1E38-4C0B-A030-41532D77EDCB}.MTD.ActiveCfg = MTD|Win32
		{13E3A338-1E38-4C0B-A030-41532D77EDCB}.MTD.Build.0 = MTD|Win32
		{13E3A338-1E38-4C0B-A030-41532D77EDCB}.Release.ActiveCfg = Release|Win32
		{13E3A338-1E38-4C0B-A030-41532D77EDCB}.Release.Build.0 = Release|Win32
		{857A1BFF-283D-41A6-9F1C-5F307E7A9CDB}.Debug.ActiveCfg = Debug|Win32
		{857A1BFF-283D-41A6-9F1C-5F307E7A9CDB}.Debug.Build.0 = Debug|Win32
		{857A1BFF-283D-41A6-9F1C-5F307E7A9CDB}.MT.ActiveCfg = MT|Win32
		{857A1BFF-283D-41A6-9F1C-5F307E7A9CDB}.MT.Build.0 = MT|Win32
		{857A1BFF-283D-41A6-9F1C-5F307E7A9CDB}.MTD.ActiveCfg = MTD|Win32
		{857A1BFF-283D-41A6-9F1C-5F307E7A9CDB}.MTD.Build.0 = MTD|Win32
		{857A1BFF-283D-41A6-9F1C-5F307E7A9CDB}.Release.ActiveCfg = Release|Win32
		{857A1BFF-283D-41A6-9F1C-5F307E7A9CDB}.Release.Build.0 = Release|Win32
		{B5DFF8A8-80F1-4F05-B6C7-561952E5907C}.Debug.ActiveCfg = Debug|Win32
		{B5DFF8A8-80F1-4F05-B6C7-561952E5907C}.Debug.Build.0 = Debug|Win32
		{B5DFF8A8-80F1-4F05-B6C7-561952E5907C}.MT.ActiveCfg = MT|Win32
		{B5DFF8A8-80F1-4F05-B6C7-561952E5907C}.MT.Build.0 = MT|Win32
		{B5DFF8A8-80F1-4F05-B6C7-561952E5907C}.MTD.ActiveCfg = MTD|Win32
		{B5DFF8A8-80F1-4F05-B6C7-561952E5907C}.MTD.Build.0 = MTD|Win32
		{B5DFF8A8-80F1-4F05-B6C7-561952E5907C}.Release.ActiveCfg = Release|Win32
		{B5DFF8A8-80F1-4F05-B6C7-561952E5907C}.Release.Build.0 = Release|Win32
		{B2CFEA83-B70C-48E4-B966-AFA6B16961E9}.Debug.ActiveCfg = Debug|Win32
		{B2CFEA83-B70C-48E4-B966-AFA6B16961E9}.Debug.Build.0 = Debug|Win32
		{B2CFEA83-B70C-48E4-B966-AFA6B16961E9}.MT.ActiveCfg = MT|Win32
		{B2CFEA83-B70C-48E4-B966-AFA6B16961E9}.MT.Build.0 = MT|Win32
		{B2CFEA83-B70C-48E4-B966-AFA6B16961E9}.MTD.ActiveCfg = MTD|Win32
		{B2CFEA83-B70C-48E4-B966-AFA6B16961E9}.MTD.Build.0 = MTD|Win32
		{B2CFEA83-B70C-48E4-B966-AFA6B16961E9}.Release.ActiveCfg = Release|Win32
		{B2CFEA83-B70C-48E4-B966-AFA6B16961E9}.Release.Build.0 = Release|Win32
		{C2729EEE-D6CD-4B58-A087-A84D1969B9A8}.Debug.ActiveCfg = Debug|Win32
		{C2729EEE-D6CD-4B58-A087-A84D1969B9A8}.Debug.Build.0 = Debug|Win32
		{C2729EEE-D6CD-4B58-A087-A84D1969B9A8}.MT.ActiveCfg = MT|Win32
		{C2729EEE-D6CD-4B58-A087-A84D1969B9A8}.MT.Build.0 = MT|Win32
		{C2729EEE-D6CD-4B58-A087-A84D1969B9A8}.MTD.ActiveCfg = MTD|Win32
		{C2729EEE-D6CD-4B58-A087-A84D1969B9A8}.MTD.Build.0 = MTD|Win32
		{C2729EEE-D6CD-4B58-A087-A84D1969B9A8}.Release.ActiveCfg = Release|Win32
		{C2729EEE-D6CD-4B58-A087-A84D1969B9A8}.Release.Build.0 = Release|Win32
	EndGlobalSection
	GlobalSection(ExtensibilityGlobals) = postSolution
	EndGlobalSection
	GlobalSection(ExtensibilityAddIns) = postSolution
	EndGlobalSection
EndGlobal
