Microsoft Visual Studio Solution File, Format Version 10.00
# Visual Studio 2008
Project("{8BC9CEB8-8B4A-11D0-8D11-00A0C91BC942}") = "commandline", "commandline\commandline.vcproj", "{2E87412A-555D-3533-AAB5-AE1C847ADD49}"
EndProject
Project("{8BC9CEB8-8B4A-11D0-8D11-00A0C91BC942}") = "copasiDM", "CopasiDataModel\copasiDM.vcproj", "{99B920DC-7819-3A85-8EBA-F0A165BBC3A1}"
EndProject
Project("{8BC9CEB8-8B4A-11D0-8D11-00A0C91BC942}") = "compareExpressions", "compareExpressions\compareExpressions.vcproj", "{20D9DF17-9663-3598-94ED-24E26B60E59A}"
EndProject
Project("{8BC9CEB8-8B4A-11D0-8D11-00A0C91BC942}") = "elementaryFluxModes", "elementaryFluxModes\elementaryFluxModes.vcproj", "{6B4217AB-421C-328E-82FC-A76A763119F1}"
EndProject
Project("{8BC9CEB8-8B4A-11D0-8D11-00A0C91BC942}") = "function", "function\function.vcproj", "{5C0F4CAB-C0D9-385C-949E-54CF90D2F088}"
EndProject
Project("{8BC9CEB8-8B4A-11D0-8D11-00A0C91BC942}") = "layout", "layout\layout.vcproj", "{4A0D1D64-BA1B-336D-A8BF-40CDBA7900AE}"
EndProject
Project("{8BC9CEB8-8B4A-11D0-8D11-00A0C91BC942}") = "lyap", "lyap\lyap.vcproj", "{DA4D4F2D-8CE5-33FC-8114-F2283B9B2986}"
EndProject
Project("{8BC9CEB8-8B4A-11D0-8D11-00A0C91BC942}") = "model", "model\model.vcproj", "{5EC0E084-0AAA-362B-99D4-F373248D8A1A}"
EndProject
Project("{8BC9CEB8-8B4A-11D0-8D11-00A0C91BC942}") = "moieties", "moieties\moieties.vcproj", "{D6D61CE5-2E37-316B-AB8C-30739F44801F}"
EndProject
Project("{8BC9CEB8-8B4A-11D0-8D11-00A0C91BC942}") = "MIRIAM", "MIRIAM\MIRIAM.vcproj", "{7440EBAB-E422-3F01-A6F8-BCCFAF3FA802}"
EndProject
Project("{8BC9CEB8-8B4A-11D0-8D11-00A0C91BC942}") = "odepack++", "odepack++\odepack++.vcproj", "{A0F16628-2960-3865-81DB-60B58F940597}"
EndProject
Project("{8BC9CEB8-8B4A-11D0-8D11-00A0C91BC942}") = "optimization", "optimization\optimization.vcproj", "{EFB09FC9-7359-325E-B0A4-38523E7FDB34}"
EndProject
Project("{8BC9CEB8-8B4A-11D0-8D11-00A0C91BC942}") = "fitting", "parameterFitting\fitting.vcproj", "{2B6BF8C7-C19C-3936-954B-B6783F6052DF}"
EndProject
Project("{8BC9CEB8-8B4A-11D0-8D11-00A0C91BC942}") = "plot", "plot\plot.vcproj", "{B5EBF83B-F046-30AD-945C-7F6297592450}"
EndProject
Project("{8BC9CEB8-8B4A-11D0-8D11-00A0C91BC942}") = "randomGenerator", "randomGenerator\randomGenerator.vcproj", "{833A3771-8606-38DA-8EBA-F568BED5204D}"
EndProject
Project("{8BC9CEB8-8B4A-11D0-8D11-00A0C91BC942}") = "report", "report\report.vcproj", "{00F9FB4B-7B05-36AB-AAE9-232406E4800E}"
EndProject
Project("{8BC9CEB8-8B4A-11D0-8D11-00A0C91BC942}") = "sbmlimport", "sbml\sbmlimport.vcproj", "{F7C71864-5C71-3AB7-88A4-20EC47219959}"
EndProject
Project("{8BC9CEB8-8B4A-11D0-8D11-00A0C91BC942}") = "sbmlunit", "sbmlunit\sbmlunit.vcproj", "{D77AD51E-FD60-3F45-BE8A-2178A6C8224A}"
EndProject
Project("{8BC9CEB8-8B4A-11D0-8D11-00A0C91BC942}") = "scan", "scan\scan.vcproj", "{9D0EA037-CA29-3285-A8DD-6C71D3B8CE85}"
EndProject
Project("{8BC9CEB8-8B4A-11D0-8D11-00A0C91BC942}") = "sensitivities", "sensitivities\sensitivities.vcproj", "{C5765AA3-A869-35A9-8F90-885E03E67438}"
EndProject
Project("{8BC9CEB8-8B4A-11D0-8D11-00A0C91BC942}") = "steadystate", "steadystate\steadystate.vcproj", "{32F8156B-5342-3A38-822A-E16D97745718}"
EndProject
Project("{8BC9CEB8-8B4A-11D0-8D11-00A0C91BC942}") = "trajectory", "trajectory\trajectory.vcproj", "{E12BA778-6715-3BE7-8821-D9D5E03EDA38}"
EndProject
Project("{8BC9CEB8-8B4A-11D0-8D11-00A0C91BC942}") = "tss", "tss\tss.vcproj", "{3C637151-33B2-38C2-974A-29FEF22A307C}"
EndProject
Project("{8BC9CEB8-8B4A-11D0-8D11-00A0C91BC942}") = "tssanalysis", "tssanalysis\tssanalysis.vcproj", "{11C0C224-7F0D-32CF-905D-5BBFA4DA0E8F}"
EndProject
Project("{8BC9CEB8-8B4A-11D0-8D11-00A0C91BC942}") = "utilities", "utilities\utilities.vcproj", "{D5664977-0883-3E64-850E-574A85F562AB}"
EndProject
Project("{8BC9CEB8-8B4A-11D0-8D11-00A0C91BC942}") = "copasiXML", "xml\copasiXML.vcproj", "{C4107D8A-A35C-3727-8BC4-263127CDEFA9}"
EndProject
Project("{8BC9CEB8-8B4A-11D0-8D11-00A0C91BC942}") = "barChart", "barChart\barChart.vcproj", "{9509A3BE-268E-3F0D-A3D9-33AFC5954921}"
EndProject
Project("{8BC9CEB8-8B4A-11D0-8D11-00A0C91BC942}") = "layoutUI", "layoutUI\layoutUI.vcproj", "{C7FEF45A-2E4D-3B5B-B984-0995EAA06421}"
EndProject
Project("{8BC9CEB8-8B4A-11D0-8D11-00A0C91BC942}") = "MIRIAMUI", "MIRIAMUI\MIRIAMUI.vcproj", "{3C1F56F2-DF5E-30EA-92D4-6637EC1B342E}"
EndProject
Project("{8BC9CEB8-8B4A-11D0-8D11-00A0C91BC942}") = "plotUI", "plotUI\plotUI.vcproj", "{562B5BB7-3042-3BF7-84D1-A5F9DEF74336}"
EndProject
Project("{8BC9CEB8-8B4A-11D0-8D11-00A0C91BC942}") = "wizard", "wizard\wizard.vcproj", "{B63C5A11-744C-3B18-AA25-D060F03B9A93}"
EndProject
Project("{8BC9CEB8-8B4A-11D0-8D11-00A0C91BC942}") = "tex", "tex\tex.vcproj", "{589D6155-A737-3692-B1AB-E12CC44B2087}"
EndProject
Project("{8BC9CEB8-8B4A-11D0-8D11-00A0C91BC942}") = "UI", "UI\UI.vcproj", "{962DA65F-C1ED-3CD2-9479-99DCAB8723D1}"
EndProject
Project("{8BC9CEB8-8B4A-11D0-8D11-00A0C91BC942}") = "CopasiSE", "CopasiSE\CopasiSE.vcproj", "{7867EC73-DAEB-3468-8B6E-FA4A8D53BCAF}"
EndProject
Project("{8BC9CEB8-8B4A-11D0-8D11-00A0C91BC942}") = "CopasiUI", "CopasiUI\CopasiUI.vcproj", "{F7960778-E4DA-3412-A6DD-43B58847B7FC}"
	ProjectSection(ProjectDependencies) = postProject
		{B63C5A11-744C-3B18-AA25-D060F03B9A93} = {B63C5A11-744C-3B18-AA25-D060F03B9A93}
		{20D9DF17-9663-3598-94ED-24E26B60E59A} = {20D9DF17-9663-3598-94ED-24E26B60E59A}
		{D77AD51E-FD60-3F45-BE8A-2178A6C8224A} = {D77AD51E-FD60-3F45-BE8A-2178A6C8224A}
		{11C0C224-7F0D-32CF-905D-5BBFA4DA0E8F} = {11C0C224-7F0D-32CF-905D-5BBFA4DA0E8F}
		{2A456625-01A7-3CD5-8EFE-1D0FAD085501} = {2A456625-01A7-3CD5-8EFE-1D0FAD085501}
		{A0F16628-2960-3865-81DB-60B58F940597} = {A0F16628-2960-3865-81DB-60B58F940597}
		{2E87412A-555D-3533-AAB5-AE1C847ADD49} = {2E87412A-555D-3533-AAB5-AE1C847ADD49}
		{DA4D4F2D-8CE5-33FC-8114-F2283B9B2986} = {DA4D4F2D-8CE5-33FC-8114-F2283B9B2986}
		{9D0EA037-CA29-3285-A8DD-6C71D3B8CE85} = {9D0EA037-CA29-3285-A8DD-6C71D3B8CE85}
		{B5EBF83B-F046-30AD-945C-7F6297592450} = {B5EBF83B-F046-30AD-945C-7F6297592450}
		{00F9FB4B-7B05-36AB-AAE9-232406E4800E} = {00F9FB4B-7B05-36AB-AAE9-232406E4800E}
		{3C637151-33B2-38C2-974A-29FEF22A307C} = {3C637151-33B2-38C2-974A-29FEF22A307C}
		{589D6155-A737-3692-B1AB-E12CC44B2087} = {589D6155-A737-3692-B1AB-E12CC44B2087}
		{C7FEF45A-2E4D-3B5B-B984-0995EAA06421} = {C7FEF45A-2E4D-3B5B-B984-0995EAA06421}
		{962DA65F-C1ED-3CD2-9479-99DCAB8723D1} = {962DA65F-C1ED-3CD2-9479-99DCAB8723D1}
		{F7C71864-5C71-3AB7-88A4-20EC47219959} = {F7C71864-5C71-3AB7-88A4-20EC47219959}
		{4A0D1D64-BA1B-336D-A8BF-40CDBA7900AE} = {4A0D1D64-BA1B-336D-A8BF-40CDBA7900AE}
		{32F8156B-5342-3A38-822A-E16D97745718} = {32F8156B-5342-3A38-822A-E16D97745718}
		{833A3771-8606-38DA-8EBA-F568BED5204D} = {833A3771-8606-38DA-8EBA-F568BED5204D}
		{D5664977-0883-3E64-850E-574A85F562AB} = {D5664977-0883-3E64-850E-574A85F562AB}
		{E12BA778-6715-3BE7-8821-D9D5E03EDA38} = {E12BA778-6715-3BE7-8821-D9D5E03EDA38}
		{5EC0E084-0AAA-362B-99D4-F373248D8A1A} = {5EC0E084-0AAA-362B-99D4-F373248D8A1A}
		{C4107D8A-A35C-3727-8BC4-263127CDEFA9} = {C4107D8A-A35C-3727-8BC4-263127CDEFA9}
		{C5765AA3-A869-35A9-8F90-885E03E67438} = {C5765AA3-A869-35A9-8F90-885E03E67438}
		{6B4217AB-421C-328E-82FC-A76A763119F1} = {6B4217AB-421C-328E-82FC-A76A763119F1}
		{5C0F4CAB-C0D9-385C-949E-54CF90D2F088} = {5C0F4CAB-C0D9-385C-949E-54CF90D2F088}
		{7440EBAB-E422-3F01-A6F8-BCCFAF3FA802} = {7440EBAB-E422-3F01-A6F8-BCCFAF3FA802}
		{562B5BB7-3042-3BF7-84D1-A5F9DEF74336} = {562B5BB7-3042-3BF7-84D1-A5F9DEF74336}
		{9509A3BE-268E-3F0D-A3D9-33AFC5954921} = {9509A3BE-268E-3F0D-A3D9-33AFC5954921}
		{2B6BF8C7-C19C-3936-954B-B6783F6052DF} = {2B6BF8C7-C19C-3936-954B-B6783F6052DF}
		{EFB09FC9-7359-325E-B0A4-38523E7FDB34} = {EFB09FC9-7359-325E-B0A4-38523E7FDB34}
		{8613B5D3-7663-4012-8430-47CD312EEAD3} = {8613B5D3-7663-4012-8430-47CD312EEAD3}
		{99B920DC-7819-3A85-8EBA-F0A165BBC3A1} = {99B920DC-7819-3A85-8EBA-F0A165BBC3A1}
		{D6D61CE5-2E37-316B-AB8C-30739F44801F} = {D6D61CE5-2E37-316B-AB8C-30739F44801F}
		{3C1F56F2-DF5E-30EA-92D4-6637EC1B342E} = {3C1F56F2-DF5E-30EA-92D4-6637EC1B342E}
	EndProjectSection
EndProject
Project("{8BC9CEB8-8B4A-11D0-8D11-00A0C91BC942}") = "1_configure", "1_configure.vcproj", "{8613B5D3-7663-4012-8430-47CD312EEAD3}"
EndProject
Project("{8BC9CEB8-8B4A-11D0-8D11-00A0C91BC942}") = "crosssection", "crosssection\crosssection.vcproj", "{2A456625-01A7-3CD5-8EFE-1D0FAD085501}"
EndProject
Project("{8BC9CEB8-8B4A-11D0-8D11-00A0C91BC942}") = "tinyxml_lib", "..\..\..\tinyxml\tinyxml_lib.vcproj", "{C406DAEC-0886-4771-8DEA-9D7329B46CC1}"
EndProject
Project("{8BC9CEB8-8B4A-11D0-8D11-00A0C91BC942}") = "vcellCopasiOptDriver", "..\..\..\vcellCopasiOptDriver\vcellCopasiOptDriver.vcproj", "{6BB7D08F-1356-4A69-BA6F-1EECD853D460}"
	ProjectSection(ProjectDependencies) = postProject
		{20D9DF17-9663-3598-94ED-24E26B60E59A} = {20D9DF17-9663-3598-94ED-24E26B60E59A}
		{D77AD51E-FD60-3F45-BE8A-2178A6C8224A} = {D77AD51E-FD60-3F45-BE8A-2178A6C8224A}
		{11C0C224-7F0D-32CF-905D-5BBFA4DA0E8F} = {11C0C224-7F0D-32CF-905D-5BBFA4DA0E8F}
		{2A456625-01A7-3CD5-8EFE-1D0FAD085501} = {2A456625-01A7-3CD5-8EFE-1D0FAD085501}
		{A0F16628-2960-3865-81DB-60B58F940597} = {A0F16628-2960-3865-81DB-60B58F940597}
		{2E87412A-555D-3533-AAB5-AE1C847ADD49} = {2E87412A-555D-3533-AAB5-AE1C847ADD49}
		{DA4D4F2D-8CE5-33FC-8114-F2283B9B2986} = {DA4D4F2D-8CE5-33FC-8114-F2283B9B2986}
		{9D0EA037-CA29-3285-A8DD-6C71D3B8CE85} = {9D0EA037-CA29-3285-A8DD-6C71D3B8CE85}
		{B5EBF83B-F046-30AD-945C-7F6297592450} = {B5EBF83B-F046-30AD-945C-7F6297592450}
		{00F9FB4B-7B05-36AB-AAE9-232406E4800E} = {00F9FB4B-7B05-36AB-AAE9-232406E4800E}
		{3C637151-33B2-38C2-974A-29FEF22A307C} = {3C637151-33B2-38C2-974A-29FEF22A307C}
		{589D6155-A737-3692-B1AB-E12CC44B2087} = {589D6155-A737-3692-B1AB-E12CC44B2087}
		{F7C71864-5C71-3AB7-88A4-20EC47219959} = {F7C71864-5C71-3AB7-88A4-20EC47219959}
		{4A0D1D64-BA1B-336D-A8BF-40CDBA7900AE} = {4A0D1D64-BA1B-336D-A8BF-40CDBA7900AE}
		{32F8156B-5342-3A38-822A-E16D97745718} = {32F8156B-5342-3A38-822A-E16D97745718}
		{833A3771-8606-38DA-8EBA-F568BED5204D} = {833A3771-8606-38DA-8EBA-F568BED5204D}
		{D5664977-0883-3E64-850E-574A85F562AB} = {D5664977-0883-3E64-850E-574A85F562AB}
		{E12BA778-6715-3BE7-8821-D9D5E03EDA38} = {E12BA778-6715-3BE7-8821-D9D5E03EDA38}
		{5EC0E084-0AAA-362B-99D4-F373248D8A1A} = {5EC0E084-0AAA-362B-99D4-F373248D8A1A}
		{C4107D8A-A35C-3727-8BC4-263127CDEFA9} = {C4107D8A-A35C-3727-8BC4-263127CDEFA9}
		{C5765AA3-A869-35A9-8F90-885E03E67438} = {C5765AA3-A869-35A9-8F90-885E03E67438}
		{6B4217AB-421C-328E-82FC-A76A763119F1} = {6B4217AB-421C-328E-82FC-A76A763119F1}
		{5C0F4CAB-C0D9-385C-949E-54CF90D2F088} = {5C0F4CAB-C0D9-385C-949E-54CF90D2F088}
		{7440EBAB-E422-3F01-A6F8-BCCFAF3FA802} = {7440EBAB-E422-3F01-A6F8-BCCFAF3FA802}
		{9509A3BE-268E-3F0D-A3D9-33AFC5954921} = {9509A3BE-268E-3F0D-A3D9-33AFC5954921}
		{2B6BF8C7-C19C-3936-954B-B6783F6052DF} = {2B6BF8C7-C19C-3936-954B-B6783F6052DF}
		{EFB09FC9-7359-325E-B0A4-38523E7FDB34} = {EFB09FC9-7359-325E-B0A4-38523E7FDB34}
		{8613B5D3-7663-4012-8430-47CD312EEAD3} = {8613B5D3-7663-4012-8430-47CD312EEAD3}
		{99B920DC-7819-3A85-8EBA-F0A165BBC3A1} = {99B920DC-7819-3A85-8EBA-F0A165BBC3A1}
		{D6D61CE5-2E37-316B-AB8C-30739F44801F} = {D6D61CE5-2E37-316B-AB8C-30739F44801F}
		{C406DAEC-0886-4771-8DEA-9D7329B46CC1} = {C406DAEC-0886-4771-8DEA-9D7329B46CC1}
	EndProjectSection
EndProject
Global
	GlobalSection(SolutionConfigurationPlatforms) = preSolution
		Debug|Win32 = Debug|Win32
		Debug|x64 = Debug|x64
		Release|Win32 = Release|Win32
		Release|x64 = Release|x64
	EndGlobalSection
	GlobalSection(ProjectConfigurationPlatforms) = postSolution
		{2E87412A-555D-3533-AAB5-AE1C847ADD49}.Debug|Win32.ActiveCfg = Debug|Win32
		{2E87412A-555D-3533-AAB5-AE1C847ADD49}.Debug|Win32.Build.0 = Debug|Win32
		{2E87412A-555D-3533-AAB5-AE1C847ADD49}.Debug|x64.ActiveCfg = Debug|x64
		{2E87412A-555D-3533-AAB5-AE1C847ADD49}.Debug|x64.Build.0 = Debug|x64
		{2E87412A-555D-3533-AAB5-AE1C847ADD49}.Release|Win32.ActiveCfg = Release|Win32
		{2E87412A-555D-3533-AAB5-AE1C847ADD49}.Release|Win32.Build.0 = Release|Win32
		{2E87412A-555D-3533-AAB5-AE1C847ADD49}.Release|x64.ActiveCfg = Release|x64
		{2E87412A-555D-3533-AAB5-AE1C847ADD49}.Release|x64.Build.0 = Release|x64
		{99B920DC-7819-3A85-8EBA-F0A165BBC3A1}.Debug|Win32.ActiveCfg = Debug|Win32
		{99B920DC-7819-3A85-8EBA-F0A165BBC3A1}.Debug|Win32.Build.0 = Debug|Win32
		{99B920DC-7819-3A85-8EBA-F0A165BBC3A1}.Debug|x64.ActiveCfg = Debug|x64
		{99B920DC-7819-3A85-8EBA-F0A165BBC3A1}.Debug|x64.Build.0 = Debug|x64
		{99B920DC-7819-3A85-8EBA-F0A165BBC3A1}.Release|Win32.ActiveCfg = Release|Win32
		{99B920DC-7819-3A85-8EBA-F0A165BBC3A1}.Release|Win32.Build.0 = Release|Win32
		{99B920DC-7819-3A85-8EBA-F0A165BBC3A1}.Release|x64.ActiveCfg = Release|x64
		{99B920DC-7819-3A85-8EBA-F0A165BBC3A1}.Release|x64.Build.0 = Release|x64
		{20D9DF17-9663-3598-94ED-24E26B60E59A}.Debug|Win32.ActiveCfg = Debug|Win32
		{20D9DF17-9663-3598-94ED-24E26B60E59A}.Debug|Win32.Build.0 = Debug|Win32
		{20D9DF17-9663-3598-94ED-24E26B60E59A}.Debug|x64.ActiveCfg = Debug|x64
		{20D9DF17-9663-3598-94ED-24E26B60E59A}.Debug|x64.Build.0 = Debug|x64
		{20D9DF17-9663-3598-94ED-24E26B60E59A}.Release|Win32.ActiveCfg = Release|Win32
		{20D9DF17-9663-3598-94ED-24E26B60E59A}.Release|Win32.Build.0 = Release|Win32
		{20D9DF17-9663-3598-94ED-24E26B60E59A}.Release|x64.ActiveCfg = Release|x64
		{20D9DF17-9663-3598-94ED-24E26B60E59A}.Release|x64.Build.0 = Release|x64
		{6B4217AB-421C-328E-82FC-A76A763119F1}.Debug|Win32.ActiveCfg = Debug|Win32
		{6B4217AB-421C-328E-82FC-A76A763119F1}.Debug|Win32.Build.0 = Debug|Win32
		{6B4217AB-421C-328E-82FC-A76A763119F1}.Debug|x64.ActiveCfg = Debug|x64
		{6B4217AB-421C-328E-82FC-A76A763119F1}.Debug|x64.Build.0 = Debug|x64
		{6B4217AB-421C-328E-82FC-A76A763119F1}.Release|Win32.ActiveCfg = Release|Win32
		{6B4217AB-421C-328E-82FC-A76A763119F1}.Release|Win32.Build.0 = Release|Win32
		{6B4217AB-421C-328E-82FC-A76A763119F1}.Release|x64.ActiveCfg = Release|x64
		{6B4217AB-421C-328E-82FC-A76A763119F1}.Release|x64.Build.0 = Release|x64
		{5C0F4CAB-C0D9-385C-949E-54CF90D2F088}.Debug|Win32.ActiveCfg = Debug|Win32
		{5C0F4CAB-C0D9-385C-949E-54CF90D2F088}.Debug|Win32.Build.0 = Debug|Win32
		{5C0F4CAB-C0D9-385C-949E-54CF90D2F088}.Debug|x64.ActiveCfg = Debug|x64
		{5C0F4CAB-C0D9-385C-949E-54CF90D2F088}.Debug|x64.Build.0 = Debug|x64
		{5C0F4CAB-C0D9-385C-949E-54CF90D2F088}.Release|Win32.ActiveCfg = Release|Win32
		{5C0F4CAB-C0D9-385C-949E-54CF90D2F088}.Release|Win32.Build.0 = Release|Win32
		{5C0F4CAB-C0D9-385C-949E-54CF90D2F088}.Release|x64.ActiveCfg = Release|x64
		{5C0F4CAB-C0D9-385C-949E-54CF90D2F088}.Release|x64.Build.0 = Release|x64
		{4A0D1D64-BA1B-336D-A8BF-40CDBA7900AE}.Debug|Win32.ActiveCfg = Debug|Win32
		{4A0D1D64-BA1B-336D-A8BF-40CDBA7900AE}.Debug|Win32.Build.0 = Debug|Win32
		{4A0D1D64-BA1B-336D-A8BF-40CDBA7900AE}.Debug|x64.ActiveCfg = Debug|x64
		{4A0D1D64-BA1B-336D-A8BF-40CDBA7900AE}.Debug|x64.Build.0 = Debug|x64
		{4A0D1D64-BA1B-336D-A8BF-40CDBA7900AE}.Release|Win32.ActiveCfg = Release|Win32
		{4A0D1D64-BA1B-336D-A8BF-40CDBA7900AE}.Release|Win32.Build.0 = Release|Win32
		{4A0D1D64-BA1B-336D-A8BF-40CDBA7900AE}.Release|x64.ActiveCfg = Release|x64
		{4A0D1D64-BA1B-336D-A8BF-40CDBA7900AE}.Release|x64.Build.0 = Release|x64
		{DA4D4F2D-8CE5-33FC-8114-F2283B9B2986}.Debug|Win32.ActiveCfg = Debug|Win32
		{DA4D4F2D-8CE5-33FC-8114-F2283B9B2986}.Debug|Win32.Build.0 = Debug|Win32
		{DA4D4F2D-8CE5-33FC-8114-F2283B9B2986}.Debug|x64.ActiveCfg = Debug|x64
		{DA4D4F2D-8CE5-33FC-8114-F2283B9B2986}.Debug|x64.Build.0 = Debug|x64
		{DA4D4F2D-8CE5-33FC-8114-F2283B9B2986}.Release|Win32.ActiveCfg = Release|Win32
		{DA4D4F2D-8CE5-33FC-8114-F2283B9B2986}.Release|Win32.Build.0 = Release|Win32
		{DA4D4F2D-8CE5-33FC-8114-F2283B9B2986}.Release|x64.ActiveCfg = Release|x64
		{DA4D4F2D-8CE5-33FC-8114-F2283B9B2986}.Release|x64.Build.0 = Release|x64
		{5EC0E084-0AAA-362B-99D4-F373248D8A1A}.Debug|Win32.ActiveCfg = Debug|Win32
		{5EC0E084-0AAA-362B-99D4-F373248D8A1A}.Debug|Win32.Build.0 = Debug|Win32
		{5EC0E084-0AAA-362B-99D4-F373248D8A1A}.Debug|x64.ActiveCfg = Debug|x64
		{5EC0E084-0AAA-362B-99D4-F373248D8A1A}.Debug|x64.Build.0 = Debug|x64
		{5EC0E084-0AAA-362B-99D4-F373248D8A1A}.Release|Win32.ActiveCfg = Release|Win32
		{5EC0E084-0AAA-362B-99D4-F373248D8A1A}.Release|Win32.Build.0 = Release|Win32
		{5EC0E084-0AAA-362B-99D4-F373248D8A1A}.Release|x64.ActiveCfg = Release|x64
		{5EC0E084-0AAA-362B-99D4-F373248D8A1A}.Release|x64.Build.0 = Release|x64
		{D6D61CE5-2E37-316B-AB8C-30739F44801F}.Debug|Win32.ActiveCfg = Debug|Win32
		{D6D61CE5-2E37-316B-AB8C-30739F44801F}.Debug|Win32.Build.0 = Debug|Win32
		{D6D61CE5-2E37-316B-AB8C-30739F44801F}.Debug|x64.ActiveCfg = Debug|x64
		{D6D61CE5-2E37-316B-AB8C-30739F44801F}.Debug|x64.Build.0 = Debug|x64
		{D6D61CE5-2E37-316B-AB8C-30739F44801F}.Release|Win32.ActiveCfg = Release|Win32
		{D6D61CE5-2E37-316B-AB8C-30739F44801F}.Release|Win32.Build.0 = Release|Win32
		{D6D61CE5-2E37-316B-AB8C-30739F44801F}.Release|x64.ActiveCfg = Release|x64
		{D6D61CE5-2E37-316B-AB8C-30739F44801F}.Release|x64.Build.0 = Release|x64
		{7440EBAB-E422-3F01-A6F8-BCCFAF3FA802}.Debug|Win32.ActiveCfg = Debug|Win32
		{7440EBAB-E422-3F01-A6F8-BCCFAF3FA802}.Debug|Win32.Build.0 = Debug|Win32
		{7440EBAB-E422-3F01-A6F8-BCCFAF3FA802}.Debug|x64.ActiveCfg = Debug|x64
		{7440EBAB-E422-3F01-A6F8-BCCFAF3FA802}.Debug|x64.Build.0 = Debug|x64
		{7440EBAB-E422-3F01-A6F8-BCCFAF3FA802}.Release|Win32.ActiveCfg = Release|Win32
		{7440EBAB-E422-3F01-A6F8-BCCFAF3FA802}.Release|Win32.Build.0 = Release|Win32
		{7440EBAB-E422-3F01-A6F8-BCCFAF3FA802}.Release|x64.ActiveCfg = Release|x64
		{7440EBAB-E422-3F01-A6F8-BCCFAF3FA802}.Release|x64.Build.0 = Release|x64
		{A0F16628-2960-3865-81DB-60B58F940597}.Debug|Win32.ActiveCfg = Debug|Win32
		{A0F16628-2960-3865-81DB-60B58F940597}.Debug|Win32.Build.0 = Debug|Win32
		{A0F16628-2960-3865-81DB-60B58F940597}.Debug|x64.ActiveCfg = Debug|x64
		{A0F16628-2960-3865-81DB-60B58F940597}.Debug|x64.Build.0 = Debug|x64
		{A0F16628-2960-3865-81DB-60B58F940597}.Release|Win32.ActiveCfg = Release|Win32
		{A0F16628-2960-3865-81DB-60B58F940597}.Release|Win32.Build.0 = Release|Win32
		{A0F16628-2960-3865-81DB-60B58F940597}.Release|x64.ActiveCfg = Release|x64
		{A0F16628-2960-3865-81DB-60B58F940597}.Release|x64.Build.0 = Release|x64
		{EFB09FC9-7359-325E-B0A4-38523E7FDB34}.Debug|Win32.ActiveCfg = Debug|Win32
		{EFB09FC9-7359-325E-B0A4-38523E7FDB34}.Debug|Win32.Build.0 = Debug|Win32
		{EFB09FC9-7359-325E-B0A4-38523E7FDB34}.Debug|x64.ActiveCfg = Debug|x64
		{EFB09FC9-7359-325E-B0A4-38523E7FDB34}.Debug|x64.Build.0 = Debug|x64
		{EFB09FC9-7359-325E-B0A4-38523E7FDB34}.Release|Win32.ActiveCfg = Release|Win32
		{EFB09FC9-7359-325E-B0A4-38523E7FDB34}.Release|Win32.Build.0 = Release|Win32
		{EFB09FC9-7359-325E-B0A4-38523E7FDB34}.Release|x64.ActiveCfg = Release|x64
		{EFB09FC9-7359-325E-B0A4-38523E7FDB34}.Release|x64.Build.0 = Release|x64
		{2B6BF8C7-C19C-3936-954B-B6783F6052DF}.Debug|Win32.ActiveCfg = Debug|Win32
		{2B6BF8C7-C19C-3936-954B-B6783F6052DF}.Debug|Win32.Build.0 = Debug|Win32
		{2B6BF8C7-C19C-3936-954B-B6783F6052DF}.Debug|x64.ActiveCfg = Debug|x64
		{2B6BF8C7-C19C-3936-954B-B6783F6052DF}.Debug|x64.Build.0 = Debug|x64
		{2B6BF8C7-C19C-3936-954B-B6783F6052DF}.Release|Win32.ActiveCfg = Release|Win32
		{2B6BF8C7-C19C-3936-954B-B6783F6052DF}.Release|Win32.Build.0 = Release|Win32
		{2B6BF8C7-C19C-3936-954B-B6783F6052DF}.Release|x64.ActiveCfg = Release|x64
		{2B6BF8C7-C19C-3936-954B-B6783F6052DF}.Release|x64.Build.0 = Release|x64
		{B5EBF83B-F046-30AD-945C-7F6297592450}.Debug|Win32.ActiveCfg = Debug|Win32
		{B5EBF83B-F046-30AD-945C-7F6297592450}.Debug|Win32.Build.0 = Debug|Win32
		{B5EBF83B-F046-30AD-945C-7F6297592450}.Debug|x64.ActiveCfg = Debug|x64
		{B5EBF83B-F046-30AD-945C-7F6297592450}.Debug|x64.Build.0 = Debug|x64
		{B5EBF83B-F046-30AD-945C-7F6297592450}.Release|Win32.ActiveCfg = Release|Win32
		{B5EBF83B-F046-30AD-945C-7F6297592450}.Release|Win32.Build.0 = Release|Win32
		{B5EBF83B-F046-30AD-945C-7F6297592450}.Release|x64.ActiveCfg = Release|x64
		{B5EBF83B-F046-30AD-945C-7F6297592450}.Release|x64.Build.0 = Release|x64
		{833A3771-8606-38DA-8EBA-F568BED5204D}.Debug|Win32.ActiveCfg = Debug|Win32
		{833A3771-8606-38DA-8EBA-F568BED5204D}.Debug|Win32.Build.0 = Debug|Win32
		{833A3771-8606-38DA-8EBA-F568BED5204D}.Debug|x64.ActiveCfg = Debug|x64
		{833A3771-8606-38DA-8EBA-F568BED5204D}.Debug|x64.Build.0 = Debug|x64
		{833A3771-8606-38DA-8EBA-F568BED5204D}.Release|Win32.ActiveCfg = Release|Win32
		{833A3771-8606-38DA-8EBA-F568BED5204D}.Release|Win32.Build.0 = Release|Win32
		{833A3771-8606-38DA-8EBA-F568BED5204D}.Release|x64.ActiveCfg = Release|x64
		{833A3771-8606-38DA-8EBA-F568BED5204D}.Release|x64.Build.0 = Release|x64
		{00F9FB4B-7B05-36AB-AAE9-232406E4800E}.Debug|Win32.ActiveCfg = Debug|Win32
		{00F9FB4B-7B05-36AB-AAE9-232406E4800E}.Debug|Win32.Build.0 = Debug|Win32
		{00F9FB4B-7B05-36AB-AAE9-232406E4800E}.Debug|x64.ActiveCfg = Debug|x64
		{00F9FB4B-7B05-36AB-AAE9-232406E4800E}.Debug|x64.Build.0 = Debug|x64
		{00F9FB4B-7B05-36AB-AAE9-232406E4800E}.Release|Win32.ActiveCfg = Release|Win32
		{00F9FB4B-7B05-36AB-AAE9-232406E4800E}.Release|Win32.Build.0 = Release|Win32
		{00F9FB4B-7B05-36AB-AAE9-232406E4800E}.Release|x64.ActiveCfg = Release|x64
		{00F9FB4B-7B05-36AB-AAE9-232406E4800E}.Release|x64.Build.0 = Release|x64
		{F7C71864-5C71-3AB7-88A4-20EC47219959}.Debug|Win32.ActiveCfg = Debug|Win32
		{F7C71864-5C71-3AB7-88A4-20EC47219959}.Debug|Win32.Build.0 = Debug|Win32
		{F7C71864-5C71-3AB7-88A4-20EC47219959}.Debug|x64.ActiveCfg = Debug|x64
		{F7C71864-5C71-3AB7-88A4-20EC47219959}.Debug|x64.Build.0 = Debug|x64
		{F7C71864-5C71-3AB7-88A4-20EC47219959}.Release|Win32.ActiveCfg = Release|Win32
		{F7C71864-5C71-3AB7-88A4-20EC47219959}.Release|Win32.Build.0 = Release|Win32
		{F7C71864-5C71-3AB7-88A4-20EC47219959}.Release|x64.ActiveCfg = Release|x64
		{F7C71864-5C71-3AB7-88A4-20EC47219959}.Release|x64.Build.0 = Release|x64
		{D77AD51E-FD60-3F45-BE8A-2178A6C8224A}.Debug|Win32.ActiveCfg = Debug|Win32
		{D77AD51E-FD60-3F45-BE8A-2178A6C8224A}.Debug|Win32.Build.0 = Debug|Win32
		{D77AD51E-FD60-3F45-BE8A-2178A6C8224A}.Debug|x64.ActiveCfg = Debug|x64
		{D77AD51E-FD60-3F45-BE8A-2178A6C8224A}.Debug|x64.Build.0 = Debug|x64
		{D77AD51E-FD60-3F45-BE8A-2178A6C8224A}.Release|Win32.ActiveCfg = Release|Win32
		{D77AD51E-FD60-3F45-BE8A-2178A6C8224A}.Release|Win32.Build.0 = Release|Win32
		{D77AD51E-FD60-3F45-BE8A-2178A6C8224A}.Release|x64.ActiveCfg = Release|x64
		{D77AD51E-FD60-3F45-BE8A-2178A6C8224A}.Release|x64.Build.0 = Release|x64
		{9D0EA037-CA29-3285-A8DD-6C71D3B8CE85}.Debug|Win32.ActiveCfg = Debug|Win32
		{9D0EA037-CA29-3285-A8DD-6C71D3B8CE85}.Debug|Win32.Build.0 = Debug|Win32
		{9D0EA037-CA29-3285-A8DD-6C71D3B8CE85}.Debug|x64.ActiveCfg = Debug|x64
		{9D0EA037-CA29-3285-A8DD-6C71D3B8CE85}.Debug|x64.Build.0 = Debug|x64
		{9D0EA037-CA29-3285-A8DD-6C71D3B8CE85}.Release|Win32.ActiveCfg = Release|Win32
		{9D0EA037-CA29-3285-A8DD-6C71D3B8CE85}.Release|Win32.Build.0 = Release|Win32
		{9D0EA037-CA29-3285-A8DD-6C71D3B8CE85}.Release|x64.ActiveCfg = Release|x64
		{9D0EA037-CA29-3285-A8DD-6C71D3B8CE85}.Release|x64.Build.0 = Release|x64
		{C5765AA3-A869-35A9-8F90-885E03E67438}.Debug|Win32.ActiveCfg = Debug|Win32
		{C5765AA3-A869-35A9-8F90-885E03E67438}.Debug|Win32.Build.0 = Debug|Win32
		{C5765AA3-A869-35A9-8F90-885E03E67438}.Debug|x64.ActiveCfg = Debug|x64
		{C5765AA3-A869-35A9-8F90-885E03E67438}.Debug|x64.Build.0 = Debug|x64
		{C5765AA3-A869-35A9-8F90-885E03E67438}.Release|Win32.ActiveCfg = Release|Win32
		{C5765AA3-A869-35A9-8F90-885E03E67438}.Release|Win32.Build.0 = Release|Win32
		{C5765AA3-A869-35A9-8F90-885E03E67438}.Release|x64.ActiveCfg = Release|x64
		{C5765AA3-A869-35A9-8F90-885E03E67438}.Release|x64.Build.0 = Release|x64
		{32F8156B-5342-3A38-822A-E16D97745718}.Debug|Win32.ActiveCfg = Debug|Win32
		{32F8156B-5342-3A38-822A-E16D97745718}.Debug|Win32.Build.0 = Debug|Win32
		{32F8156B-5342-3A38-822A-E16D97745718}.Debug|x64.ActiveCfg = Debug|x64
		{32F8156B-5342-3A38-822A-E16D97745718}.Debug|x64.Build.0 = Debug|x64
		{32F8156B-5342-3A38-822A-E16D97745718}.Release|Win32.ActiveCfg = Release|Win32
		{32F8156B-5342-3A38-822A-E16D97745718}.Release|Win32.Build.0 = Release|Win32
		{32F8156B-5342-3A38-822A-E16D97745718}.Release|x64.ActiveCfg = Release|x64
		{32F8156B-5342-3A38-822A-E16D97745718}.Release|x64.Build.0 = Release|x64
		{E12BA778-6715-3BE7-8821-D9D5E03EDA38}.Debug|Win32.ActiveCfg = Debug|Win32
		{E12BA778-6715-3BE7-8821-D9D5E03EDA38}.Debug|Win32.Build.0 = Debug|Win32
		{E12BA778-6715-3BE7-8821-D9D5E03EDA38}.Debug|x64.ActiveCfg = Debug|x64
		{E12BA778-6715-3BE7-8821-D9D5E03EDA38}.Debug|x64.Build.0 = Debug|x64
		{E12BA778-6715-3BE7-8821-D9D5E03EDA38}.Release|Win32.ActiveCfg = Release|Win32
		{E12BA778-6715-3BE7-8821-D9D5E03EDA38}.Release|Win32.Build.0 = Release|Win32
		{E12BA778-6715-3BE7-8821-D9D5E03EDA38}.Release|x64.ActiveCfg = Release|x64
		{E12BA778-6715-3BE7-8821-D9D5E03EDA38}.Release|x64.Build.0 = Release|x64
		{3C637151-33B2-38C2-974A-29FEF22A307C}.Debug|Win32.ActiveCfg = Debug|Win32
		{3C637151-33B2-38C2-974A-29FEF22A307C}.Debug|Win32.Build.0 = Debug|Win32
		{3C637151-33B2-38C2-974A-29FEF22A307C}.Debug|x64.ActiveCfg = Debug|x64
		{3C637151-33B2-38C2-974A-29FEF22A307C}.Debug|x64.Build.0 = Debug|x64
		{3C637151-33B2-38C2-974A-29FEF22A307C}.Release|Win32.ActiveCfg = Release|Win32
		{3C637151-33B2-38C2-974A-29FEF22A307C}.Release|Win32.Build.0 = Release|Win32
		{3C637151-33B2-38C2-974A-29FEF22A307C}.Release|x64.ActiveCfg = Release|x64
		{3C637151-33B2-38C2-974A-29FEF22A307C}.Release|x64.Build.0 = Release|x64
		{11C0C224-7F0D-32CF-905D-5BBFA4DA0E8F}.Debug|Win32.ActiveCfg = Debug|Win32
		{11C0C224-7F0D-32CF-905D-5BBFA4DA0E8F}.Debug|Win32.Build.0 = Debug|Win32
		{11C0C224-7F0D-32CF-905D-5BBFA4DA0E8F}.Debug|x64.ActiveCfg = Debug|x64
		{11C0C224-7F0D-32CF-905D-5BBFA4DA0E8F}.Debug|x64.Build.0 = Debug|x64
		{11C0C224-7F0D-32CF-905D-5BBFA4DA0E8F}.Release|Win32.ActiveCfg = Release|Win32
		{11C0C224-7F0D-32CF-905D-5BBFA4DA0E8F}.Release|Win32.Build.0 = Release|Win32
		{11C0C224-7F0D-32CF-905D-5BBFA4DA0E8F}.Release|x64.ActiveCfg = Release|x64
		{11C0C224-7F0D-32CF-905D-5BBFA4DA0E8F}.Release|x64.Build.0 = Release|x64
		{D5664977-0883-3E64-850E-574A85F562AB}.Debug|Win32.ActiveCfg = Debug|Win32
		{D5664977-0883-3E64-850E-574A85F562AB}.Debug|Win32.Build.0 = Debug|Win32
		{D5664977-0883-3E64-850E-574A85F562AB}.Debug|x64.ActiveCfg = Debug|x64
		{D5664977-0883-3E64-850E-574A85F562AB}.Debug|x64.Build.0 = Debug|x64
		{D5664977-0883-3E64-850E-574A85F562AB}.Release|Win32.ActiveCfg = Release|Win32
		{D5664977-0883-3E64-850E-574A85F562AB}.Release|Win32.Build.0 = Release|Win32
		{D5664977-0883-3E64-850E-574A85F562AB}.Release|x64.ActiveCfg = Release|x64
		{D5664977-0883-3E64-850E-574A85F562AB}.Release|x64.Build.0 = Release|x64
		{C4107D8A-A35C-3727-8BC4-263127CDEFA9}.Debug|Win32.ActiveCfg = Debug|Win32
		{C4107D8A-A35C-3727-8BC4-263127CDEFA9}.Debug|Win32.Build.0 = Debug|Win32
		{C4107D8A-A35C-3727-8BC4-263127CDEFA9}.Debug|x64.ActiveCfg = Debug|x64
		{C4107D8A-A35C-3727-8BC4-263127CDEFA9}.Debug|x64.Build.0 = Debug|x64
		{C4107D8A-A35C-3727-8BC4-263127CDEFA9}.Release|Win32.ActiveCfg = Release|Win32
		{C4107D8A-A35C-3727-8BC4-263127CDEFA9}.Release|Win32.Build.0 = Release|Win32
		{C4107D8A-A35C-3727-8BC4-263127CDEFA9}.Release|x64.ActiveCfg = Release|x64
		{C4107D8A-A35C-3727-8BC4-263127CDEFA9}.Release|x64.Build.0 = Release|x64
		{9509A3BE-268E-3F0D-A3D9-33AFC5954921}.Debug|Win32.ActiveCfg = Debug|Win32
		{9509A3BE-268E-3F0D-A3D9-33AFC5954921}.Debug|Win32.Build.0 = Debug|Win32
		{9509A3BE-268E-3F0D-A3D9-33AFC5954921}.Debug|x64.ActiveCfg = Debug|x64
		{9509A3BE-268E-3F0D-A3D9-33AFC5954921}.Debug|x64.Build.0 = Debug|x64
		{9509A3BE-268E-3F0D-A3D9-33AFC5954921}.Release|Win32.ActiveCfg = Release|Win32
		{9509A3BE-268E-3F0D-A3D9-33AFC5954921}.Release|Win32.Build.0 = Release|Win32
		{9509A3BE-268E-3F0D-A3D9-33AFC5954921}.Release|x64.ActiveCfg = Release|x64
		{9509A3BE-268E-3F0D-A3D9-33AFC5954921}.Release|x64.Build.0 = Release|x64
		{C7FEF45A-2E4D-3B5B-B984-0995EAA06421}.Debug|Win32.ActiveCfg = Debug|Win32
		{C7FEF45A-2E4D-3B5B-B984-0995EAA06421}.Debug|Win32.Build.0 = Debug|Win32
		{C7FEF45A-2E4D-3B5B-B984-0995EAA06421}.Debug|x64.ActiveCfg = Debug|x64
		{C7FEF45A-2E4D-3B5B-B984-0995EAA06421}.Debug|x64.Build.0 = Debug|x64
		{C7FEF45A-2E4D-3B5B-B984-0995EAA06421}.Release|Win32.ActiveCfg = Release|Win32
		{C7FEF45A-2E4D-3B5B-B984-0995EAA06421}.Release|Win32.Build.0 = Release|Win32
		{C7FEF45A-2E4D-3B5B-B984-0995EAA06421}.Release|x64.ActiveCfg = Release|x64
		{C7FEF45A-2E4D-3B5B-B984-0995EAA06421}.Release|x64.Build.0 = Release|x64
		{3C1F56F2-DF5E-30EA-92D4-6637EC1B342E}.Debug|Win32.ActiveCfg = Debug|Win32
		{3C1F56F2-DF5E-30EA-92D4-6637EC1B342E}.Debug|Win32.Build.0 = Debug|Win32
		{3C1F56F2-DF5E-30EA-92D4-6637EC1B342E}.Debug|x64.ActiveCfg = Debug|x64
		{3C1F56F2-DF5E-30EA-92D4-6637EC1B342E}.Debug|x64.Build.0 = Debug|x64
		{3C1F56F2-DF5E-30EA-92D4-6637EC1B342E}.Release|Win32.ActiveCfg = Release|Win32
		{3C1F56F2-DF5E-30EA-92D4-6637EC1B342E}.Release|Win32.Build.0 = Release|Win32
		{3C1F56F2-DF5E-30EA-92D4-6637EC1B342E}.Release|x64.ActiveCfg = Release|x64
		{3C1F56F2-DF5E-30EA-92D4-6637EC1B342E}.Release|x64.Build.0 = Release|x64
		{562B5BB7-3042-3BF7-84D1-A5F9DEF74336}.Debug|Win32.ActiveCfg = Debug|Win32
		{562B5BB7-3042-3BF7-84D1-A5F9DEF74336}.Debug|Win32.Build.0 = Debug|Win32
		{562B5BB7-3042-3BF7-84D1-A5F9DEF74336}.Debug|x64.ActiveCfg = Debug|x64
		{562B5BB7-3042-3BF7-84D1-A5F9DEF74336}.Debug|x64.Build.0 = Debug|x64
		{562B5BB7-3042-3BF7-84D1-A5F9DEF74336}.Release|Win32.ActiveCfg = Release|Win32
		{562B5BB7-3042-3BF7-84D1-A5F9DEF74336}.Release|Win32.Build.0 = Release|Win32
		{562B5BB7-3042-3BF7-84D1-A5F9DEF74336}.Release|x64.ActiveCfg = Release|x64
		{562B5BB7-3042-3BF7-84D1-A5F9DEF74336}.Release|x64.Build.0 = Release|x64
		{B63C5A11-744C-3B18-AA25-D060F03B9A93}.Debug|Win32.ActiveCfg = Debug|Win32
		{B63C5A11-744C-3B18-AA25-D060F03B9A93}.Debug|Win32.Build.0 = Debug|Win32
		{B63C5A11-744C-3B18-AA25-D060F03B9A93}.Debug|x64.ActiveCfg = Debug|x64
		{B63C5A11-744C-3B18-AA25-D060F03B9A93}.Debug|x64.Build.0 = Debug|x64
		{B63C5A11-744C-3B18-AA25-D060F03B9A93}.Release|Win32.ActiveCfg = Release|Win32
		{B63C5A11-744C-3B18-AA25-D060F03B9A93}.Release|Win32.Build.0 = Release|Win32
		{B63C5A11-744C-3B18-AA25-D060F03B9A93}.Release|x64.ActiveCfg = Release|x64
		{B63C5A11-744C-3B18-AA25-D060F03B9A93}.Release|x64.Build.0 = Release|x64
		{589D6155-A737-3692-B1AB-E12CC44B2087}.Debug|Win32.ActiveCfg = Debug|Win32
		{589D6155-A737-3692-B1AB-E12CC44B2087}.Debug|Win32.Build.0 = Debug|Win32
		{589D6155-A737-3692-B1AB-E12CC44B2087}.Debug|x64.ActiveCfg = Debug|x64
		{589D6155-A737-3692-B1AB-E12CC44B2087}.Debug|x64.Build.0 = Debug|x64
		{589D6155-A737-3692-B1AB-E12CC44B2087}.Release|Win32.ActiveCfg = Release|Win32
		{589D6155-A737-3692-B1AB-E12CC44B2087}.Release|Win32.Build.0 = Release|Win32
		{589D6155-A737-3692-B1AB-E12CC44B2087}.Release|x64.ActiveCfg = Release|x64
		{589D6155-A737-3692-B1AB-E12CC44B2087}.Release|x64.Build.0 = Release|x64
		{962DA65F-C1ED-3CD2-9479-99DCAB8723D1}.Debug|Win32.ActiveCfg = Debug|Win32
		{962DA65F-C1ED-3CD2-9479-99DCAB8723D1}.Debug|Win32.Build.0 = Debug|Win32
		{962DA65F-C1ED-3CD2-9479-99DCAB8723D1}.Debug|x64.ActiveCfg = Debug|x64
		{962DA65F-C1ED-3CD2-9479-99DCAB8723D1}.Debug|x64.Build.0 = Debug|x64
		{962DA65F-C1ED-3CD2-9479-99DCAB8723D1}.Release|Win32.ActiveCfg = Release|Win32
		{962DA65F-C1ED-3CD2-9479-99DCAB8723D1}.Release|Win32.Build.0 = Release|Win32
		{962DA65F-C1ED-3CD2-9479-99DCAB8723D1}.Release|x64.ActiveCfg = Release|x64
		{962DA65F-C1ED-3CD2-9479-99DCAB8723D1}.Release|x64.Build.0 = Release|x64
		{7867EC73-DAEB-3468-8B6E-FA4A8D53BCAF}.Debug|Win32.ActiveCfg = Debug|Win32
		{7867EC73-DAEB-3468-8B6E-FA4A8D53BCAF}.Debug|Win32.Build.0 = Debug|Win32
		{7867EC73-DAEB-3468-8B6E-FA4A8D53BCAF}.Debug|x64.ActiveCfg = Debug|x64
		{7867EC73-DAEB-3468-8B6E-FA4A8D53BCAF}.Debug|x64.Build.0 = Debug|x64
		{7867EC73-DAEB-3468-8B6E-FA4A8D53BCAF}.Release|Win32.ActiveCfg = Release|Win32
		{7867EC73-DAEB-3468-8B6E-FA4A8D53BCAF}.Release|Win32.Build.0 = Release|Win32
		{7867EC73-DAEB-3468-8B6E-FA4A8D53BCAF}.Release|x64.ActiveCfg = Release|x64
		{7867EC73-DAEB-3468-8B6E-FA4A8D53BCAF}.Release|x64.Build.0 = Release|x64
		{F7960778-E4DA-3412-A6DD-43B58847B7FC}.Debug|Win32.ActiveCfg = Debug|Win32
		{F7960778-E4DA-3412-A6DD-43B58847B7FC}.Debug|Win32.Build.0 = Debug|Win32
		{F7960778-E4DA-3412-A6DD-43B58847B7FC}.Debug|x64.ActiveCfg = Debug|x64
		{F7960778-E4DA-3412-A6DD-43B58847B7FC}.Debug|x64.Build.0 = Debug|x64
		{F7960778-E4DA-3412-A6DD-43B58847B7FC}.Release|Win32.ActiveCfg = Release|Win32
		{F7960778-E4DA-3412-A6DD-43B58847B7FC}.Release|Win32.Build.0 = Release|Win32
		{F7960778-E4DA-3412-A6DD-43B58847B7FC}.Release|x64.ActiveCfg = Release|x64
		{F7960778-E4DA-3412-A6DD-43B58847B7FC}.Release|x64.Build.0 = Release|x64
		{8613B5D3-7663-4012-8430-47CD312EEAD3}.Debug|Win32.ActiveCfg = Debug|Win32
		{8613B5D3-7663-4012-8430-47CD312EEAD3}.Debug|x64.ActiveCfg = Debug|x64
		{8613B5D3-7663-4012-8430-47CD312EEAD3}.Release|Win32.ActiveCfg = Release|Win32
		{8613B5D3-7663-4012-8430-47CD312EEAD3}.Release|x64.ActiveCfg = Release|x64
		{2A456625-01A7-3CD5-8EFE-1D0FAD085501}.Debug|Win32.ActiveCfg = Debug|Win32
		{2A456625-01A7-3CD5-8EFE-1D0FAD085501}.Debug|Win32.Build.0 = Debug|Win32
		{2A456625-01A7-3CD5-8EFE-1D0FAD085501}.Debug|x64.ActiveCfg = Debug|x64
		{2A456625-01A7-3CD5-8EFE-1D0FAD085501}.Debug|x64.Build.0 = Debug|x64
		{2A456625-01A7-3CD5-8EFE-1D0FAD085501}.Release|Win32.ActiveCfg = Release|Win32
		{2A456625-01A7-3CD5-8EFE-1D0FAD085501}.Release|Win32.Build.0 = Release|Win32
		{2A456625-01A7-3CD5-8EFE-1D0FAD085501}.Release|x64.ActiveCfg = Release|x64
		{2A456625-01A7-3CD5-8EFE-1D0FAD085501}.Release|x64.Build.0 = Release|x64
		{C406DAEC-0886-4771-8DEA-9D7329B46CC1}.Debug|Win32.ActiveCfg = Debug|Win32
		{C406DAEC-0886-4771-8DEA-9D7329B46CC1}.Debug|Win32.Build.0 = Debug|Win32
		{C406DAEC-0886-4771-8DEA-9D7329B46CC1}.Debug|x64.ActiveCfg = Debug|x64
		{C406DAEC-0886-4771-8DEA-9D7329B46CC1}.Debug|x64.Build.0 = Debug|x64
		{C406DAEC-0886-4771-8DEA-9D7329B46CC1}.Release|Win32.ActiveCfg = Release|Win32
		{C406DAEC-0886-4771-8DEA-9D7329B46CC1}.Release|Win32.Build.0 = Release|Win32
		{C406DAEC-0886-4771-8DEA-9D7329B46CC1}.Release|x64.ActiveCfg = Release|x64
		{C406DAEC-0886-4771-8DEA-9D7329B46CC1}.Release|x64.Build.0 = Release|x64
		{6BB7D08F-1356-4A69-BA6F-1EECD853D460}.Debug|Win32.ActiveCfg = Debug|Win32
		{6BB7D08F-1356-4A69-BA6F-1EECD853D460}.Debug|Win32.Build.0 = Debug|Win32
		{6BB7D08F-1356-4A69-BA6F-1EECD853D460}.Debug|x64.ActiveCfg = Debug|x64
		{6BB7D08F-1356-4A69-BA6F-1EECD853D460}.Debug|x64.Build.0 = Debug|x64
		{6BB7D08F-1356-4A69-BA6F-1EECD853D460}.Release|Win32.ActiveCfg = Release|Win32
		{6BB7D08F-1356-4A69-BA6F-1EECD853D460}.Release|Win32.Build.0 = Release|Win32
		{6BB7D08F-1356-4A69-BA6F-1EECD853D460}.Release|x64.ActiveCfg = Release|x64
		{6BB7D08F-1356-4A69-BA6F-1EECD853D460}.Release|x64.Build.0 = Release|x64
	EndGlobalSection
	GlobalSection(SolutionProperties) = preSolution
		HideSolutionNode = FALSE
	EndGlobalSection
EndGlobal
