Microsoft Visual Studio Solution File, Format Version 10.00
# Visual Studio 2008
Project("{8BC9CEB8-8B4A-11D0-8D11-00A0C91BC942}") = "elements", "examples\elements.vcproj", "{F7A81137-6128-4E2D-89C3-963DFB2D4887}"
	ProjectSection(ProjectDependencies) = postProject
		{3E5D0B67-D4B9-4A20-95A2-21E273D6B20C} = {3E5D0B67-D4B9-4A20-95A2-21E273D6B20C}
	EndProjectSection
EndProject
Project("{8BC9CEB8-8B4A-11D0-8D11-00A0C91BC942}") = "expat", "lib\expat.vcproj", "{AB152898-7D52-4ED0-8710-EB0A4AD9484C}"
EndProject
Project("{8BC9CEB8-8B4A-11D0-8D11-00A0C91BC942}") = "expat_static", "lib\expat_static.vcproj", "{3E5D0B67-D4B9-4A20-95A2-21E273D6B20C}"
EndProject
Project("{8BC9CEB8-8B4A-11D0-8D11-00A0C91BC942}") = "expatw", "lib\expatw.vcproj", "{9DAC0BD8-08B6-4E52-8F29-150A5D47734A}"
EndProject
Project("{8BC9CEB8-8B4A-11D0-8D11-00A0C91BC942}") = "expatw_static", "lib\expatw_static.vcproj", "{96A685F3-7499-4E94-AA7F-7D2CAB3FC780}"
EndProject
Project("{8BC9CEB8-8B4A-11D0-8D11-00A0C91BC942}") = "outline", "examples\outline.vcproj", "{69379468-730C-47CC-AEEC-95EE45997718}"
	ProjectSection(ProjectDependencies) = postProject
		{AB152898-7D52-4ED0-8710-EB0A4AD9484C} = {AB152898-7D52-4ED0-8710-EB0A4AD9484C}
	EndProjectSection
EndProject
Project("{8BC9CEB8-8B4A-11D0-8D11-00A0C91BC942}") = "xmlwf", "xmlwf\xmlwf.vcproj", "{D69F4763-48B7-4A9B-953D-736250FB3825}"
	ProjectSection(ProjectDependencies) = postProject
		{AB152898-7D52-4ED0-8710-EB0A4AD9484C} = {AB152898-7D52-4ED0-8710-EB0A4AD9484C}
	EndProjectSection
EndProject
Global
	GlobalSection(SolutionConfigurationPlatforms) = preSolution
		Debug|Win32 = Debug|Win32
		Release|Win32 = Release|Win32
	EndGlobalSection
	GlobalSection(ProjectConfigurationPlatforms) = postSolution
		{F7A81137-6128-4E2D-89C3-963DFB2D4887}.Debug|Win32.ActiveCfg = Debug|Win32
		{F7A81137-6128-4E2D-89C3-963DFB2D4887}.Debug|Win32.Build.0 = Debug|Win32
		{F7A81137-6128-4E2D-89C3-963DFB2D4887}.Release|Win32.ActiveCfg = Release|Win32
		{F7A81137-6128-4E2D-89C3-963DFB2D4887}.Release|Win32.Build.0 = Release|Win32
		{AB152898-7D52-4ED0-8710-EB0A4AD9484C}.Debug|Win32.ActiveCfg = Debug|Win32
		{AB152898-7D52-4ED0-8710-EB0A4AD9484C}.Debug|Win32.Build.0 = Debug|Win32
		{AB152898-7D52-4ED0-8710-EB0A4AD9484C}.Release|Win32.ActiveCfg = Release|Win32
		{AB152898-7D52-4ED0-8710-EB0A4AD9484C}.Release|Win32.Build.0 = Release|Win32
		{3E5D0B67-D4B9-4A20-95A2-21E273D6B20C}.Debug|Win32.ActiveCfg = Debug|Win32
		{3E5D0B67-D4B9-4A20-95A2-21E273D6B20C}.Debug|Win32.Build.0 = Debug|Win32
		{3E5D0B67-D4B9-4A20-95A2-21E273D6B20C}.Release|Win32.ActiveCfg = Release|Win32
		{3E5D0B67-D4B9-4A20-95A2-21E273D6B20C}.Release|Win32.Build.0 = Release|Win32
		{9DAC0BD8-08B6-4E52-8F29-150A5D47734A}.Debug|Win32.ActiveCfg = Debug|Win32
		{9DAC0BD8-08B6-4E52-8F29-150A5D47734A}.Debug|Win32.Build.0 = Debug|Win32
		{9DAC0BD8-08B6-4E52-8F29-150A5D47734A}.Release|Win32.ActiveCfg = Release|Win32
		{9DAC0BD8-08B6-4E52-8F29-150A5D47734A}.Release|Win32.Build.0 = Release|Win32
		{96A685F3-7499-4E94-AA7F-7D2CAB3FC780}.Debug|Win32.ActiveCfg = Debug|Win32
		{96A685F3-7499-4E94-AA7F-7D2CAB3FC780}.Debug|Win32.Build.0 = Debug|Win32
		{96A685F3-7499-4E94-AA7F-7D2CAB3FC780}.Release|Win32.ActiveCfg = Release|Win32
		{96A685F3-7499-4E94-AA7F-7D2CAB3FC780}.Release|Win32.Build.0 = Release|Win32
		{69379468-730C-47CC-AEEC-95EE45997718}.Debug|Win32.ActiveCfg = Debug|Win32
		{69379468-730C-47CC-AEEC-95EE45997718}.Debug|Win32.Build.0 = Debug|Win32
		{69379468-730C-47CC-AEEC-95EE45997718}.Release|Win32.ActiveCfg = Release|Win32
		{69379468-730C-47CC-AEEC-95EE45997718}.Release|Win32.Build.0 = Release|Win32
		{D69F4763-48B7-4A9B-953D-736250FB3825}.Debug|Win32.ActiveCfg = Debug|Win32
		{D69F4763-48B7-4A9B-953D-736250FB3825}.Debug|Win32.Build.0 = Debug|Win32
		{D69F4763-48B7-4A9B-953D-736250FB3825}.Release|Win32.ActiveCfg = Release|Win32
		{D69F4763-48B7-4A9B-953D-736250FB3825}.Release|Win32.Build.0 = Release|Win32
	EndGlobalSection
	GlobalSection(SolutionProperties) = preSolution
		HideSolutionNode = FALSE
	EndGlobalSection
EndGlobal
