Microsoft Visual Studio Solution File, Format Version 10.00
# Visual Studio 2008
Project("{8BC9CEB8-8B4A-11D0-8D11-00A0C91BC942}") = "commandline", "commandline\commandline.vcproj", "{1DF12503-E979-3D82-847D-7E01C18C408E}"
EndProject
Project("{8BC9CEB8-8B4A-11D0-8D11-00A0C91BC942}") = "copasiDM", "CopasiDataModel\copasiDM.vcproj", "{06CB9306-2171-3BD9-BCD4-E83ED945B382}"
EndProject
Project("{8BC9CEB8-8B4A-11D0-8D11-00A0C91BC942}") = "compareExpressions", "compareExpressions\compareExpressions.vcproj", "{A7C4929D-F3D6-35A1-82E6-94EA8E91085F}"
EndProject
Project("{8BC9CEB8-8B4A-11D0-8D11-00A0C91BC942}") = "crosssection", "crosssection\crosssection.vcproj", "{41CC24FA-6F4B-3965-A660-F1461FA3CC4C}"
EndProject
Project("{8BC9CEB8-8B4A-11D0-8D11-00A0C91BC942}") = "elementaryFluxModes", "elementaryFluxModes\elementaryFluxModes.vcproj", "{E277C4A4-4D8E-38FD-8491-A5457BB8350B}"
EndProject
Project("{8BC9CEB8-8B4A-11D0-8D11-00A0C91BC942}") = "function", "function\function.vcproj", "{DECA7D2E-EE3D-35D4-8AF9-4A6B53D17F86}"
EndProject
Project("{8BC9CEB8-8B4A-11D0-8D11-00A0C91BC942}") = "layout", "layout\layout.vcproj", "{E156BF93-D3D2-3A32-82A0-1D0815A5E710}"
EndProject
Project("{8BC9CEB8-8B4A-11D0-8D11-00A0C91BC942}") = "lyap", "lyap\lyap.vcproj", "{EBC56BC3-B9F3-3F48-9672-A21A0E8BACF5}"
EndProject
Project("{8BC9CEB8-8B4A-11D0-8D11-00A0C91BC942}") = "model", "model\model.vcproj", "{C1B9BD25-DFB2-3EDC-8E90-2D1A06367F06}"
EndProject
Project("{8BC9CEB8-8B4A-11D0-8D11-00A0C91BC942}") = "moieties", "moieties\moieties.vcproj", "{4F3EDB7E-289C-3FAD-BFD2-7C0C9570A3E5}"
EndProject
Project("{8BC9CEB8-8B4A-11D0-8D11-00A0C91BC942}") = "MIRIAM", "MIRIAM\MIRIAM.vcproj", "{6C1D2DD9-640B-306B-B62F-94B22AB90AAE}"
EndProject
Project("{8BC9CEB8-8B4A-11D0-8D11-00A0C91BC942}") = "odepack++", "odepack++\odepack++.vcproj", "{8B829F4A-38CA-39F3-95D4-14B9F33EB063}"
EndProject
Project("{8BC9CEB8-8B4A-11D0-8D11-00A0C91BC942}") = "optimization", "optimization\optimization.vcproj", "{99A9ABFB-D1E5-37FA-A5A5-32F8C7D807F8}"
EndProject
Project("{8BC9CEB8-8B4A-11D0-8D11-00A0C91BC942}") = "fitting", "parameterFitting\fitting.vcproj", "{2FD48088-A30D-3599-A897-B36B12148959}"
EndProject
Project("{8BC9CEB8-8B4A-11D0-8D11-00A0C91BC942}") = "plot", "plot\plot.vcproj", "{7B3B2C79-2FFD-310C-81B4-D96835700804}"
EndProject
Project("{8BC9CEB8-8B4A-11D0-8D11-00A0C91BC942}") = "randomGenerator", "randomGenerator\randomGenerator.vcproj", "{FD525064-6440-3729-B20C-3255817AD8C0}"
EndProject
Project("{8BC9CEB8-8B4A-11D0-8D11-00A0C91BC942}") = "report", "report\report.vcproj", "{018D1AC8-9F7D-3446-B952-31D0934914A2}"
EndProject
Project("{8BC9CEB8-8B4A-11D0-8D11-00A0C91BC942}") = "sbmlimport", "sbml\sbmlimport.vcproj", "{4FE745D3-24B1-34F0-AC67-3A9D56CC12E0}"
EndProject
Project("{8BC9CEB8-8B4A-11D0-8D11-00A0C91BC942}") = "sbmlunit", "sbmlunit\sbmlunit.vcproj", "{F0FAED19-AA26-39D9-9BFC-6BE4CF2EEC8A}"
EndProject
Project("{8BC9CEB8-8B4A-11D0-8D11-00A0C91BC942}") = "scan", "scan\scan.vcproj", "{9F7E75C6-B879-31B6-8CC4-05EEA4CBA977}"
EndProject
Project("{8BC9CEB8-8B4A-11D0-8D11-00A0C91BC942}") = "sensitivities", "sensitivities\sensitivities.vcproj", "{E8A9AE06-FCE7-3132-93B9-36F14222B683}"
EndProject
Project("{8BC9CEB8-8B4A-11D0-8D11-00A0C91BC942}") = "steadystate", "steadystate\steadystate.vcproj", "{3471043B-1E32-3969-8F3B-B562B4F53606}"
EndProject
Project("{8BC9CEB8-8B4A-11D0-8D11-00A0C91BC942}") = "trajectory", "trajectory\trajectory.vcproj", "{01758461-153D-3094-90EA-62B43108BD9A}"
EndProject
Project("{8BC9CEB8-8B4A-11D0-8D11-00A0C91BC942}") = "tss", "tss\tss.vcproj", "{A228E3A5-69ED-34E7-993C-71E953DDADA5}"
EndProject
Project("{8BC9CEB8-8B4A-11D0-8D11-00A0C91BC942}") = "tssanalysis", "tssanalysis\tssanalysis.vcproj", "{22D10385-418C-3012-B148-47342834FBBB}"
EndProject
Project("{8BC9CEB8-8B4A-11D0-8D11-00A0C91BC942}") = "utilities", "utilities\utilities.vcproj", "{CC4238F6-9E9E-33EA-8D61-5597B4D00E2B}"
EndProject
Project("{8BC9CEB8-8B4A-11D0-8D11-00A0C91BC942}") = "copasiXML", "xml\copasiXML.vcproj", "{E6ABB4EB-8308-355C-9E0D-A6BEBE4A64B5}"
EndProject
Project("{8BC9CEB8-8B4A-11D0-8D11-00A0C91BC942}") = "barChart", "barChart\barChart.vcproj", "{D8D26438-A464-3992-AEF3-8FA5226D0510}"
EndProject
Project("{8BC9CEB8-8B4A-11D0-8D11-00A0C91BC942}") = "layoutUI", "layoutUI\layoutUI.vcproj", "{9F865A1D-1DC8-3F2B-9169-620DCBFD1658}"
EndProject
Project("{8BC9CEB8-8B4A-11D0-8D11-00A0C91BC942}") = "MIRIAMUI", "MIRIAMUI\MIRIAMUI.vcproj", "{68A3A2F0-ECCB-33B5-AD46-FA8B4F6B0A89}"
EndProject
Project("{8BC9CEB8-8B4A-11D0-8D11-00A0C91BC942}") = "plotUI", "plotUI\plotUI.vcproj", "{6653D03B-EA8E-3897-9DA2-A109A4A58C3B}"
EndProject
Project("{8BC9CEB8-8B4A-11D0-8D11-00A0C91BC942}") = "tex", "tex\tex.vcproj", "{D1EF1DC1-99A5-39AC-A358-FA3B9B470E61}"
EndProject
Project("{8BC9CEB8-8B4A-11D0-8D11-00A0C91BC942}") = "wizard", "wizard\wizard.vcproj", "{10033EBC-010C-314A-8858-1929CC4EF8F9}"
EndProject
Project("{8BC9CEB8-8B4A-11D0-8D11-00A0C91BC942}") = "UI", "UI\UI.vcproj", "{4736215A-C941-376F-9B7A-C348C4DCC2E8}"
EndProject
Project("{8BC9CEB8-8B4A-11D0-8D11-00A0C91BC942}") = "CopasiSE", "CopasiSE\CopasiSE.vcproj", "{74941F14-68F9-300B-9FC0-F36A3F1FB53E}"
	ProjectSection(ProjectDependencies) = postProject
		{1DF12503-E979-3D82-847D-7E01C18C408E} = {1DF12503-E979-3D82-847D-7E01C18C408E}
		{06CB9306-2171-3BD9-BCD4-E83ED945B382} = {06CB9306-2171-3BD9-BCD4-E83ED945B382}
		{E8A9AE06-FCE7-3132-93B9-36F14222B683} = {E8A9AE06-FCE7-3132-93B9-36F14222B683}
		{F0FAED19-AA26-39D9-9BFC-6BE4CF2EEC8A} = {F0FAED19-AA26-39D9-9BFC-6BE4CF2EEC8A}
		{9F865A1D-1DC8-3F2B-9169-620DCBFD1658} = {9F865A1D-1DC8-3F2B-9169-620DCBFD1658}
		{C1B9BD25-DFB2-3EDC-8E90-2D1A06367F06} = {C1B9BD25-DFB2-3EDC-8E90-2D1A06367F06}
		{DECA7D2E-EE3D-35D4-8AF9-4A6B53D17F86} = {DECA7D2E-EE3D-35D4-8AF9-4A6B53D17F86}
		{D8D26438-A464-3992-AEF3-8FA5226D0510} = {D8D26438-A464-3992-AEF3-8FA5226D0510}
		{3471043B-1E32-3969-8F3B-B562B4F53606} = {3471043B-1E32-3969-8F3B-B562B4F53606}
		{8B829F4A-38CA-39F3-95D4-14B9F33EB063} = {8B829F4A-38CA-39F3-95D4-14B9F33EB063}
		{01758461-153D-3094-90EA-62B43108BD9A} = {01758461-153D-3094-90EA-62B43108BD9A}
		{FD525064-6440-3729-B20C-3255817AD8C0} = {FD525064-6440-3729-B20C-3255817AD8C0}
		{7B3B2C79-2FFD-310C-81B4-D96835700804} = {7B3B2C79-2FFD-310C-81B4-D96835700804}
		{4F3EDB7E-289C-3FAD-BFD2-7C0C9570A3E5} = {4F3EDB7E-289C-3FAD-BFD2-7C0C9570A3E5}
		{22D10385-418C-3012-B148-47342834FBBB} = {22D10385-418C-3012-B148-47342834FBBB}
		{2FD48088-A30D-3599-A897-B36B12148959} = {2FD48088-A30D-3599-A897-B36B12148959}
		{E156BF93-D3D2-3A32-82A0-1D0815A5E710} = {E156BF93-D3D2-3A32-82A0-1D0815A5E710}
		{A7C4929D-F3D6-35A1-82E6-94EA8E91085F} = {A7C4929D-F3D6-35A1-82E6-94EA8E91085F}
		{E277C4A4-4D8E-38FD-8491-A5457BB8350B} = {E277C4A4-4D8E-38FD-8491-A5457BB8350B}
		{A228E3A5-69ED-34E7-993C-71E953DDADA5} = {A228E3A5-69ED-34E7-993C-71E953DDADA5}
		{10033EBC-010C-314A-8858-1929CC4EF8F9} = {10033EBC-010C-314A-8858-1929CC4EF8F9}
		{D1EF1DC1-99A5-39AC-A358-FA3B9B470E61} = {D1EF1DC1-99A5-39AC-A358-FA3B9B470E61}
		{EBC56BC3-B9F3-3F48-9672-A21A0E8BACF5} = {EBC56BC3-B9F3-3F48-9672-A21A0E8BACF5}
		{9F7E75C6-B879-31B6-8CC4-05EEA4CBA977} = {9F7E75C6-B879-31B6-8CC4-05EEA4CBA977}
		{018D1AC8-9F7D-3446-B952-31D0934914A2} = {018D1AC8-9F7D-3446-B952-31D0934914A2}
		{4FE745D3-24B1-34F0-AC67-3A9D56CC12E0} = {4FE745D3-24B1-34F0-AC67-3A9D56CC12E0}
		{6C1D2DD9-640B-306B-B62F-94B22AB90AAE} = {6C1D2DD9-640B-306B-B62F-94B22AB90AAE}
		{E6ABB4EB-8308-355C-9E0D-A6BEBE4A64B5} = {E6ABB4EB-8308-355C-9E0D-A6BEBE4A64B5}
		{68A3A2F0-ECCB-33B5-AD46-FA8B4F6B0A89} = {68A3A2F0-ECCB-33B5-AD46-FA8B4F6B0A89}
		{CC4238F6-9E9E-33EA-8D61-5597B4D00E2B} = {CC4238F6-9E9E-33EA-8D61-5597B4D00E2B}
		{41CC24FA-6F4B-3965-A660-F1461FA3CC4C} = {41CC24FA-6F4B-3965-A660-F1461FA3CC4C}
		{99A9ABFB-D1E5-37FA-A5A5-32F8C7D807F8} = {99A9ABFB-D1E5-37FA-A5A5-32F8C7D807F8}
	EndProjectSection
EndProject
Project("{8BC9CEB8-8B4A-11D0-8D11-00A0C91BC942}") = "CopasiUI", "CopasiUI\CopasiUI.vcproj", "{710AE585-895F-3F07-80A4-860D3703BD49}"
	ProjectSection(ProjectDependencies) = postProject
		{1DF12503-E979-3D82-847D-7E01C18C408E} = {1DF12503-E979-3D82-847D-7E01C18C408E}
		{06CB9306-2171-3BD9-BCD4-E83ED945B382} = {06CB9306-2171-3BD9-BCD4-E83ED945B382}
		{E8A9AE06-FCE7-3132-93B9-36F14222B683} = {E8A9AE06-FCE7-3132-93B9-36F14222B683}
		{74941F14-68F9-300B-9FC0-F36A3F1FB53E} = {74941F14-68F9-300B-9FC0-F36A3F1FB53E}
		{F0FAED19-AA26-39D9-9BFC-6BE4CF2EEC8A} = {F0FAED19-AA26-39D9-9BFC-6BE4CF2EEC8A}
		{9F865A1D-1DC8-3F2B-9169-620DCBFD1658} = {9F865A1D-1DC8-3F2B-9169-620DCBFD1658}
		{C1B9BD25-DFB2-3EDC-8E90-2D1A06367F06} = {C1B9BD25-DFB2-3EDC-8E90-2D1A06367F06}
		{DECA7D2E-EE3D-35D4-8AF9-4A6B53D17F86} = {DECA7D2E-EE3D-35D4-8AF9-4A6B53D17F86}
		{D8D26438-A464-3992-AEF3-8FA5226D0510} = {D8D26438-A464-3992-AEF3-8FA5226D0510}
		{3471043B-1E32-3969-8F3B-B562B4F53606} = {3471043B-1E32-3969-8F3B-B562B4F53606}
		{6653D03B-EA8E-3897-9DA2-A109A4A58C3B} = {6653D03B-EA8E-3897-9DA2-A109A4A58C3B}
		{8B829F4A-38CA-39F3-95D4-14B9F33EB063} = {8B829F4A-38CA-39F3-95D4-14B9F33EB063}
		{4736215A-C941-376F-9B7A-C348C4DCC2E8} = {4736215A-C941-376F-9B7A-C348C4DCC2E8}
		{01758461-153D-3094-90EA-62B43108BD9A} = {01758461-153D-3094-90EA-62B43108BD9A}
		{FD525064-6440-3729-B20C-3255817AD8C0} = {FD525064-6440-3729-B20C-3255817AD8C0}
		{7B3B2C79-2FFD-310C-81B4-D96835700804} = {7B3B2C79-2FFD-310C-81B4-D96835700804}
		{4F3EDB7E-289C-3FAD-BFD2-7C0C9570A3E5} = {4F3EDB7E-289C-3FAD-BFD2-7C0C9570A3E5}
		{22D10385-418C-3012-B148-47342834FBBB} = {22D10385-418C-3012-B148-47342834FBBB}
		{2FD48088-A30D-3599-A897-B36B12148959} = {2FD48088-A30D-3599-A897-B36B12148959}
		{E156BF93-D3D2-3A32-82A0-1D0815A5E710} = {E156BF93-D3D2-3A32-82A0-1D0815A5E710}
		{A7C4929D-F3D6-35A1-82E6-94EA8E91085F} = {A7C4929D-F3D6-35A1-82E6-94EA8E91085F}
		{E277C4A4-4D8E-38FD-8491-A5457BB8350B} = {E277C4A4-4D8E-38FD-8491-A5457BB8350B}
		{A228E3A5-69ED-34E7-993C-71E953DDADA5} = {A228E3A5-69ED-34E7-993C-71E953DDADA5}
		{10033EBC-010C-314A-8858-1929CC4EF8F9} = {10033EBC-010C-314A-8858-1929CC4EF8F9}
		{D1EF1DC1-99A5-39AC-A358-FA3B9B470E61} = {D1EF1DC1-99A5-39AC-A358-FA3B9B470E61}
		{EBC56BC3-B9F3-3F48-9672-A21A0E8BACF5} = {EBC56BC3-B9F3-3F48-9672-A21A0E8BACF5}
		{9F7E75C6-B879-31B6-8CC4-05EEA4CBA977} = {9F7E75C6-B879-31B6-8CC4-05EEA4CBA977}
		{018D1AC8-9F7D-3446-B952-31D0934914A2} = {018D1AC8-9F7D-3446-B952-31D0934914A2}
		{4FE745D3-24B1-34F0-AC67-3A9D56CC12E0} = {4FE745D3-24B1-34F0-AC67-3A9D56CC12E0}
		{6C1D2DD9-640B-306B-B62F-94B22AB90AAE} = {6C1D2DD9-640B-306B-B62F-94B22AB90AAE}
		{E6ABB4EB-8308-355C-9E0D-A6BEBE4A64B5} = {E6ABB4EB-8308-355C-9E0D-A6BEBE4A64B5}
		{68A3A2F0-ECCB-33B5-AD46-FA8B4F6B0A89} = {68A3A2F0-ECCB-33B5-AD46-FA8B4F6B0A89}
		{CC4238F6-9E9E-33EA-8D61-5597B4D00E2B} = {CC4238F6-9E9E-33EA-8D61-5597B4D00E2B}
		{41CC24FA-6F4B-3965-A660-F1461FA3CC4C} = {41CC24FA-6F4B-3965-A660-F1461FA3CC4C}
		{99A9ABFB-D1E5-37FA-A5A5-32F8C7D807F8} = {99A9ABFB-D1E5-37FA-A5A5-32F8C7D807F8}
	EndProjectSection
EndProject
Project("{8BC9CEB8-8B4A-11D0-8D11-00A0C91BC942}") = "tinyxml_lib", "C:\Developer\eclipse\workspace\numerics\tinyxml\tinyxml_lib.vcproj", "{C406DAEC-0886-4771-8DEA-9D7329B46CC1}"
EndProject
Project("{8BC9CEB8-8B4A-11D0-8D11-00A0C91BC942}") = "vcellCopasiOptDriver", "C:\Developer\eclipse\workspace\numerics\vcellCopasiOptDriver\vcellCopasiOptDriver.vcproj", "{6BB7D08F-1356-4A69-BA6F-1EECD853D460}"
	ProjectSection(ProjectDependencies) = postProject
		{1DF12503-E979-3D82-847D-7E01C18C408E} = {1DF12503-E979-3D82-847D-7E01C18C408E}
		{06CB9306-2171-3BD9-BCD4-E83ED945B382} = {06CB9306-2171-3BD9-BCD4-E83ED945B382}
		{E8A9AE06-FCE7-3132-93B9-36F14222B683} = {E8A9AE06-FCE7-3132-93B9-36F14222B683}
		{F0FAED19-AA26-39D9-9BFC-6BE4CF2EEC8A} = {F0FAED19-AA26-39D9-9BFC-6BE4CF2EEC8A}
		{C1B9BD25-DFB2-3EDC-8E90-2D1A06367F06} = {C1B9BD25-DFB2-3EDC-8E90-2D1A06367F06}
		{DECA7D2E-EE3D-35D4-8AF9-4A6B53D17F86} = {DECA7D2E-EE3D-35D4-8AF9-4A6B53D17F86}
		{D8D26438-A464-3992-AEF3-8FA5226D0510} = {D8D26438-A464-3992-AEF3-8FA5226D0510}
		{3471043B-1E32-3969-8F3B-B562B4F53606} = {3471043B-1E32-3969-8F3B-B562B4F53606}
		{8B829F4A-38CA-39F3-95D4-14B9F33EB063} = {8B829F4A-38CA-39F3-95D4-14B9F33EB063}
		{01758461-153D-3094-90EA-62B43108BD9A} = {01758461-153D-3094-90EA-62B43108BD9A}
		{FD525064-6440-3729-B20C-3255817AD8C0} = {FD525064-6440-3729-B20C-3255817AD8C0}
		{7B3B2C79-2FFD-310C-81B4-D96835700804} = {7B3B2C79-2FFD-310C-81B4-D96835700804}
		{4F3EDB7E-289C-3FAD-BFD2-7C0C9570A3E5} = {4F3EDB7E-289C-3FAD-BFD2-7C0C9570A3E5}
		{22D10385-418C-3012-B148-47342834FBBB} = {22D10385-418C-3012-B148-47342834FBBB}
		{2FD48088-A30D-3599-A897-B36B12148959} = {2FD48088-A30D-3599-A897-B36B12148959}
		{E156BF93-D3D2-3A32-82A0-1D0815A5E710} = {E156BF93-D3D2-3A32-82A0-1D0815A5E710}
		{A7C4929D-F3D6-35A1-82E6-94EA8E91085F} = {A7C4929D-F3D6-35A1-82E6-94EA8E91085F}
		{E277C4A4-4D8E-38FD-8491-A5457BB8350B} = {E277C4A4-4D8E-38FD-8491-A5457BB8350B}
		{A228E3A5-69ED-34E7-993C-71E953DDADA5} = {A228E3A5-69ED-34E7-993C-71E953DDADA5}
		{10033EBC-010C-314A-8858-1929CC4EF8F9} = {10033EBC-010C-314A-8858-1929CC4EF8F9}
		{D1EF1DC1-99A5-39AC-A358-FA3B9B470E61} = {D1EF1DC1-99A5-39AC-A358-FA3B9B470E61}
		{EBC56BC3-B9F3-3F48-9672-A21A0E8BACF5} = {EBC56BC3-B9F3-3F48-9672-A21A0E8BACF5}
		{9F7E75C6-B879-31B6-8CC4-05EEA4CBA977} = {9F7E75C6-B879-31B6-8CC4-05EEA4CBA977}
		{018D1AC8-9F7D-3446-B952-31D0934914A2} = {018D1AC8-9F7D-3446-B952-31D0934914A2}
		{4FE745D3-24B1-34F0-AC67-3A9D56CC12E0} = {4FE745D3-24B1-34F0-AC67-3A9D56CC12E0}
		{6C1D2DD9-640B-306B-B62F-94B22AB90AAE} = {6C1D2DD9-640B-306B-B62F-94B22AB90AAE}
		{E6ABB4EB-8308-355C-9E0D-A6BEBE4A64B5} = {E6ABB4EB-8308-355C-9E0D-A6BEBE4A64B5}
		{C406DAEC-0886-4771-8DEA-9D7329B46CC1} = {C406DAEC-0886-4771-8DEA-9D7329B46CC1}
		{CC4238F6-9E9E-33EA-8D61-5597B4D00E2B} = {CC4238F6-9E9E-33EA-8D61-5597B4D00E2B}
		{41CC24FA-6F4B-3965-A660-F1461FA3CC4C} = {41CC24FA-6F4B-3965-A660-F1461FA3CC4C}
		{99A9ABFB-D1E5-37FA-A5A5-32F8C7D807F8} = {99A9ABFB-D1E5-37FA-A5A5-32F8C7D807F8}
	EndProjectSection
EndProject
Global
	GlobalSection(SolutionConfigurationPlatforms) = preSolution
		Debug|Win32 = Debug|Win32
		Release|Win32 = Release|Win32
	EndGlobalSection
	GlobalSection(ProjectConfigurationPlatforms) = postSolution
		{1DF12503-E979-3D82-847D-7E01C18C408E}.Debug|Win32.ActiveCfg = Debug|Win32
		{1DF12503-E979-3D82-847D-7E01C18C408E}.Debug|Win32.Build.0 = Debug|Win32
		{1DF12503-E979-3D82-847D-7E01C18C408E}.Release|Win32.ActiveCfg = Release|Win32
		{1DF12503-E979-3D82-847D-7E01C18C408E}.Release|Win32.Build.0 = Release|Win32
		{06CB9306-2171-3BD9-BCD4-E83ED945B382}.Debug|Win32.ActiveCfg = Debug|Win32
		{06CB9306-2171-3BD9-BCD4-E83ED945B382}.Debug|Win32.Build.0 = Debug|Win32
		{06CB9306-2171-3BD9-BCD4-E83ED945B382}.Release|Win32.ActiveCfg = Release|Win32
		{06CB9306-2171-3BD9-BCD4-E83ED945B382}.Release|Win32.Build.0 = Release|Win32
		{A7C4929D-F3D6-35A1-82E6-94EA8E91085F}.Debug|Win32.ActiveCfg = Debug|Win32
		{A7C4929D-F3D6-35A1-82E6-94EA8E91085F}.Debug|Win32.Build.0 = Debug|Win32
		{A7C4929D-F3D6-35A1-82E6-94EA8E91085F}.Release|Win32.ActiveCfg = Release|Win32
		{A7C4929D-F3D6-35A1-82E6-94EA8E91085F}.Release|Win32.Build.0 = Release|Win32
		{41CC24FA-6F4B-3965-A660-F1461FA3CC4C}.Debug|Win32.ActiveCfg = Debug|Win32
		{41CC24FA-6F4B-3965-A660-F1461FA3CC4C}.Debug|Win32.Build.0 = Debug|Win32
		{41CC24FA-6F4B-3965-A660-F1461FA3CC4C}.Release|Win32.ActiveCfg = Release|Win32
		{41CC24FA-6F4B-3965-A660-F1461FA3CC4C}.Release|Win32.Build.0 = Release|Win32
		{E277C4A4-4D8E-38FD-8491-A5457BB8350B}.Debug|Win32.ActiveCfg = Debug|Win32
		{E277C4A4-4D8E-38FD-8491-A5457BB8350B}.Debug|Win32.Build.0 = Debug|Win32
		{E277C4A4-4D8E-38FD-8491-A5457BB8350B}.Release|Win32.ActiveCfg = Release|Win32
		{E277C4A4-4D8E-38FD-8491-A5457BB8350B}.Release|Win32.Build.0 = Release|Win32
		{DECA7D2E-EE3D-35D4-8AF9-4A6B53D17F86}.Debug|Win32.ActiveCfg = Debug|Win32
		{DECA7D2E-EE3D-35D4-8AF9-4A6B53D17F86}.Debug|Win32.Build.0 = Debug|Win32
		{DECA7D2E-EE3D-35D4-8AF9-4A6B53D17F86}.Release|Win32.ActiveCfg = Release|Win32
		{DECA7D2E-EE3D-35D4-8AF9-4A6B53D17F86}.Release|Win32.Build.0 = Release|Win32
		{E156BF93-D3D2-3A32-82A0-1D0815A5E710}.Debug|Win32.ActiveCfg = Debug|Win32
		{E156BF93-D3D2-3A32-82A0-1D0815A5E710}.Debug|Win32.Build.0 = Debug|Win32
		{E156BF93-D3D2-3A32-82A0-1D0815A5E710}.Release|Win32.ActiveCfg = Release|Win32
		{E156BF93-D3D2-3A32-82A0-1D0815A5E710}.Release|Win32.Build.0 = Release|Win32
		{EBC56BC3-B9F3-3F48-9672-A21A0E8BACF5}.Debug|Win32.ActiveCfg = Debug|Win32
		{EBC56BC3-B9F3-3F48-9672-A21A0E8BACF5}.Debug|Win32.Build.0 = Debug|Win32
		{EBC56BC3-B9F3-3F48-9672-A21A0E8BACF5}.Release|Win32.ActiveCfg = Release|Win32
		{EBC56BC3-B9F3-3F48-9672-A21A0E8BACF5}.Release|Win32.Build.0 = Release|Win32
		{C1B9BD25-DFB2-3EDC-8E90-2D1A06367F06}.Debug|Win32.ActiveCfg = Debug|Win32
		{C1B9BD25-DFB2-3EDC-8E90-2D1A06367F06}.Debug|Win32.Build.0 = Debug|Win32
		{C1B9BD25-DFB2-3EDC-8E90-2D1A06367F06}.Release|Win32.ActiveCfg = Release|Win32
		{C1B9BD25-DFB2-3EDC-8E90-2D1A06367F06}.Release|Win32.Build.0 = Release|Win32
		{4F3EDB7E-289C-3FAD-BFD2-7C0C9570A3E5}.Debug|Win32.ActiveCfg = Debug|Win32
		{4F3EDB7E-289C-3FAD-BFD2-7C0C9570A3E5}.Debug|Win32.Build.0 = Debug|Win32
		{4F3EDB7E-289C-3FAD-BFD2-7C0C9570A3E5}.Release|Win32.ActiveCfg = Release|Win32
		{4F3EDB7E-289C-3FAD-BFD2-7C0C9570A3E5}.Release|Win32.Build.0 = Release|Win32
		{6C1D2DD9-640B-306B-B62F-94B22AB90AAE}.Debug|Win32.ActiveCfg = Debug|Win32
		{6C1D2DD9-640B-306B-B62F-94B22AB90AAE}.Debug|Win32.Build.0 = Debug|Win32
		{6C1D2DD9-640B-306B-B62F-94B22AB90AAE}.Release|Win32.ActiveCfg = Release|Win32
		{6C1D2DD9-640B-306B-B62F-94B22AB90AAE}.Release|Win32.Build.0 = Release|Win32
		{8B829F4A-38CA-39F3-95D4-14B9F33EB063}.Debug|Win32.ActiveCfg = Debug|Win32
		{8B829F4A-38CA-39F3-95D4-14B9F33EB063}.Debug|Win32.Build.0 = Debug|Win32
		{8B829F4A-38CA-39F3-95D4-14B9F33EB063}.Release|Win32.ActiveCfg = Release|Win32
		{8B829F4A-38CA-39F3-95D4-14B9F33EB063}.Release|Win32.Build.0 = Release|Win32
		{99A9ABFB-D1E5-37FA-A5A5-32F8C7D807F8}.Debug|Win32.ActiveCfg = Debug|Win32
		{99A9ABFB-D1E5-37FA-A5A5-32F8C7D807F8}.Debug|Win32.Build.0 = Debug|Win32
		{99A9ABFB-D1E5-37FA-A5A5-32F8C7D807F8}.Release|Win32.ActiveCfg = Release|Win32
		{99A9ABFB-D1E5-37FA-A5A5-32F8C7D807F8}.Release|Win32.Build.0 = Release|Win32
		{2FD48088-A30D-3599-A897-B36B12148959}.Debug|Win32.ActiveCfg = Debug|Win32
		{2FD48088-A30D-3599-A897-B36B12148959}.Debug|Win32.Build.0 = Debug|Win32
		{2FD48088-A30D-3599-A897-B36B12148959}.Release|Win32.ActiveCfg = Release|Win32
		{2FD48088-A30D-3599-A897-B36B12148959}.Release|Win32.Build.0 = Release|Win32
		{7B3B2C79-2FFD-310C-81B4-D96835700804}.Debug|Win32.ActiveCfg = Debug|Win32
		{7B3B2C79-2FFD-310C-81B4-D96835700804}.Debug|Win32.Build.0 = Debug|Win32
		{7B3B2C79-2FFD-310C-81B4-D96835700804}.Release|Win32.ActiveCfg = Release|Win32
		{7B3B2C79-2FFD-310C-81B4-D96835700804}.Release|Win32.Build.0 = Release|Win32
		{FD525064-6440-3729-B20C-3255817AD8C0}.Debug|Win32.ActiveCfg = Debug|Win32
		{FD525064-6440-3729-B20C-3255817AD8C0}.Debug|Win32.Build.0 = Debug|Win32
		{FD525064-6440-3729-B20C-3255817AD8C0}.Release|Win32.ActiveCfg = Release|Win32
		{FD525064-6440-3729-B20C-3255817AD8C0}.Release|Win32.Build.0 = Release|Win32
		{018D1AC8-9F7D-3446-B952-31D0934914A2}.Debug|Win32.ActiveCfg = Debug|Win32
		{018D1AC8-9F7D-3446-B952-31D0934914A2}.Debug|Win32.Build.0 = Debug|Win32
		{018D1AC8-9F7D-3446-B952-31D0934914A2}.Release|Win32.ActiveCfg = Release|Win32
		{018D1AC8-9F7D-3446-B952-31D0934914A2}.Release|Win32.Build.0 = Release|Win32
		{4FE745D3-24B1-34F0-AC67-3A9D56CC12E0}.Debug|Win32.ActiveCfg = Debug|Win32
		{4FE745D3-24B1-34F0-AC67-3A9D56CC12E0}.Debug|Win32.Build.0 = Debug|Win32
		{4FE745D3-24B1-34F0-AC67-3A9D56CC12E0}.Release|Win32.ActiveCfg = Release|Win32
		{4FE745D3-24B1-34F0-AC67-3A9D56CC12E0}.Release|Win32.Build.0 = Release|Win32
		{F0FAED19-AA26-39D9-9BFC-6BE4CF2EEC8A}.Debug|Win32.ActiveCfg = Debug|Win32
		{F0FAED19-AA26-39D9-9BFC-6BE4CF2EEC8A}.Debug|Win32.Build.0 = Debug|Win32
		{F0FAED19-AA26-39D9-9BFC-6BE4CF2EEC8A}.Release|Win32.ActiveCfg = Release|Win32
		{F0FAED19-AA26-39D9-9BFC-6BE4CF2EEC8A}.Release|Win32.Build.0 = Release|Win32
		{9F7E75C6-B879-31B6-8CC4-05EEA4CBA977}.Debug|Win32.ActiveCfg = Debug|Win32
		{9F7E75C6-B879-31B6-8CC4-05EEA4CBA977}.Debug|Win32.Build.0 = Debug|Win32
		{9F7E75C6-B879-31B6-8CC4-05EEA4CBA977}.Release|Win32.ActiveCfg = Release|Win32
		{9F7E75C6-B879-31B6-8CC4-05EEA4CBA977}.Release|Win32.Build.0 = Release|Win32
		{E8A9AE06-FCE7-3132-93B9-36F14222B683}.Debug|Win32.ActiveCfg = Debug|Win32
		{E8A9AE06-FCE7-3132-93B9-36F14222B683}.Debug|Win32.Build.0 = Debug|Win32
		{E8A9AE06-FCE7-3132-93B9-36F14222B683}.Release|Win32.ActiveCfg = Release|Win32
		{E8A9AE06-FCE7-3132-93B9-36F14222B683}.Release|Win32.Build.0 = Release|Win32
		{3471043B-1E32-3969-8F3B-B562B4F53606}.Debug|Win32.ActiveCfg = Debug|Win32
		{3471043B-1E32-3969-8F3B-B562B4F53606}.Debug|Win32.Build.0 = Debug|Win32
		{3471043B-1E32-3969-8F3B-B562B4F53606}.Release|Win32.ActiveCfg = Release|Win32
		{3471043B-1E32-3969-8F3B-B562B4F53606}.Release|Win32.Build.0 = Release|Win32
		{01758461-153D-3094-90EA-62B43108BD9A}.Debug|Win32.ActiveCfg = Debug|Win32
		{01758461-153D-3094-90EA-62B43108BD9A}.Debug|Win32.Build.0 = Debug|Win32
		{01758461-153D-3094-90EA-62B43108BD9A}.Release|Win32.ActiveCfg = Release|Win32
		{01758461-153D-3094-90EA-62B43108BD9A}.Release|Win32.Build.0 = Release|Win32
		{A228E3A5-69ED-34E7-993C-71E953DDADA5}.Debug|Win32.ActiveCfg = Debug|Win32
		{A228E3A5-69ED-34E7-993C-71E953DDADA5}.Debug|Win32.Build.0 = Debug|Win32
		{A228E3A5-69ED-34E7-993C-71E953DDADA5}.Release|Win32.ActiveCfg = Release|Win32
		{A228E3A5-69ED-34E7-993C-71E953DDADA5}.Release|Win32.Build.0 = Release|Win32
		{22D10385-418C-3012-B148-47342834FBBB}.Debug|Win32.ActiveCfg = Debug|Win32
		{22D10385-418C-3012-B148-47342834FBBB}.Debug|Win32.Build.0 = Debug|Win32
		{22D10385-418C-3012-B148-47342834FBBB}.Release|Win32.ActiveCfg = Release|Win32
		{22D10385-418C-3012-B148-47342834FBBB}.Release|Win32.Build.0 = Release|Win32
		{CC4238F6-9E9E-33EA-8D61-5597B4D00E2B}.Debug|Win32.ActiveCfg = Debug|Win32
		{CC4238F6-9E9E-33EA-8D61-5597B4D00E2B}.Debug|Win32.Build.0 = Debug|Win32
		{CC4238F6-9E9E-33EA-8D61-5597B4D00E2B}.Release|Win32.ActiveCfg = Release|Win32
		{CC4238F6-9E9E-33EA-8D61-5597B4D00E2B}.Release|Win32.Build.0 = Release|Win32
		{E6ABB4EB-8308-355C-9E0D-A6BEBE4A64B5}.Debug|Win32.ActiveCfg = Debug|Win32
		{E6ABB4EB-8308-355C-9E0D-A6BEBE4A64B5}.Debug|Win32.Build.0 = Debug|Win32
		{E6ABB4EB-8308-355C-9E0D-A6BEBE4A64B5}.Release|Win32.ActiveCfg = Release|Win32
		{E6ABB4EB-8308-355C-9E0D-A6BEBE4A64B5}.Release|Win32.Build.0 = Release|Win32
		{D8D26438-A464-3992-AEF3-8FA5226D0510}.Debug|Win32.ActiveCfg = Debug|Win32
		{D8D26438-A464-3992-AEF3-8FA5226D0510}.Debug|Win32.Build.0 = Debug|Win32
		{D8D26438-A464-3992-AEF3-8FA5226D0510}.Release|Win32.ActiveCfg = Release|Win32
		{D8D26438-A464-3992-AEF3-8FA5226D0510}.Release|Win32.Build.0 = Release|Win32
		{9F865A1D-1DC8-3F2B-9169-620DCBFD1658}.Debug|Win32.ActiveCfg = Debug|Win32
		{9F865A1D-1DC8-3F2B-9169-620DCBFD1658}.Debug|Win32.Build.0 = Debug|Win32
		{9F865A1D-1DC8-3F2B-9169-620DCBFD1658}.Release|Win32.ActiveCfg = Release|Win32
		{9F865A1D-1DC8-3F2B-9169-620DCBFD1658}.Release|Win32.Build.0 = Release|Win32
		{68A3A2F0-ECCB-33B5-AD46-FA8B4F6B0A89}.Debug|Win32.ActiveCfg = Debug|Win32
		{68A3A2F0-ECCB-33B5-AD46-FA8B4F6B0A89}.Debug|Win32.Build.0 = Debug|Win32
		{68A3A2F0-ECCB-33B5-AD46-FA8B4F6B0A89}.Release|Win32.ActiveCfg = Release|Win32
		{68A3A2F0-ECCB-33B5-AD46-FA8B4F6B0A89}.Release|Win32.Build.0 = Release|Win32
		{6653D03B-EA8E-3897-9DA2-A109A4A58C3B}.Debug|Win32.ActiveCfg = Debug|Win32
		{6653D03B-EA8E-3897-9DA2-A109A4A58C3B}.Debug|Win32.Build.0 = Debug|Win32
		{6653D03B-EA8E-3897-9DA2-A109A4A58C3B}.Release|Win32.ActiveCfg = Release|Win32
		{6653D03B-EA8E-3897-9DA2-A109A4A58C3B}.Release|Win32.Build.0 = Release|Win32
		{D1EF1DC1-99A5-39AC-A358-FA3B9B470E61}.Debug|Win32.ActiveCfg = Debug|Win32
		{D1EF1DC1-99A5-39AC-A358-FA3B9B470E61}.Debug|Win32.Build.0 = Debug|Win32
		{D1EF1DC1-99A5-39AC-A358-FA3B9B470E61}.Release|Win32.ActiveCfg = Release|Win32
		{D1EF1DC1-99A5-39AC-A358-FA3B9B470E61}.Release|Win32.Build.0 = Release|Win32
		{10033EBC-010C-314A-8858-1929CC4EF8F9}.Debug|Win32.ActiveCfg = Debug|Win32
		{10033EBC-010C-314A-8858-1929CC4EF8F9}.Debug|Win32.Build.0 = Debug|Win32
		{10033EBC-010C-314A-8858-1929CC4EF8F9}.Release|Win32.ActiveCfg = Release|Win32
		{10033EBC-010C-314A-8858-1929CC4EF8F9}.Release|Win32.Build.0 = Release|Win32
		{4736215A-C941-376F-9B7A-C348C4DCC2E8}.Debug|Win32.ActiveCfg = Debug|Win32
		{4736215A-C941-376F-9B7A-C348C4DCC2E8}.Debug|Win32.Build.0 = Debug|Win32
		{4736215A-C941-376F-9B7A-C348C4DCC2E8}.Release|Win32.ActiveCfg = Release|Win32
		{4736215A-C941-376F-9B7A-C348C4DCC2E8}.Release|Win32.Build.0 = Release|Win32
		{74941F14-68F9-300B-9FC0-F36A3F1FB53E}.Debug|Win32.ActiveCfg = Debug|Win32
		{74941F14-68F9-300B-9FC0-F36A3F1FB53E}.Debug|Win32.Build.0 = Debug|Win32
		{74941F14-68F9-300B-9FC0-F36A3F1FB53E}.Release|Win32.ActiveCfg = Release|Win32
		{74941F14-68F9-300B-9FC0-F36A3F1FB53E}.Release|Win32.Build.0 = Release|Win32
		{710AE585-895F-3F07-80A4-860D3703BD49}.Debug|Win32.ActiveCfg = Debug|Win32
		{710AE585-895F-3F07-80A4-860D3703BD49}.Debug|Win32.Build.0 = Debug|Win32
		{710AE585-895F-3F07-80A4-860D3703BD49}.Release|Win32.ActiveCfg = Release|Win32
		{710AE585-895F-3F07-80A4-860D3703BD49}.Release|Win32.Build.0 = Release|Win32
		{C406DAEC-0886-4771-8DEA-9D7329B46CC1}.Debug|Win32.ActiveCfg = Debug|Win32
		{C406DAEC-0886-4771-8DEA-9D7329B46CC1}.Debug|Win32.Build.0 = Debug|Win32
		{C406DAEC-0886-4771-8DEA-9D7329B46CC1}.Release|Win32.ActiveCfg = Release|Win32
		{C406DAEC-0886-4771-8DEA-9D7329B46CC1}.Release|Win32.Build.0 = Release|Win32
		{6BB7D08F-1356-4A69-BA6F-1EECD853D460}.Debug|Win32.ActiveCfg = Debug|Win32
		{6BB7D08F-1356-4A69-BA6F-1EECD853D460}.Debug|Win32.Build.0 = Debug|Win32
		{6BB7D08F-1356-4A69-BA6F-1EECD853D460}.Release|Win32.ActiveCfg = Release|Win32
		{6BB7D08F-1356-4A69-BA6F-1EECD853D460}.Release|Win32.Build.0 = Release|Win32
	EndGlobalSection
	GlobalSection(SolutionProperties) = preSolution
		HideSolutionNode = FALSE
	EndGlobalSection
EndGlobal
